{
  "version": 4,
  "terraform_version": "1.12.0",
  "serial": 6,
  "lineage": "1f1198ec-63c6-66ca-9961-a7e687179f31",
  "outputs": {},
  "resources": [
    {
      "mode": "managed",
      "type": "local_file",
      "name": "password",
      "provider": "provider[\"registry.terraform.io/hashicorp/local\"]",
      "instances": [
        {
          "schema_version": 0,
          "attributes": {
            "content": "QPHNQIPUHF",
            "content_base64": null,
            "content_base64sha256": "SvOxuHeq1xH4CcszZkAZ1bfNfgvQUkkXXUp8znFNf6s=",
            "content_base64sha512": "yY/44XnWDQZqvCTDwY1EQ9IFF28QPyKabvyGPoY9L1LMFKj+2L5M3s4fiDZh9AL/58rB+hqI5fvvSUthbIE6pw==",
            "content_md5": "3b77c7e04b0cdadae3be577a101407f1",
            "content_sha1": "60a38f6817bac9973a5581700a056fceef6ec073",
            "content_sha256": "4af3b1b877aad711f809cb33664019d5b7cd7e0bd05249175d4a7cce714d7fab",
            "content_sha512": "c98ff8e179d60d066abc24c3c18d4443d205176f103f229a6efc863e863d2f52cc14a8fed8be4cdece1f883661f402ffe7cac1fa1a88e5fbef494b616c813aa7",
            "directory_permission": "0777",
            "file_permission": "0777",
            "filename": "password.txt",
            "id": "60a38f6817bac9973a5581700a056fceef6ec073",
            "sensitive_content": null,
            "source": null
          },
          "sensitive_attributes": [
            [
              {
                "type": "get_attr",
                "value": "sensitive_content"
              }
            ]
          ],
          "identity_schema_version": 0,
          "dependencies": [
            "random_string.iac_random"
          ]
        }
      ]
    },
    {
      "mode": "managed",
      "type": "random_string",
      "name": "iac_random",
      "provider": "provider[\"registry.terraform.io/hashicorp/random\"]",
      "instances": [
        {
          "schema_version": 2,
          "attributes": {
            "id": "QPHNQIPUHF",
            "keepers": null,
            "length": 10,
            "lower": true,
            "min_lower": 0,
            "min_numeric": 0,
            "min_special": 0,
            "min_upper": 5,
            "number": true,
            "numeric": true,
            "override_special": null,
            "result": "QPHNQIPUHF",
            "special": true,
            "upper": true
          },
          "sensitive_attributes": [],
          "identity_schema_version": 0
        }
      ]
    }
  ],
  "check_results": null
}
