{
  "version": 4,
  "terraform_version": "1.12.0",
  "serial": 1,
  "lineage": "d8f0325e-58e3-baf7-c742-33bf193784e1",
  "outputs": {
    "archivo": {
      "value": "Este es mi primer módulo",
      "type": "string"
    }
  },
  "resources": [
    {
      "module": "module.file-module",
      "mode": "managed",
      "type": "local_file",
      "name": "module-demo",
      "provider": "provider[\"registry.terraform.io/hashicorp/local\"]",
      "instances": [
        {
          "schema_version": 0,
          "attributes": {
            "content": "Este es mi primer módulo",
            "content_base64": null,
            "content_base64sha256": "CuyA1JXFH35LcnW2CYwuTxnf9Z+vD6Or44VJc5rXpBc=",
            "content_base64sha512": "611GkAJBHKa1UnqFtgMzxymWzqqsWcm3/bkgIcjpthp4ramMWL3lKbPsFNUd9iJv07xbyVy4H7nF+2E8lOFbTg==",
            "content_md5": "ee37a855481f1e71da65e150e7d1a726",
            "content_sha1": "44be640597c61eba1c0075bb994c4fa683472875",
            "content_sha256": "0aec80d495c51f7e4b7275b6098c2e4f19dff59faf0fa3abe38549739ad7a417",
            "content_sha512": "eb5d469002411ca6b5527a85b60333c72996ceaaac59c9b7fdb92021c8e9b61a78ada98c58bde529b3ec14d51df6226fd3bc5bc95cb81fb9c5fb613c94e15b4e",
            "directory_permission": "0777",
            "file_permission": "0777",
            "filename": "test.txt",
            "id": "44be640597c61eba1c0075bb994c4fa683472875",
            "sensitive_content": null,
            "source": null
          },
          "sensitive_attributes": [
            [
              {
                "type": "get_attr",
                "value": "sensitive_content"
              }
            ]
          ],
          "identity_schema_version": 0
        }
      ]
    }
  ],
  "check_results": null
}
