{
  "version": 4,
  "terraform_version": "1.12.0",
  "serial": 9,
  "lineage": "1f1198ec-63c6-66ca-9961-a7e687179f31",
  "outputs": {},
  "resources": [
    {
      "mode": "managed",
      "type": "local_file",
      "name": "password",
      "provider": "provider[\"registry.terraform.io/hashicorp/local\"]",
      "instances": [
        {
          "schema_version": 0,
          "attributes": {
            "content": "Password: QPHNQIPUHF",
            "content_base64": null,
            "content_base64sha256": "PFzCbwturkQO0WtZFWOlaeOCHrcedkYzEFwyqCMGbPQ=",
            "content_base64sha512": "B/v9KWLEDDXLjeKfQrezBOUpZJ8aPgqtU49HbDWTn68Pg5SVvJ1n63njo1arKHP2/BCxkL3p4CiBBDzaAJpSag==",
            "content_md5": "d472aaab6759cc319ce32f98b9186b36",
            "content_sha1": "b4eb5d53f261edd195692a5a839026467a3fb37c",
            "content_sha256": "3c5cc26f0b6eae440ed16b591563a569e3821eb71e764633105c32a823066cf4",
            "content_sha512": "07fbfd2962c40c35cb8de29f42b7b304e529649f1a3e0aad538f476c35939faf0f839495bc9d67eb79e3a356ab2873f6fc10b190bde9e02881043cda009a526a",
            "directory_permission": "0700",
            "file_permission": "0400",
            "filename": "password.txt",
            "id": "b4eb5d53f261edd195692a5a839026467a3fb37c",
            "sensitive_content": null,
            "source": null
          },
          "sensitive_attributes": [
            [
              {
                "type": "get_attr",
                "value": "sensitive_content"
              }
            ]
          ],
          "identity_schema_version": 0,
          "dependencies": [
            "random_string.iac_random"
          ]
        }
      ]
    },
    {
      "mode": "managed",
      "type": "random_string",
      "name": "iac_random",
      "provider": "provider[\"registry.terraform.io/hashicorp/random\"]",
      "instances": [
        {
          "schema_version": 2,
          "attributes": {
            "id": "QPHNQIPUHF",
            "keepers": null,
            "length": 10,
            "lower": true,
            "min_lower": 0,
            "min_numeric": 0,
            "min_special": 0,
            "min_upper": 5,
            "number": true,
            "numeric": true,
            "override_special": null,
            "result": "QPHNQIPUHF",
            "special": true,
            "upper": true
          },
          "sensitive_attributes": [],
          "identity_schema_version": 0
        }
      ]
    }
  ],
  "check_results": null
}
