{
  "version": 4,
  "terraform_version": "1.12.0",
  "serial": 1,
  "lineage": "ba6af3f0-b622-addb-21ad-5ee61b365402",
  "outputs": {},
  "resources": [
    {
      "mode": "managed",
      "type": "local_file",
      "name": "demo01",
      "provider": "provider[\"registry.terraform.io/hashicorp/local\"]",
      "instances": [
        {
          "schema_version": 0,
          "attributes": {
            "content": "Este es mi primer lab de Terraform",
            "content_base64": null,
            "content_base64sha256": "GCKVWwg0Pix+2wCqrX+sIwedwhUfRiD6rVMuaEeyF64=",
            "content_base64sha512": "QW50qDdoTrE+K40HVeDI9mR2A7vbPY0yQyenpR53kljFKtP0YWHNgwqcqN8Lul59Y2vD8swJQMVT5k4s+TyM4g==",
            "content_md5": "c5068ede2a71fddc77ffe07d6d9d5ae5",
            "content_sha1": "7034146055d7a71b1c44e349b7984f0f1bea9473",
            "content_sha256": "1822955b08343e2c7edb00aaad7fac23079dc2151f4620faad532e6847b217ae",
            "content_sha512": "416e74a837684eb13e2b8d0755e0c8f6647603bbdb3d8d324327a7a51e779258c52ad3f46161cd830a9ca8df0bba5e7d636bc3f2cc0940c553e64e2cf93c8ce2",
            "directory_permission": "0777",
            "file_permission": "0777",
            "filename": "demo01.txt",
            "id": "7034146055d7a71b1c44e349b7984f0f1bea9473",
            "sensitive_content": null,
            "source": null
          },
          "sensitive_attributes": [
            [
              {
                "type": "get_attr",
                "value": "sensitive_content"
              }
            ]
          ],
          "identity_schema_version": 0
        }
      ]
    }
  ],
  "check_results": null
}
