{
  "version": 4,
  "terraform_version": "1.12.0",
  "serial": 3,
  "lineage": "b67780d4-0f42-dcf3-237e-4168d7169fdb",
  "outputs": {},
  "resources": [
    {
      "mode": "managed",
      "type": "local_file",
      "name": "numero",
      "provider": "provider[\"registry.terraform.io/hashicorp/local\"]",
      "instances": [
        {
          "schema_version": 0,
          "attributes": {
            "content": "100",
            "content_base64": null,
            "content_base64sha256": "rVc2aGUSblVknssjrh1IiHVEl27+pGpI612Fpu600wY=",
            "content_base64sha512": "ZDww9zowFwULKHeU/IxbuasGuc44ofxY30Aqi2b/WPab8KYGrhdYU1KgMG8Ol1LejFwGSu1wA/UoCLQ/+ZKmAw==",
            "content_md5": "f899139df5e1059396431415e770c6dd",
            "content_sha1": "310b86e0b62b828562fc91c7be5380a992b2786a",
            "content_sha256": "ad57366865126e55649ecb23ae1d48887544976efea46a48eb5d85a6eeb4d306",
            "content_sha512": "643c30f73a3017050b287794fc8c5bb9ab06b9ce38a1fc58df402a8b66ff58f69bf0a606ae17585352a0306f0e9752de8c5c064aed7003f52808b43ff992a603",
            "directory_permission": "0777",
            "file_permission": "0777",
            "filename": "Carlos",
            "id": "310b86e0b62b828562fc91c7be5380a992b2786a",
            "sensitive_content": null,
            "source": null
          },
          "sensitive_attributes": [
            [
              {
                "type": "get_attr",
                "value": "sensitive_content"
              }
            ]
          ],
          "identity_schema_version": 0
        }
      ]
    },
    {
      "mode": "managed",
      "type": "local_file",
      "name": "persona",
      "provider": "provider[\"registry.terraform.io/hashicorp/local\"]",
      "instances": [
        {
          "schema_version": 0,
          "attributes": {
            "content": "Fernando Canales",
            "content_base64": null,
            "content_base64sha256": "scS9wGZQnfxhTkR/3rGoOIxWcO1UU9iBOMRWV9eWpKw=",
            "content_base64sha512": "I76bXQzxmx5rAJMJVQrevlCtz4D+tx1cG07GdfB425zSXGm4JEogJRi49gefgSaHJQN2ekAMe/tLdw5l2t88VQ==",
            "content_md5": "8d44556d63e9a6fcc6496c6df048dd0e",
            "content_sha1": "e9279bec3ff3473c838e5130b6b7ba138691d19c",
            "content_sha256": "b1c4bdc066509dfc614e447fdeb1a8388c5670ed5453d88138c45657d796a4ac",
            "content_sha512": "23be9b5d0cf19b1e6b009309550adebe50adcf80feb71d5c1b4ec675f078db9cd25c69b8244a202518b8f6079f8126872503767a400c7bfb4b770e65dadf3c55",
            "directory_permission": "0777",
            "file_permission": "0777",
            "filename": "persona.txt",
            "id": "e9279bec3ff3473c838e5130b6b7ba138691d19c",
            "sensitive_content": null,
            "source": null
          },
          "sensitive_attributes": [
            [
              {
                "type": "get_attr",
                "value": "sensitive_content"
              }
            ]
          ],
          "identity_schema_version": 0
        }
      ]
    }
  ],
  "check_results": null
}
