{
  "version": 4,
  "terraform_version": "1.12.0",
  "serial": 8,
  "lineage": "b67780d4-0f42-dcf3-237e-4168d7169fdb",
  "outputs": {},
  "resources": [
    {
      "mode": "managed",
      "type": "local_file",
      "name": "almacenamiento",
      "provider": "provider[\"registry.terraform.io/hashicorp/local\"]",
      "instances": [
        {
          "schema_version": 0,
          "attributes": {
            "content": "SSD",
            "content_base64": null,
            "content_base64sha256": "OIgc90WYPru9UYAx5k6nnBLBtLFArI8hs7/cODCKXfU=",
            "content_base64sha512": "iFCu0Km/yeSjjGF50GyPVIwcDmZ5ucKZvIjiyPRio7rHVIKWvrKTU7nMPhUn3N1+E21qm1qbhE2PbZhTACNsBg==",
            "content_md5": "34df20bab5e85dc75bfc94ef569cced9",
            "content_sha1": "7475228222f23a99d94e3e2736fe801230d81195",
            "content_sha256": "38881cf745983ebbbd518031e64ea79c12c1b4b140ac8f21b3bfdc38308a5df5",
            "content_sha512": "8850aed0a9bfc9e4a38c6179d06c8f548c1c0e6679b9c299bc88e2c8f462a3bac7548296beb29353b9cc3e1527dcdd7e136d6a9b5a9b844d8f6d985300236c06",
            "directory_permission": "0777",
            "file_permission": "0777",
            "filename": "almacenamiento.txt",
            "id": "7475228222f23a99d94e3e2736fe801230d81195",
            "sensitive_content": null,
            "source": null
          },
          "sensitive_attributes": [
            [
              {
                "type": "get_attr",
                "value": "sensitive_content"
              }
            ]
          ],
          "identity_schema_version": 0
        }
      ]
    },
    {
      "mode": "managed",
      "type": "local_file",
      "name": "id",
      "provider": "provider[\"registry.terraform.io/hashicorp/local\"]",
      "instances": [
        {
          "schema_version": 0,
          "attributes": {
            "content": "123456",
            "content_base64": null,
            "content_base64sha256": "jZae727K08KaOmKSgOaGzww/XVqGr/PKEgIMkjrcbJI=",
            "content_base64sha512": "ujJTh2rta8ItSm/1PYQGxq2GQZXtFEq1yHYhtsIztUi66uaVbfNG7IwX9eoQ817jy8UUeX7X3dMUVGTioLq0Ew==",
            "content_md5": "e10adc3949ba59abbe56e057f20f883e",
            "content_sha1": "7c4a8d09ca3762af61e59520943dc26494f8941b",
            "content_sha256": "8d969eef6ecad3c29a3a629280e686cf0c3f5d5a86aff3ca12020c923adc6c92",
            "content_sha512": "ba3253876aed6bc22d4a6ff53d8406c6ad864195ed144ab5c87621b6c233b548baeae6956df346ec8c17f5ea10f35ee3cbc514797ed7ddd3145464e2a0bab413",
            "directory_permission": "0777",
            "file_permission": "0777",
            "filename": "id.txt",
            "id": "7c4a8d09ca3762af61e59520943dc26494f8941b",
            "sensitive_content": null,
            "source": null
          },
          "sensitive_attributes": [
            [
              {
                "type": "get_attr",
                "value": "sensitive_content"
              }
            ]
          ],
          "identity_schema_version": 0
        }
      ]
    },
    {
      "mode": "managed",
      "type": "local_file",
      "name": "numero",
      "provider": "provider[\"registry.terraform.io/hashicorp/local\"]",
      "instances": [
        {
          "schema_version": 0,
          "attributes": {
            "content": "100",
            "content_base64": null,
            "content_base64sha256": "rVc2aGUSblVknssjrh1IiHVEl27+pGpI612Fpu600wY=",
            "content_base64sha512": "ZDww9zowFwULKHeU/IxbuasGuc44ofxY30Aqi2b/WPab8KYGrhdYU1KgMG8Ol1LejFwGSu1wA/UoCLQ/+ZKmAw==",
            "content_md5": "f899139df5e1059396431415e770c6dd",
            "content_sha1": "310b86e0b62b828562fc91c7be5380a992b2786a",
            "content_sha256": "ad57366865126e55649ecb23ae1d48887544976efea46a48eb5d85a6eeb4d306",
            "content_sha512": "643c30f73a3017050b287794fc8c5bb9ab06b9ce38a1fc58df402a8b66ff58f69bf0a606ae17585352a0306f0e9752de8c5c064aed7003f52808b43ff992a603",
            "directory_permission": "0777",
            "file_permission": "0777",
            "filename": "Carlos",
            "id": "310b86e0b62b828562fc91c7be5380a992b2786a",
            "sensitive_content": null,
            "source": null
          },
          "sensitive_attributes": [
            [
              {
                "type": "get_attr",
                "value": "sensitive_content"
              }
            ]
          ],
          "identity_schema_version": 0
        }
      ]
    },
    {
      "mode": "managed",
      "type": "local_file",
      "name": "persona",
      "provider": "provider[\"registry.terraform.io/hashicorp/local\"]",
      "instances": [
        {
          "schema_version": 0,
          "attributes": {
            "content": "Masculino",
            "content_base64": null,
            "content_base64sha256": "y7i3jcGS8b5zPqfe/2YM89fz3jCgUUbqBCjp908fnPo=",
            "content_base64sha512": "PTvmzD4kaq/cF/+MevrtXWcQlQCiN2ppCj3kkEHS93ko2RKKu0BLyyWEdgGeF9f8PSz5eRzxjGeQq2YIRUPNwg==",
            "content_md5": "bc3e9577a67fb864a2751329733faea2",
            "content_sha1": "b4631e9f74311e44ca41b23f437615c9eed3ab26",
            "content_sha256": "cbb8b78dc192f1be733ea7deff660cf3d7f3de30a05146ea0428e9f74f1f9cfa",
            "content_sha512": "3d3be6cc3e246aafdc17ff8c7afaed5d67109500a2376a690a3de49041d2f77928d9128abb404bcb258476019e17d7fc3d2cf9791cf18c6790ab66084543cdc2",
            "directory_permission": "0777",
            "file_permission": "0777",
            "filename": "persona.txt",
            "id": "b4631e9f74311e44ca41b23f437615c9eed3ab26",
            "sensitive_content": null,
            "source": null
          },
          "sensitive_attributes": [
            [
              {
                "type": "get_attr",
                "value": "sensitive_content"
              }
            ]
          ],
          "identity_schema_version": 0
        }
      ]
    }
  ],
  "check_results": null
}
