{
  "version": 4,
  "terraform_version": "1.12.0",
  "serial": 28,
  "lineage": "b9cad2d4-a009-2c12-a968-5b01ea746e59",
  "outputs": {
    "bastion_ssh_command": {
      "value": "ssh -i key.pem ubuntu@54.176.4.47",
      "type": "string"
    },
    "public_subnet_a_id": {
      "value": "subnet-0bc09d9687aabc3a6",
      "type": "string"
    },
    "vpc_id": {
      "value": "vpc-0bdf0632bc629a8a6",
      "type": "string"
    },
    "web_alb_url": {
      "value": "http://alb-fercanap-786384392.us-west-1.elb.amazonaws.com",
      "type": "string"
    }
  },
  "resources": [
    {
      "mode": "data",
      "type": "aws_ami",
      "name": "ubuntu",
      "provider": "provider[\"registry.terraform.io/hashicorp/aws\"]",
      "instances": [
        {
          "schema_version": 0,
          "attributes": {
            "architecture": "x86_64",
            "arn": "arn:aws:ec2:us-west-1::image/ami-000014e8d990531ed",
            "block_device_mappings": [
              {
                "device_name": "/dev/sda1",
                "ebs": {
                  "delete_on_termination": "true",
                  "encrypted": "false",
                  "iops": "0",
                  "snapshot_id": "snap-0fa8939a819a68be3",
                  "throughput": "0",
                  "volume_initialization_rate": "0",
                  "volume_size": "8",
                  "volume_type": "gp2"
                },
                "no_device": "",
                "virtual_name": ""
              },
              {
                "device_name": "/dev/sdb",
                "ebs": {},
                "no_device": "",
                "virtual_name": "ephemeral0"
              },
              {
                "device_name": "/dev/sdc",
                "ebs": {},
                "no_device": "",
                "virtual_name": "ephemeral1"
              }
            ],
            "boot_mode": "legacy-bios",
            "creation_date": "2025-06-03T15:16:59.000Z",
            "deprecation_time": "2027-06-03T15:16:59.000Z",
            "description": "Canonical, Ubuntu, 20.04, amd64 focal image",
            "ena_support": true,
            "executable_users": null,
            "filter": [
              {
                "name": "name",
                "values": [
                  "ubuntu/images/hvm-ssd/ubuntu-focal-20.04-amd64-server-*"
                ]
              },
              {
                "name": "virtualization-type",
                "values": [
                  "hvm"
                ]
              }
            ],
            "hypervisor": "xen",
            "id": "ami-000014e8d990531ed",
            "image_id": "ami-000014e8d990531ed",
            "image_location": "amazon/ubuntu/images/hvm-ssd/ubuntu-focal-20.04-amd64-server-20250603",
            "image_owner_alias": "amazon",
            "image_type": "machine",
            "imds_support": "",
            "include_deprecated": false,
            "kernel_id": "",
            "last_launched_time": "",
            "most_recent": true,
            "name": "ubuntu/images/hvm-ssd/ubuntu-focal-20.04-amd64-server-20250603",
            "name_regex": null,
            "owner_id": "099720109477",
            "owners": [
              "099720109477"
            ],
            "platform": "",
            "platform_details": "Linux/UNIX",
            "product_codes": [],
            "public": true,
            "ramdisk_id": "",
            "root_device_name": "/dev/sda1",
            "root_device_type": "ebs",
            "root_snapshot_id": "snap-0fa8939a819a68be3",
            "sriov_net_support": "simple",
            "state": "available",
            "state_reason": {
              "code": "UNSET",
              "message": "UNSET"
            },
            "tags": {},
            "timeouts": null,
            "tpm_support": "",
            "uefi_data": null,
            "usage_operation": "RunInstances",
            "virtualization_type": "hvm"
          },
          "sensitive_attributes": [],
          "identity_schema_version": 0
        }
      ]
    },
    {
      "mode": "managed",
      "type": "aws_key_pair",
      "name": "ec2_key",
      "provider": "provider[\"registry.terraform.io/hashicorp/aws\"]",
      "instances": [
        {
          "schema_version": 1,
          "attributes": {
            "arn": "arn:aws:ec2:us-west-1:367816904393:key-pair/fercanap-key-2",
            "fingerprint": "c6:0b:1c:16:57:85:7f:9d:94:2b:39:8f:ac:5d:00:1c",
            "id": "fercanap-key-2",
            "key_name": "fercanap-key-2",
            "key_name_prefix": "",
            "key_pair_id": "key-0b4f6042dd604b5e3",
            "key_type": "rsa",
            "public_key": "ssh-rsa AAAAB3NzaC1yc2EAAAADAQABAAACAQC/PckbtYAkns7DGtJjEQ4nLiwSHh8J0BUK2vU60c9nboMmVOqfdEcYy0S27FtR+/svKCfM+m0xLa5tYb61fr/Xbr6t5jotN3HUE4pOGVCN89yh9QSeDaMi80Mc4+np5xRP9OXo7O5bVtXWY2ldBuJx4WV+RGFBKG0OSACzfErfZOsrdmQnkKYKy9DgAxiluizLbJ9lI0qy0hJX/qahXuu5FFyeXZZ+9ZD39jYlzZBKNFf6FH8d2frxWgobeCJ1G6pntQDMETEeULJ66vST5GT6j/wXIqODJsxSZGADAdP10zV0xKErYdjKOPGB550qKNCnCKwCSMpDdA7nn2tA/jKBdpVm8EYSXvaOyfk8Kmo7AomNUUqPEv/7yHREQYP+QFTrqtEgxvg6A3BxEcWnkc41y2Gvi38xEo5FSGKF95tkPUJwWH8xtIroxTYLwEpuR94rjAwuH1Ovu7dU66kiDF5Wd5V6VXUdlGCEDDkbZVBb8zBT6U+uTANabnXp/JcA55nQetqp8AMj/wjBvgSCbRAoRfwO75soruSAbRryrio7yDd7KC8q5LVoC63K/vdeR3OgTE2GH/dTaegrVkSPr8NI5bZXeisu9YKHKufNnrDZTciDJ6Fz6mLdAKcTlJPkeaFj/Iz4w9sdxSIFPqkBy9wHXOJnKC3twzjSZpfSibG5kQ==",
            "tags": null,
            "tags_all": {}
          },
          "sensitive_attributes": [],
          "identity_schema_version": 0,
          "private": "eyJzY2hlbWFfdmVyc2lvbiI6IjEifQ==",
          "dependencies": [
            "tls_private_key.privateKey"
          ],
          "create_before_destroy": true
        }
      ]
    },
    {
      "mode": "managed",
      "type": "local_file",
      "name": "key_file",
      "provider": "provider[\"registry.terraform.io/hashicorp/local\"]",
      "instances": [
        {
          "schema_version": 0,
          "attributes": {
            "content": "-----BEGIN RSA PRIVATE KEY-----\nMIIJKQIBAAKCAgEAvz3JG7WAJJ7OwxrSYxEOJy4sEh4fCdAVCtr1OtHPZ26DJlTq\nn3RHGMtEtuxbUfv7LygnzPptMS2ubWG+tX6/126+reY6LTdx1BOKThlQjfPcofUE\nng2jIvNDHOPp6ecUT/Tl6OzuW1bV1mNpXQbiceFlfkRhQShtDkgAs3xK32TrK3Zk\nJ5CmCsvQ4AMYpbosy2yfZSNKstISV/6moV7ruRRcnl2WfvWQ9/Y2Jc2QSjRX+hR/\nHdn68VoKG3gidRuqZ7UAzBExHlCyeur0k+Rk+o/8FyKjgybMUmRgAwHT9dM1dMSh\nK2HYyjjxgeedKijQpwisAkjKQ3QO559rQP4ygXaVZvBGEl72jsn5PCpqOwKJjVFK\njxL/+8h0REGD/kBU66rRIMb4OgNwcRHFp5HONcthr4t/MRKORUhihfebZD1CcFh/\nMbSK6MU2C8BKbkfeK4wMLh9Tr7u3VOupIgxeVneVelV1HZRghAw5G2VQW/MwU+lP\nrkwDWm516fyXAOeZ0HraqfADI/8Iwb4Egm0QKEX8Du+bKK7kgG0a8q4qO8g3eygv\nKuS1aAutyv73XkdzoExNhh/3U2noK1ZEj6/DSOW2V3orLvWChyrnzZ6w2U3Igyeh\nc+pi3QCnE5ST5HmhY/yM+MPbHcUiBT6pAcvcB1ziZygt7cM40maX0omxuZECAwEA\nAQKCAgAkA8i51SZ6vwWFLKnuSin2KvXVu6JwwKUV1EJWf2ilu+Qq9dbxjH5PJwib\nwks4V1HogZFtQsQJfObaZov5thL+yTZTnYXbOhPPspZbOt02vnQQdAoYkczlKha7\nfBhzGjdzD1W01dnVjbbblwEiqcc/Vwk8DDicgrZ2+AxZwNCA3YqENtmJse3zHosJ\nhMvBehwxexVRgKHypykZNTXAMhYGVtVSZaGP60MPz2hHGj1QHCdtSyrdPk3J4gEB\nR1CF6V3gBfBOffZYFS5ng5Pnvh1eKnt5B+bvLgFQiuKh7lgydUId6WHIv7aJ7stc\ngXfRlrokmrd5/qdIqLSd3iHerYBpGaYqZH7ObqW/zcoA5ROsRxqlaOoA3FNkEm1j\n8R96nlDQ0kour0ucCnkMPRRnqdnDSAJobT2doX3ep4vMu/2hNl1mek0XtB9QJ3ys\nVhXzkSiJxLUOnkQ82qTqgOMPIYtzUxTAkQZ4V80VXNRbhH6tm1XRfmwgtYOe2tTn\ne6ouT/ehdCh8H6Qjvd4N+CzHf9CbclU5o2G3tsP6plK/ozNwr0aovfAtgDGufeKG\nZaIzMLI8+u8n/bmbO8oR4i6cnNS7BpHkwUjKYIf+4U1rQHUPb4xZJV0m7/2tfGhE\nZlo70dhqBWjSHpT9MtClfdtYZ6P2IwGx8yyFlNqhp1FlAHUqoQKCAQEA0Jml6au5\nhnxiwQB2OAAaYlbWALvoyXbpXhbF/Tzl6yz7XzvF6qWHwQ4sIiQtsu49EMLXwF/r\nfKqSR+ACFokZWEtE8nSMhgq7wRdVwOTArVht8V8d0qRl6aHzukOazO/pcaIor8mV\ns69Al4y17meu4H5orxLzWa1bsEGrnOiViSe+O/2GNjhLmosIrvytQPuatHUHxhTV\nwBxYwKuJ1xu+97QFG+cdavfR6TUUtlE71s4YvLt8j4wN0JFqH4G+kr7KKjfm7a3H\nVKWBYvAUxV/Ds7zv0sLpHvlPMLIg5zItuR4aESjdSVyZGjAKMcnW4lymdzYy2B+Y\nBUBPV1RQukHFzQKCAQEA6rJeB8f16q9jGCi3CBle606f1/lvWumDy8gZsq37TD+k\n5S3fafxsMMWcDPJlibgqJD8BSPwd0g1Ys+D4H2o25ifla7E/EDzMrD0qA3+HtJKK\nQyB8tlPgBGioDWWxodyXHmy1oQs08eD85IVk0xVFB6wNZ9Ydr9Rj6fmepawjY/bV\nTzW+ivN4pYBW/CPCKPd830v0cK8J86RTGfdlZd1p9ztnBKu1r9pnZAmHMhxOb7RN\n/2jS/nGj/QpOTAg+xKDFBXuh+UVzDPbBThSVbH8s/H35mLCnemFvEhaIlsJzq47y\n2PRbtWulvB97jvMIgEkfH9ZVJnqX7C4Ox65ydtK+1QKCAQEArovCjpJIvUWbhI+U\nXCuJ6Dts+lRB50H+5+H6bXnlkTGkbP2hEETOITZwq2jGbHB43GuNCMW6UCiSGl5Q\noPa7JGxnFtF7PDYDAQE7mhpPNz1FUbEbTUSOmj4PqQ4km9Mr7Q+ZJ+5vu1irnaP6\nH7DWXbaodcZPpfwvOn7Y0IS1i3yb66qqAPh+GqS38WQwvK1LuDAs/ww0B3owsZdX\n0Yy/8JjLpZtvvC/9jzwBRsUWYxk1Dcd75Ml2Tc0/lXmFM1k95LG+I6dDoYqTh2wI\nlVcadG1l5198nZRTNRX3/jy4kaukeDNPZrF60rTb8ulHS0XnbN0HElztYYd8XECL\nBC9BCQKCAQBNC2TG1SOreQvkwGjlZb69LEBY2+9sPsAfQ378IxUdwL7W5So0VsMF\nd7l0npYqkaRz5aL8XJdFf1AhLLcHSQzgnTQ5GCSFpg/icum54EGiS4DL7HxENmCR\n0fFpBHs9kXaibDlrtowY4yzhr9CbYp4YmKiF78orEGQESQeFh27OwBbiO9hjMO3o\nFqt3dh2k6Sm6++owm6V+r/D/0zEcMYU5vexhoiSwp9fNBTu2fYhaLyxzreulz5Rv\n2tQ9LW+9iLFkzWMsu1m7Zb2rbiJnTZBtCsXHFCbGi/m0TGVmaEskhHbANedtNPth\nOEyNbsbZpidrgibNzOzWgYAkmOXGkARJAoIBAQCEG7BQgMfPmZNyZICFqRZUoRpl\nlOuf26U54YXr6XpORccWhT+JlCSU38xSIC1Y7FKboef7fEDgj22yu2GMpAQyhYJR\nGRSmvzC3CJTCNnzOYzqzxnpAozEN8LlvMOh11i6y2JG8is5q4iLHXcOD1YwjUzm8\nCuAsiKBb6LD6prsmuxls+5v7uuz462yqmYg7n0FJBp2dNL6gSWt4bO3zURaxKxu0\nb3ONZfCrv9VMjkSe+u8pe/fWV1De2EIZuxAwHTtaHmZ9onxOLttfT5h07WkKZs6S\n/0RlEVYoFMbzum5L5OABuWFOqQp5hSixJ1PyNNmJvAW1y2S9+nJKoQh5l609\n-----END RSA PRIVATE KEY-----\n",
            "content_base64": null,
            "content_base64sha256": "CzHyJImz7iZ5HNC4gwPru6f0+yWJVhn0K6qxDelvjXI=",
            "content_base64sha512": "TpyPffyp8yqlWGHHUKTufjDRocaR7QhyUhjcjhqloWwIeXFEQwiPdB0PgLia36TDA7trhganmk51ebzv27e3cA==",
            "content_md5": "9c59e434ed3bd5c2ad9456969829cd7f",
            "content_sha1": "97d592d59bba5b37d1d9cce43c22deb46fb1902f",
            "content_sha256": "0b31f22489b3ee26791cd0b88303ebbba7f4fb25895619f42baab10de96f8d72",
            "content_sha512": "4e9c8f7dfca9f32aa55861c750a4ee7e30d1a1c691ed08725218dc8e1aa5a16c0879714443088f741d0f80b89adfa4c303bb6b8606a79a4e7579bcefdbb7b770",
            "directory_permission": "0777",
            "file_permission": "0400",
            "filename": "./key.pem",
            "id": "97d592d59bba5b37d1d9cce43c22deb46fb1902f",
            "sensitive_content": null,
            "source": null
          },
          "sensitive_attributes": [
            [
              {
                "type": "get_attr",
                "value": "content"
              }
            ],
            [
              {
                "type": "get_attr",
                "value": "sensitive_content"
              }
            ]
          ],
          "identity_schema_version": 0,
          "dependencies": [
            "tls_private_key.privateKey"
          ]
        }
      ]
    },
    {
      "mode": "managed",
      "type": "tls_private_key",
      "name": "privateKey",
      "provider": "provider[\"registry.terraform.io/hashicorp/tls\"]",
      "instances": [
        {
          "schema_version": 1,
          "attributes": {
            "algorithm": "RSA",
            "ecdsa_curve": "P224",
            "id": "b59a4d35a005dfde82e8c07067d1ae73ce2c0933",
            "private_key_openssh": "-----BEGIN OPENSSH PRIVATE KEY-----\nb3BlbnNzaC1rZXktdjEAAAAABG5vbmUAAAAEbm9uZQAAAAAAAAABAAACFwAAAAdz\nc2gtcnNhAAAAAwEAAQAAAgEAvz3JG7WAJJ7OwxrSYxEOJy4sEh4fCdAVCtr1OtHP\nZ26DJlTqn3RHGMtEtuxbUfv7LygnzPptMS2ubWG+tX6/126+reY6LTdx1BOKThlQ\njfPcofUEng2jIvNDHOPp6ecUT/Tl6OzuW1bV1mNpXQbiceFlfkRhQShtDkgAs3xK\n32TrK3ZkJ5CmCsvQ4AMYpbosy2yfZSNKstISV/6moV7ruRRcnl2WfvWQ9/Y2Jc2Q\nSjRX+hR/Hdn68VoKG3gidRuqZ7UAzBExHlCyeur0k+Rk+o/8FyKjgybMUmRgAwHT\n9dM1dMShK2HYyjjxgeedKijQpwisAkjKQ3QO559rQP4ygXaVZvBGEl72jsn5PCpq\nOwKJjVFKjxL/+8h0REGD/kBU66rRIMb4OgNwcRHFp5HONcthr4t/MRKORUhihfeb\nZD1CcFh/MbSK6MU2C8BKbkfeK4wMLh9Tr7u3VOupIgxeVneVelV1HZRghAw5G2VQ\nW/MwU+lPrkwDWm516fyXAOeZ0HraqfADI/8Iwb4Egm0QKEX8Du+bKK7kgG0a8q4q\nO8g3eygvKuS1aAutyv73XkdzoExNhh/3U2noK1ZEj6/DSOW2V3orLvWChyrnzZ6w\n2U3Igyehc+pi3QCnE5ST5HmhY/yM+MPbHcUiBT6pAcvcB1ziZygt7cM40maX0omx\nuZEAAAc47WVuuu1lbroAAAAHc3NoLXJzYQAAAgEAvz3JG7WAJJ7OwxrSYxEOJy4s\nEh4fCdAVCtr1OtHPZ26DJlTqn3RHGMtEtuxbUfv7LygnzPptMS2ubWG+tX6/126+\nreY6LTdx1BOKThlQjfPcofUEng2jIvNDHOPp6ecUT/Tl6OzuW1bV1mNpXQbiceFl\nfkRhQShtDkgAs3xK32TrK3ZkJ5CmCsvQ4AMYpbosy2yfZSNKstISV/6moV7ruRRc\nnl2WfvWQ9/Y2Jc2QSjRX+hR/Hdn68VoKG3gidRuqZ7UAzBExHlCyeur0k+Rk+o/8\nFyKjgybMUmRgAwHT9dM1dMShK2HYyjjxgeedKijQpwisAkjKQ3QO559rQP4ygXaV\nZvBGEl72jsn5PCpqOwKJjVFKjxL/+8h0REGD/kBU66rRIMb4OgNwcRHFp5HONcth\nr4t/MRKORUhihfebZD1CcFh/MbSK6MU2C8BKbkfeK4wMLh9Tr7u3VOupIgxeVneV\nelV1HZRghAw5G2VQW/MwU+lPrkwDWm516fyXAOeZ0HraqfADI/8Iwb4Egm0QKEX8\nDu+bKK7kgG0a8q4qO8g3eygvKuS1aAutyv73XkdzoExNhh/3U2noK1ZEj6/DSOW2\nV3orLvWChyrnzZ6w2U3Igyehc+pi3QCnE5ST5HmhY/yM+MPbHcUiBT6pAcvcB1zi\nZygt7cM40maX0omxuZEAAAADAQABAAACACQDyLnVJnq/BYUsqe5KKfYq9dW7onDA\npRXUQlZ/aKW75Cr11vGMfk8nCJvCSzhXUeiBkW1CxAl85tpmi/m2Ev7JNlOdhds6\nE8+ylls63Ta+dBB0ChiRzOUqFrt8GHMaN3MPVbTV2dWNttuXASKpxz9XCTwMOJyC\ntnb4DFnA0IDdioQ22Ymx7fMeiwmEy8F6HDF7FVGAofKnKRk1NcAyFgZW1VJloY/r\nQw/PaEcaPVAcJ21LKt0+TcniAQFHUIXpXeAF8E599lgVLmeDk+e+HV4qe3kH5u8u\nAVCK4qHuWDJ1Qh3pYci/tonuy1yBd9GWuiSat3n+p0iotJ3eId6tgGkZpipkfs5u\npb/NygDlE6xHGqVo6gDcU2QSbWPxH3qeUNDSSi6vS5wKeQw9FGep2cNIAmhtPZ2h\nfd6ni8y7/aE2XWZ6TRe0H1AnfKxWFfORKInEtQ6eRDzapOqA4w8hi3NTFMCRBnhX\nzRVc1FuEfq2bVdF+bCC1g57a1Od7qi5P96F0KHwfpCO93g34LMd/0JtyVTmjYbe2\nw/qmUr+jM3CvRqi98C2AMa594oZlojMwsjz67yf9uZs7yhHiLpyc1LsGkeTBSMpg\nh/7hTWtAdQ9vjFklXSbv/a18aERmWjvR2GoFaNIelP0y0KV921hno/YjAbHzLIWU\n2qGnUWUAdSqhAAABAQCEG7BQgMfPmZNyZICFqRZUoRpllOuf26U54YXr6XpORccW\nhT+JlCSU38xSIC1Y7FKboef7fEDgj22yu2GMpAQyhYJRGRSmvzC3CJTCNnzOYzqz\nxnpAozEN8LlvMOh11i6y2JG8is5q4iLHXcOD1YwjUzm8CuAsiKBb6LD6prsmuxls\n+5v7uuz462yqmYg7n0FJBp2dNL6gSWt4bO3zURaxKxu0b3ONZfCrv9VMjkSe+u8p\ne/fWV1De2EIZuxAwHTtaHmZ9onxOLttfT5h07WkKZs6S/0RlEVYoFMbzum5L5OAB\nuWFOqQp5hSixJ1PyNNmJvAW1y2S9+nJKoQh5l609AAABAQDQmaXpq7mGfGLBAHY4\nABpiVtYAu+jJduleFsX9POXrLPtfO8XqpYfBDiwiJC2y7j0QwtfAX+t8qpJH4AIW\niRlYS0TydIyGCrvBF1XA5MCtWG3xXx3SpGXpofO6Q5rM7+lxoiivyZWzr0CXjLXu\nZ67gfmivEvNZrVuwQauc6JWJJ747/YY2OEuaiwiu/K1A+5q0dQfGFNXAHFjAq4nX\nG773tAUb5x1q99HpNRS2UTvWzhi8u3yPjA3QkWofgb6SvsoqN+btrcdUpYFi8BTF\nX8OzvO/Swuke+U8wsiDnMi25HhoRKN1JXJkaMAoxydbiXKZ3NjLYH5gFQE9XVFC6\nQcXNAAABAQDqsl4Hx/Xqr2MYKLcIGV7rTp/X+W9a6YPLyBmyrftMP6TlLd9p/Gww\nxZwM8mWJuCokPwFI/B3SDViz4PgfajbmJ+VrsT8QPMysPSoDf4e0kopDIHy2U+AE\naKgNZbGh3JcebLWhCzTx4PzkhWTTFUUHrA1n1h2v1GPp+Z6lrCNj9tVPNb6K83il\ngFb8I8Io93zfS/RwrwnzpFMZ92Vl3Wn3O2cEq7Wv2mdkCYcyHE5vtE3/aNL+caP9\nCk5MCD7EoMUFe6H5RXMM9sFOFJVsfyz8ffmYsKd6YW8SFoiWwnOrjvLY9Fu1a6W8\nH3uO8wiASR8f1lUmepfsLg7HrnJ20r7VAAAAAAEC\n-----END OPENSSH PRIVATE KEY-----\n",
            "private_key_pem": "-----BEGIN RSA PRIVATE KEY-----\nMIIJKQIBAAKCAgEAvz3JG7WAJJ7OwxrSYxEOJy4sEh4fCdAVCtr1OtHPZ26DJlTq\nn3RHGMtEtuxbUfv7LygnzPptMS2ubWG+tX6/126+reY6LTdx1BOKThlQjfPcofUE\nng2jIvNDHOPp6ecUT/Tl6OzuW1bV1mNpXQbiceFlfkRhQShtDkgAs3xK32TrK3Zk\nJ5CmCsvQ4AMYpbosy2yfZSNKstISV/6moV7ruRRcnl2WfvWQ9/Y2Jc2QSjRX+hR/\nHdn68VoKG3gidRuqZ7UAzBExHlCyeur0k+Rk+o/8FyKjgybMUmRgAwHT9dM1dMSh\nK2HYyjjxgeedKijQpwisAkjKQ3QO559rQP4ygXaVZvBGEl72jsn5PCpqOwKJjVFK\njxL/+8h0REGD/kBU66rRIMb4OgNwcRHFp5HONcthr4t/MRKORUhihfebZD1CcFh/\nMbSK6MU2C8BKbkfeK4wMLh9Tr7u3VOupIgxeVneVelV1HZRghAw5G2VQW/MwU+lP\nrkwDWm516fyXAOeZ0HraqfADI/8Iwb4Egm0QKEX8Du+bKK7kgG0a8q4qO8g3eygv\nKuS1aAutyv73XkdzoExNhh/3U2noK1ZEj6/DSOW2V3orLvWChyrnzZ6w2U3Igyeh\nc+pi3QCnE5ST5HmhY/yM+MPbHcUiBT6pAcvcB1ziZygt7cM40maX0omxuZECAwEA\nAQKCAgAkA8i51SZ6vwWFLKnuSin2KvXVu6JwwKUV1EJWf2ilu+Qq9dbxjH5PJwib\nwks4V1HogZFtQsQJfObaZov5thL+yTZTnYXbOhPPspZbOt02vnQQdAoYkczlKha7\nfBhzGjdzD1W01dnVjbbblwEiqcc/Vwk8DDicgrZ2+AxZwNCA3YqENtmJse3zHosJ\nhMvBehwxexVRgKHypykZNTXAMhYGVtVSZaGP60MPz2hHGj1QHCdtSyrdPk3J4gEB\nR1CF6V3gBfBOffZYFS5ng5Pnvh1eKnt5B+bvLgFQiuKh7lgydUId6WHIv7aJ7stc\ngXfRlrokmrd5/qdIqLSd3iHerYBpGaYqZH7ObqW/zcoA5ROsRxqlaOoA3FNkEm1j\n8R96nlDQ0kour0ucCnkMPRRnqdnDSAJobT2doX3ep4vMu/2hNl1mek0XtB9QJ3ys\nVhXzkSiJxLUOnkQ82qTqgOMPIYtzUxTAkQZ4V80VXNRbhH6tm1XRfmwgtYOe2tTn\ne6ouT/ehdCh8H6Qjvd4N+CzHf9CbclU5o2G3tsP6plK/ozNwr0aovfAtgDGufeKG\nZaIzMLI8+u8n/bmbO8oR4i6cnNS7BpHkwUjKYIf+4U1rQHUPb4xZJV0m7/2tfGhE\nZlo70dhqBWjSHpT9MtClfdtYZ6P2IwGx8yyFlNqhp1FlAHUqoQKCAQEA0Jml6au5\nhnxiwQB2OAAaYlbWALvoyXbpXhbF/Tzl6yz7XzvF6qWHwQ4sIiQtsu49EMLXwF/r\nfKqSR+ACFokZWEtE8nSMhgq7wRdVwOTArVht8V8d0qRl6aHzukOazO/pcaIor8mV\ns69Al4y17meu4H5orxLzWa1bsEGrnOiViSe+O/2GNjhLmosIrvytQPuatHUHxhTV\nwBxYwKuJ1xu+97QFG+cdavfR6TUUtlE71s4YvLt8j4wN0JFqH4G+kr7KKjfm7a3H\nVKWBYvAUxV/Ds7zv0sLpHvlPMLIg5zItuR4aESjdSVyZGjAKMcnW4lymdzYy2B+Y\nBUBPV1RQukHFzQKCAQEA6rJeB8f16q9jGCi3CBle606f1/lvWumDy8gZsq37TD+k\n5S3fafxsMMWcDPJlibgqJD8BSPwd0g1Ys+D4H2o25ifla7E/EDzMrD0qA3+HtJKK\nQyB8tlPgBGioDWWxodyXHmy1oQs08eD85IVk0xVFB6wNZ9Ydr9Rj6fmepawjY/bV\nTzW+ivN4pYBW/CPCKPd830v0cK8J86RTGfdlZd1p9ztnBKu1r9pnZAmHMhxOb7RN\n/2jS/nGj/QpOTAg+xKDFBXuh+UVzDPbBThSVbH8s/H35mLCnemFvEhaIlsJzq47y\n2PRbtWulvB97jvMIgEkfH9ZVJnqX7C4Ox65ydtK+1QKCAQEArovCjpJIvUWbhI+U\nXCuJ6Dts+lRB50H+5+H6bXnlkTGkbP2hEETOITZwq2jGbHB43GuNCMW6UCiSGl5Q\noPa7JGxnFtF7PDYDAQE7mhpPNz1FUbEbTUSOmj4PqQ4km9Mr7Q+ZJ+5vu1irnaP6\nH7DWXbaodcZPpfwvOn7Y0IS1i3yb66qqAPh+GqS38WQwvK1LuDAs/ww0B3owsZdX\n0Yy/8JjLpZtvvC/9jzwBRsUWYxk1Dcd75Ml2Tc0/lXmFM1k95LG+I6dDoYqTh2wI\nlVcadG1l5198nZRTNRX3/jy4kaukeDNPZrF60rTb8ulHS0XnbN0HElztYYd8XECL\nBC9BCQKCAQBNC2TG1SOreQvkwGjlZb69LEBY2+9sPsAfQ378IxUdwL7W5So0VsMF\nd7l0npYqkaRz5aL8XJdFf1AhLLcHSQzgnTQ5GCSFpg/icum54EGiS4DL7HxENmCR\n0fFpBHs9kXaibDlrtowY4yzhr9CbYp4YmKiF78orEGQESQeFh27OwBbiO9hjMO3o\nFqt3dh2k6Sm6++owm6V+r/D/0zEcMYU5vexhoiSwp9fNBTu2fYhaLyxzreulz5Rv\n2tQ9LW+9iLFkzWMsu1m7Zb2rbiJnTZBtCsXHFCbGi/m0TGVmaEskhHbANedtNPth\nOEyNbsbZpidrgibNzOzWgYAkmOXGkARJAoIBAQCEG7BQgMfPmZNyZICFqRZUoRpl\nlOuf26U54YXr6XpORccWhT+JlCSU38xSIC1Y7FKboef7fEDgj22yu2GMpAQyhYJR\nGRSmvzC3CJTCNnzOYzqzxnpAozEN8LlvMOh11i6y2JG8is5q4iLHXcOD1YwjUzm8\nCuAsiKBb6LD6prsmuxls+5v7uuz462yqmYg7n0FJBp2dNL6gSWt4bO3zURaxKxu0\nb3ONZfCrv9VMjkSe+u8pe/fWV1De2EIZuxAwHTtaHmZ9onxOLttfT5h07WkKZs6S\n/0RlEVYoFMbzum5L5OABuWFOqQp5hSixJ1PyNNmJvAW1y2S9+nJKoQh5l609\n-----END RSA PRIVATE KEY-----\n",
            "private_key_pem_pkcs8": "-----BEGIN PRIVATE KEY-----\nMIIJQwIBADANBgkqhkiG9w0BAQEFAASCCS0wggkpAgEAAoICAQC/PckbtYAkns7D\nGtJjEQ4nLiwSHh8J0BUK2vU60c9nboMmVOqfdEcYy0S27FtR+/svKCfM+m0xLa5t\nYb61fr/Xbr6t5jotN3HUE4pOGVCN89yh9QSeDaMi80Mc4+np5xRP9OXo7O5bVtXW\nY2ldBuJx4WV+RGFBKG0OSACzfErfZOsrdmQnkKYKy9DgAxiluizLbJ9lI0qy0hJX\n/qahXuu5FFyeXZZ+9ZD39jYlzZBKNFf6FH8d2frxWgobeCJ1G6pntQDMETEeULJ6\n6vST5GT6j/wXIqODJsxSZGADAdP10zV0xKErYdjKOPGB550qKNCnCKwCSMpDdA7n\nn2tA/jKBdpVm8EYSXvaOyfk8Kmo7AomNUUqPEv/7yHREQYP+QFTrqtEgxvg6A3Bx\nEcWnkc41y2Gvi38xEo5FSGKF95tkPUJwWH8xtIroxTYLwEpuR94rjAwuH1Ovu7dU\n66kiDF5Wd5V6VXUdlGCEDDkbZVBb8zBT6U+uTANabnXp/JcA55nQetqp8AMj/wjB\nvgSCbRAoRfwO75soruSAbRryrio7yDd7KC8q5LVoC63K/vdeR3OgTE2GH/dTaegr\nVkSPr8NI5bZXeisu9YKHKufNnrDZTciDJ6Fz6mLdAKcTlJPkeaFj/Iz4w9sdxSIF\nPqkBy9wHXOJnKC3twzjSZpfSibG5kQIDAQABAoICACQDyLnVJnq/BYUsqe5KKfYq\n9dW7onDApRXUQlZ/aKW75Cr11vGMfk8nCJvCSzhXUeiBkW1CxAl85tpmi/m2Ev7J\nNlOdhds6E8+ylls63Ta+dBB0ChiRzOUqFrt8GHMaN3MPVbTV2dWNttuXASKpxz9X\nCTwMOJyCtnb4DFnA0IDdioQ22Ymx7fMeiwmEy8F6HDF7FVGAofKnKRk1NcAyFgZW\n1VJloY/rQw/PaEcaPVAcJ21LKt0+TcniAQFHUIXpXeAF8E599lgVLmeDk+e+HV4q\ne3kH5u8uAVCK4qHuWDJ1Qh3pYci/tonuy1yBd9GWuiSat3n+p0iotJ3eId6tgGkZ\npipkfs5upb/NygDlE6xHGqVo6gDcU2QSbWPxH3qeUNDSSi6vS5wKeQw9FGep2cNI\nAmhtPZ2hfd6ni8y7/aE2XWZ6TRe0H1AnfKxWFfORKInEtQ6eRDzapOqA4w8hi3NT\nFMCRBnhXzRVc1FuEfq2bVdF+bCC1g57a1Od7qi5P96F0KHwfpCO93g34LMd/0Jty\nVTmjYbe2w/qmUr+jM3CvRqi98C2AMa594oZlojMwsjz67yf9uZs7yhHiLpyc1LsG\nkeTBSMpgh/7hTWtAdQ9vjFklXSbv/a18aERmWjvR2GoFaNIelP0y0KV921hno/Yj\nAbHzLIWU2qGnUWUAdSqhAoIBAQDQmaXpq7mGfGLBAHY4ABpiVtYAu+jJduleFsX9\nPOXrLPtfO8XqpYfBDiwiJC2y7j0QwtfAX+t8qpJH4AIWiRlYS0TydIyGCrvBF1XA\n5MCtWG3xXx3SpGXpofO6Q5rM7+lxoiivyZWzr0CXjLXuZ67gfmivEvNZrVuwQauc\n6JWJJ747/YY2OEuaiwiu/K1A+5q0dQfGFNXAHFjAq4nXG773tAUb5x1q99HpNRS2\nUTvWzhi8u3yPjA3QkWofgb6SvsoqN+btrcdUpYFi8BTFX8OzvO/Swuke+U8wsiDn\nMi25HhoRKN1JXJkaMAoxydbiXKZ3NjLYH5gFQE9XVFC6QcXNAoIBAQDqsl4Hx/Xq\nr2MYKLcIGV7rTp/X+W9a6YPLyBmyrftMP6TlLd9p/GwwxZwM8mWJuCokPwFI/B3S\nDViz4PgfajbmJ+VrsT8QPMysPSoDf4e0kopDIHy2U+AEaKgNZbGh3JcebLWhCzTx\n4PzkhWTTFUUHrA1n1h2v1GPp+Z6lrCNj9tVPNb6K83ilgFb8I8Io93zfS/Rwrwnz\npFMZ92Vl3Wn3O2cEq7Wv2mdkCYcyHE5vtE3/aNL+caP9Ck5MCD7EoMUFe6H5RXMM\n9sFOFJVsfyz8ffmYsKd6YW8SFoiWwnOrjvLY9Fu1a6W8H3uO8wiASR8f1lUmepfs\nLg7HrnJ20r7VAoIBAQCui8KOkki9RZuEj5RcK4noO2z6VEHnQf7n4fpteeWRMaRs\n/aEQRM4hNnCraMZscHjca40IxbpQKJIaXlCg9rskbGcW0Xs8NgMBATuaGk83PUVR\nsRtNRI6aPg+pDiSb0yvtD5kn7m+7WKudo/ofsNZdtqh1xk+l/C86ftjQhLWLfJvr\nqqoA+H4apLfxZDC8rUu4MCz/DDQHejCxl1fRjL/wmMulm2+8L/2PPAFGxRZjGTUN\nx3vkyXZNzT+VeYUzWT3ksb4jp0OhipOHbAiVVxp0bWXnX3ydlFM1Fff+PLiRq6R4\nM09msXrStNvy6UdLReds3QcSXO1hh3xcQIsEL0EJAoIBAE0LZMbVI6t5C+TAaOVl\nvr0sQFjb72w+wB9DfvwjFR3AvtblKjRWwwV3uXSeliqRpHPlovxcl0V/UCEstwdJ\nDOCdNDkYJIWmD+Jy6bngQaJLgMvsfEQ2YJHR8WkEez2RdqJsOWu2jBjjLOGv0Jti\nnhiYqIXvyisQZARJB4WHbs7AFuI72GMw7egWq3d2HaTpKbr76jCbpX6v8P/TMRwx\nhTm97GGiJLCn180FO7Z9iFovLHOt66XPlG/a1D0tb72IsWTNYyy7WbtlvatuImdN\nkG0KxccUJsaL+bRMZWZoSySEdsA15200+2E4TI1uxtmmJ2uCJs3M7NaBgCSY5caQ\nBEkCggEBAIQbsFCAx8+Zk3JkgIWpFlShGmWU65/bpTnhhevpek5FxxaFP4mUJJTf\nzFIgLVjsUpuh5/t8QOCPbbK7YYykBDKFglEZFKa/MLcIlMI2fM5jOrPGekCjMQ3w\nuW8w6HXWLrLYkbyKzmriIsddw4PVjCNTObwK4CyIoFvosPqmuya7GWz7m/u67Pjr\nbKqZiDufQUkGnZ00vqBJa3hs7fNRFrErG7Rvc41l8Ku/1UyORJ767yl799ZXUN7Y\nQhm7EDAdO1oeZn2ifE4u219PmHTtaQpmzpL/RGURVigUxvO6bkvk4AG5YU6pCnmF\nKLEnU/I02Ym8BbXLZL36ckqhCHmXrT0=\n-----END PRIVATE KEY-----\n",
            "public_key_fingerprint_md5": "51:fc:3d:a6:04:72:e2:6e:9c:ee:65:39:ed:77:04:6d",
            "public_key_fingerprint_sha256": "SHA256:m2tbP8WaUjFwy2QOvZNqw5r6w+lZuIdnmwfPNghlc+Y",
            "public_key_openssh": "ssh-rsa AAAAB3NzaC1yc2EAAAADAQABAAACAQC/PckbtYAkns7DGtJjEQ4nLiwSHh8J0BUK2vU60c9nboMmVOqfdEcYy0S27FtR+/svKCfM+m0xLa5tYb61fr/Xbr6t5jotN3HUE4pOGVCN89yh9QSeDaMi80Mc4+np5xRP9OXo7O5bVtXWY2ldBuJx4WV+RGFBKG0OSACzfErfZOsrdmQnkKYKy9DgAxiluizLbJ9lI0qy0hJX/qahXuu5FFyeXZZ+9ZD39jYlzZBKNFf6FH8d2frxWgobeCJ1G6pntQDMETEeULJ66vST5GT6j/wXIqODJsxSZGADAdP10zV0xKErYdjKOPGB550qKNCnCKwCSMpDdA7nn2tA/jKBdpVm8EYSXvaOyfk8Kmo7AomNUUqPEv/7yHREQYP+QFTrqtEgxvg6A3BxEcWnkc41y2Gvi38xEo5FSGKF95tkPUJwWH8xtIroxTYLwEpuR94rjAwuH1Ovu7dU66kiDF5Wd5V6VXUdlGCEDDkbZVBb8zBT6U+uTANabnXp/JcA55nQetqp8AMj/wjBvgSCbRAoRfwO75soruSAbRryrio7yDd7KC8q5LVoC63K/vdeR3OgTE2GH/dTaegrVkSPr8NI5bZXeisu9YKHKufNnrDZTciDJ6Fz6mLdAKcTlJPkeaFj/Iz4w9sdxSIFPqkBy9wHXOJnKC3twzjSZpfSibG5kQ==\n",
            "public_key_pem": "-----BEGIN PUBLIC KEY-----\nMIICIjANBgkqhkiG9w0BAQEFAAOCAg8AMIICCgKCAgEAvz3JG7WAJJ7OwxrSYxEO\nJy4sEh4fCdAVCtr1OtHPZ26DJlTqn3RHGMtEtuxbUfv7LygnzPptMS2ubWG+tX6/\n126+reY6LTdx1BOKThlQjfPcofUEng2jIvNDHOPp6ecUT/Tl6OzuW1bV1mNpXQbi\nceFlfkRhQShtDkgAs3xK32TrK3ZkJ5CmCsvQ4AMYpbosy2yfZSNKstISV/6moV7r\nuRRcnl2WfvWQ9/Y2Jc2QSjRX+hR/Hdn68VoKG3gidRuqZ7UAzBExHlCyeur0k+Rk\n+o/8FyKjgybMUmRgAwHT9dM1dMShK2HYyjjxgeedKijQpwisAkjKQ3QO559rQP4y\ngXaVZvBGEl72jsn5PCpqOwKJjVFKjxL/+8h0REGD/kBU66rRIMb4OgNwcRHFp5HO\nNcthr4t/MRKORUhihfebZD1CcFh/MbSK6MU2C8BKbkfeK4wMLh9Tr7u3VOupIgxe\nVneVelV1HZRghAw5G2VQW/MwU+lPrkwDWm516fyXAOeZ0HraqfADI/8Iwb4Egm0Q\nKEX8Du+bKK7kgG0a8q4qO8g3eygvKuS1aAutyv73XkdzoExNhh/3U2noK1ZEj6/D\nSOW2V3orLvWChyrnzZ6w2U3Igyehc+pi3QCnE5ST5HmhY/yM+MPbHcUiBT6pAcvc\nB1ziZygt7cM40maX0omxuZECAwEAAQ==\n-----END PUBLIC KEY-----\n",
            "rsa_bits": 4096
          },
          "sensitive_attributes": [
            [
              {
                "type": "get_attr",
                "value": "private_key_openssh"
              }
            ],
            [
              {
                "type": "get_attr",
                "value": "private_key_pem"
              }
            ],
            [
              {
                "type": "get_attr",
                "value": "private_key_pem_pkcs8"
              }
            ]
          ],
          "identity_schema_version": 0,
          "create_before_destroy": true
        }
      ]
    },
    {
      "module": "module.autoscalingGroups",
      "mode": "managed",
      "type": "aws_autoscaling_group",
      "name": "asg_webserver",
      "provider": "provider[\"registry.terraform.io/hashicorp/aws\"]",
      "instances": [
        {
          "schema_version": 1,
          "attributes": {
            "arn": "arn:aws:autoscaling:us-west-1:367816904393:autoScalingGroup:baef28d3-2030-4105-80aa-776e677b9438:autoScalingGroupName/asg-fercanap",
            "availability_zone_distribution": [
              {
                "capacity_distribution_strategy": "balanced-best-effort"
              }
            ],
            "availability_zones": [
              "us-west-1b"
            ],
            "capacity_rebalance": false,
            "capacity_reservation_specification": [
              {
                "capacity_reservation_preference": "default",
                "capacity_reservation_target": []
              }
            ],
            "context": "",
            "default_cooldown": 300,
            "default_instance_warmup": 0,
            "desired_capacity": 1,
            "desired_capacity_type": "",
            "enabled_metrics": [],
            "force_delete": null,
            "force_delete_warm_pool": null,
            "health_check_grace_period": 300,
            "health_check_type": "EC2",
            "id": "asg-fercanap",
            "ignore_failed_scaling_activities": null,
            "initial_lifecycle_hook": [],
            "instance_maintenance_policy": [],
            "instance_refresh": [],
            "launch_configuration": "",
            "launch_template": [
              {
                "id": "lt-0a2ef29bcbefc5bc3",
                "name": "fercanap-launchcfg-20250605082936992600000001",
                "version": "$Latest"
              }
            ],
            "load_balancers": [],
            "max_instance_lifetime": 0,
            "max_size": 2,
            "metrics_granularity": "1Minute",
            "min_elb_capacity": null,
            "min_size": 1,
            "mixed_instances_policy": [],
            "name": "asg-fercanap",
            "name_prefix": "",
            "placement_group": "",
            "predicted_capacity": 0,
            "protect_from_scale_in": false,
            "service_linked_role_arn": "arn:aws:iam::367816904393:role/aws-service-role/autoscaling.amazonaws.com/AWSServiceRoleForAutoScaling",
            "suspended_processes": [
              "Terminate"
            ],
            "tag": [
              {
                "key": "Name",
                "propagate_at_launch": true,
                "value": "ASG-fercanap"
              }
            ],
            "target_group_arns": [
              "arn:aws:elasticloadbalancing:us-west-1:367816904393:targetgroup/tg-fercanap/e1b6072f3937a44a"
            ],
            "termination_policies": [
              "NewestInstance"
            ],
            "timeouts": null,
            "traffic_source": [
              {
                "identifier": "arn:aws:elasticloadbalancing:us-west-1:367816904393:targetgroup/tg-fercanap/e1b6072f3937a44a",
                "type": "elbv2"
              }
            ],
            "vpc_zone_identifier": [
              "subnet-01073bed474546021"
            ],
            "wait_for_capacity_timeout": null,
            "wait_for_elb_capacity": null,
            "warm_pool": [],
            "warm_pool_size": 0
          },
          "sensitive_attributes": [],
          "identity_schema_version": 0,
          "private": "eyJlMmJmYjczMC1lY2FhLTExZTYtOGY4OC0zNDM2M2JjN2M0YzAiOnsiZGVsZXRlIjo2MDAwMDAwMDAwMDAsInVwZGF0ZSI6NjAwMDAwMDAwMDAwfSwic2NoZW1hX3ZlcnNpb24iOiIxIn0="
        }
      ]
    },
    {
      "module": "module.autoscalingGroups",
      "mode": "managed",
      "type": "aws_launch_template",
      "name": "launch_webserver",
      "provider": "provider[\"registry.terraform.io/hashicorp/aws\"]",
      "instances": [
        {
          "schema_version": 0,
          "attributes": {
            "arn": "arn:aws:ec2:us-west-1:367816904393:launch-template/lt-0a014ad6905c887c9",
            "block_device_mappings": [],
            "capacity_reservation_specification": [],
            "cpu_options": [],
            "credit_specification": [],
            "default_version": 1,
            "description": "",
            "disable_api_stop": false,
            "disable_api_termination": false,
            "ebs_optimized": "",
            "elastic_gpu_specifications": [],
            "elastic_inference_accelerator": [],
            "enclave_options": [],
            "hibernation_options": [],
            "iam_instance_profile": [],
            "id": "lt-0a014ad6905c887c9",
            "image_id": "ami-000014e8d990531ed",
            "instance_initiated_shutdown_behavior": "",
            "instance_market_options": [
              {
                "market_type": "spot",
                "spot_options": [
                  {
                    "block_duration_minutes": 0,
                    "instance_interruption_behavior": "",
                    "max_price": "0.016",
                    "spot_instance_type": "",
                    "valid_until": ""
                  }
                ]
              }
            ],
            "instance_requirements": [],
            "instance_type": "t3a.nano",
            "kernel_id": "",
            "key_name": "fercanap-key-2",
            "latest_version": 1,
            "license_specification": [],
            "maintenance_options": [],
            "metadata_options": [],
            "monitoring": [],
            "name": "fercanap-lt-20250605170144642600000005",
            "name_prefix": "fercanap-lt-",
            "network_interfaces": [
              {
                "associate_carrier_ip_address": "",
                "associate_public_ip_address": "false",
                "connection_tracking_specification": [],
                "delete_on_termination": "",
                "description": "",
                "device_index": 0,
                "ena_srd_specification": [],
                "interface_type": "",
                "ipv4_address_count": 0,
                "ipv4_addresses": null,
                "ipv4_prefix_count": 0,
                "ipv4_prefixes": null,
                "ipv6_address_count": 0,
                "ipv6_addresses": null,
                "ipv6_prefix_count": 0,
                "ipv6_prefixes": null,
                "network_card_index": 0,
                "network_interface_id": "",
                "primary_ipv6": "",
                "private_ip_address": "",
                "security_groups": [
                  "sg-00d2ef8f47ea73898"
                ],
                "subnet_id": ""
              }
            ],
            "placement": [],
            "private_dns_name_options": [],
            "ram_disk_id": "",
            "security_group_names": null,
            "tag_specifications": [],
            "tags": null,
            "tags_all": {},
            "update_default_version": null,
            "user_data": "IyEvYmluL2Jhc2gKc2V0IC1lCgojIEFjdHVhbGl6YXIgcGFxdWV0ZXMgZSBpbnN0YWxhciBuZ2lueApzdWRvIGFwdC1nZXQgdXBkYXRlIC15CnN1ZG8gYXB0LWdldCBpbnN0YWxsIC15IG5naW54CgojIE1lbnNhamUgZGUgcHJ1ZWJhCmVjaG8gIjxoMT5Ib2xhIGRlc2RlICQoaG9zdG5hbWUpPC9oMT4iIHwgc3VkbyB0ZWUgL3Zhci93d3cvaHRtbC9pbmRleC5odG1sCnN1ZG8gc3lzdGVtY3RsIGVuYWJsZSBuZ2lueApzdWRvIHN5c3RlbWN0bCBzdGFydCBuZ2lueAo=",
            "vpc_security_group_ids": null
          },
          "sensitive_attributes": [],
          "identity_schema_version": 0,
          "private": "bnVsbA==",
          "dependencies": [
            "aws_key_pair.ec2_key",
            "data.aws_ami.ubuntu",
            "module.network.aws_vpc.vpc",
            "module.securityGroups.aws_security_group.bastion",
            "module.securityGroups.aws_security_group.private",
            "module.securityGroups.aws_security_group.public",
            "tls_private_key.privateKey"
          ],
          "create_before_destroy": true
        }
      ]
    },
    {
      "module": "module.ec2",
      "mode": "managed",
      "type": "aws_instance",
      "name": "bastion",
      "provider": "provider[\"registry.terraform.io/hashicorp/aws\"]",
      "instances": [
        {
          "schema_version": 1,
          "attributes": {
            "ami": "ami-000014e8d990531ed",
            "arn": "arn:aws:ec2:us-west-1:367816904393:instance/i-0950ad27161cc76c0",
            "associate_public_ip_address": true,
            "availability_zone": "us-west-1a",
            "capacity_reservation_specification": [
              {
                "capacity_reservation_preference": "open",
                "capacity_reservation_target": []
              }
            ],
            "cpu_core_count": 1,
            "cpu_options": [
              {
                "amd_sev_snp": "",
                "core_count": 1,
                "threads_per_core": 2
              }
            ],
            "cpu_threads_per_core": 2,
            "credit_specification": [
              {
                "cpu_credits": "unlimited"
              }
            ],
            "disable_api_stop": false,
            "disable_api_termination": false,
            "ebs_block_device": [],
            "ebs_optimized": false,
            "enable_primary_ipv6": null,
            "enclave_options": [
              {
                "enabled": false
              }
            ],
            "ephemeral_block_device": [],
            "get_password_data": false,
            "hibernation": false,
            "host_id": "",
            "host_resource_group_arn": null,
            "iam_instance_profile": "",
            "id": "i-0950ad27161cc76c0",
            "instance_initiated_shutdown_behavior": "stop",
            "instance_lifecycle": "",
            "instance_market_options": [],
            "instance_state": "running",
            "instance_type": "t3a.nano",
            "ipv6_address_count": 0,
            "ipv6_addresses": [],
            "key_name": "fercanap-key-2",
            "launch_template": [],
            "maintenance_options": [
              {
                "auto_recovery": "default"
              }
            ],
            "metadata_options": [
              {
                "http_endpoint": "enabled",
                "http_protocol_ipv6": "disabled",
                "http_put_response_hop_limit": 1,
                "http_tokens": "optional",
                "instance_metadata_tags": "disabled"
              }
            ],
            "monitoring": false,
            "network_interface": [],
            "outpost_arn": "",
            "password_data": "",
            "placement_group": "",
            "placement_partition_number": 0,
            "primary_network_interface_id": "eni-05a612ca29ee265e4",
            "private_dns": "ip-10-0-1-211.us-west-1.compute.internal",
            "private_dns_name_options": [
              {
                "enable_resource_name_dns_a_record": false,
                "enable_resource_name_dns_aaaa_record": false,
                "hostname_type": "ip-name"
              }
            ],
            "private_ip": "10.0.1.211",
            "public_dns": "",
            "public_ip": "54.176.4.47",
            "root_block_device": [
              {
                "delete_on_termination": true,
                "device_name": "/dev/sda1",
                "encrypted": false,
                "iops": 100,
                "kms_key_id": "",
                "tags": {},
                "tags_all": {},
                "throughput": 0,
                "volume_id": "vol-079a762def0300f43",
                "volume_size": 8,
                "volume_type": "gp2"
              }
            ],
            "secondary_private_ips": [],
            "security_groups": [],
            "source_dest_check": true,
            "spot_instance_request_id": "",
            "subnet_id": "subnet-0bc09d9687aabc3a6",
            "tags": {
              "Name": "bastion-fercanap"
            },
            "tags_all": {
              "Name": "bastion-fercanap"
            },
            "tenancy": "default",
            "timeouts": null,
            "user_data": null,
            "user_data_base64": null,
            "user_data_replace_on_change": false,
            "volume_tags": null,
            "vpc_security_group_ids": [
              "sg-0c2b9a54f03de0ee2"
            ]
          },
          "sensitive_attributes": [],
          "identity_schema_version": 0,
          "private": "eyJlMmJmYjczMC1lY2FhLTExZTYtOGY4OC0zNDM2M2JjN2M0YzAiOnsiY3JlYXRlIjo2MDAwMDAwMDAwMDAsImRlbGV0ZSI6MTIwMDAwMDAwMDAwMCwicmVhZCI6OTAwMDAwMDAwMDAwLCJ1cGRhdGUiOjYwMDAwMDAwMDAwMH0sInNjaGVtYV92ZXJzaW9uIjoiMSJ9",
          "dependencies": [
            "aws_key_pair.ec2_key",
            "data.aws_ami.ubuntu",
            "module.network.aws_subnet.public_subnet_a",
            "module.network.aws_vpc.vpc",
            "module.securityGroups.aws_security_group.bastion",
            "tls_private_key.privateKey"
          ]
        }
      ]
    },
    {
      "module": "module.loadbalancer",
      "mode": "managed",
      "type": "aws_lb",
      "name": "web_alb",
      "provider": "provider[\"registry.terraform.io/hashicorp/aws\"]",
      "instances": [
        {
          "schema_version": 0,
          "attributes": {
            "access_logs": [
              {
                "bucket": "",
                "enabled": false,
                "prefix": ""
              }
            ],
            "arn": "arn:aws:elasticloadbalancing:us-west-1:367816904393:loadbalancer/app/alb-fercanap/62fd309bce0afc25",
            "arn_suffix": "app/alb-fercanap/62fd309bce0afc25",
            "client_keep_alive": 3600,
            "connection_logs": [
              {
                "bucket": "",
                "enabled": false,
                "prefix": ""
              }
            ],
            "customer_owned_ipv4_pool": "",
            "desync_mitigation_mode": "defensive",
            "dns_name": "alb-fercanap-786384392.us-west-1.elb.amazonaws.com",
            "dns_record_client_routing_policy": null,
            "drop_invalid_header_fields": false,
            "enable_cross_zone_load_balancing": true,
            "enable_deletion_protection": false,
            "enable_http2": true,
            "enable_tls_version_and_cipher_suite_headers": false,
            "enable_waf_fail_open": false,
            "enable_xff_client_port": false,
            "enable_zonal_shift": false,
            "enforce_security_group_inbound_rules_on_private_link_traffic": "",
            "id": "arn:aws:elasticloadbalancing:us-west-1:367816904393:loadbalancer/app/alb-fercanap/62fd309bce0afc25",
            "idle_timeout": 60,
            "internal": false,
            "ip_address_type": "ipv4",
            "ipam_pools": [],
            "load_balancer_type": "application",
            "minimum_load_balancer_capacity": [],
            "name": "alb-fercanap",
            "name_prefix": "",
            "preserve_host_header": false,
            "security_groups": [
              "sg-0cc295ec8d0a180bb"
            ],
            "subnet_mapping": [
              {
                "allocation_id": "",
                "ipv6_address": "",
                "outpost_id": "",
                "private_ipv4_address": "",
                "subnet_id": "subnet-02ca185cb6f7b546d"
              },
              {
                "allocation_id": "",
                "ipv6_address": "",
                "outpost_id": "",
                "private_ipv4_address": "",
                "subnet_id": "subnet-0bc09d9687aabc3a6"
              }
            ],
            "subnets": [
              "subnet-02ca185cb6f7b546d",
              "subnet-0bc09d9687aabc3a6"
            ],
            "tags": {
              "Name": "alb-fercanap"
            },
            "tags_all": {
              "Name": "alb-fercanap"
            },
            "timeouts": null,
            "vpc_id": "vpc-0bdf0632bc629a8a6",
            "xff_header_processing_mode": "append",
            "zone_id": "Z368ELLRRE2KJ0"
          },
          "sensitive_attributes": [],
          "identity_schema_version": 0,
          "private": "eyJlMmJmYjczMC1lY2FhLTExZTYtOGY4OC0zNDM2M2JjN2M0YzAiOnsiY3JlYXRlIjo2MDAwMDAwMDAwMDAsImRlbGV0ZSI6NjAwMDAwMDAwMDAwLCJ1cGRhdGUiOjYwMDAwMDAwMDAwMH19",
          "dependencies": [
            "module.network.aws_subnet.public_subnet_a",
            "module.network.aws_subnet.public_subnet_b",
            "module.network.aws_vpc.vpc",
            "module.securityGroups.aws_security_group.public"
          ]
        }
      ]
    },
    {
      "module": "module.loadbalancer",
      "mode": "managed",
      "type": "aws_lb_listener",
      "name": "web_listener",
      "provider": "provider[\"registry.terraform.io/hashicorp/aws\"]",
      "instances": [
        {
          "schema_version": 0,
          "attributes": {
            "alpn_policy": null,
            "arn": "arn:aws:elasticloadbalancing:us-west-1:367816904393:listener/app/alb-fercanap/62fd309bce0afc25/858173dab1a81b7e",
            "certificate_arn": null,
            "default_action": [
              {
                "authenticate_cognito": [],
                "authenticate_oidc": [],
                "fixed_response": [],
                "forward": [],
                "order": 1,
                "redirect": [],
                "target_group_arn": "arn:aws:elasticloadbalancing:us-west-1:367816904393:targetgroup/tg-fercanap/d3bf806644dc7562",
                "type": "forward"
              }
            ],
            "id": "arn:aws:elasticloadbalancing:us-west-1:367816904393:listener/app/alb-fercanap/62fd309bce0afc25/858173dab1a81b7e",
            "load_balancer_arn": "arn:aws:elasticloadbalancing:us-west-1:367816904393:loadbalancer/app/alb-fercanap/62fd309bce0afc25",
            "mutual_authentication": [],
            "port": 80,
            "protocol": "HTTP",
            "routing_http_request_x_amzn_mtls_clientcert_header_name": null,
            "routing_http_request_x_amzn_mtls_clientcert_issuer_header_name": null,
            "routing_http_request_x_amzn_mtls_clientcert_leaf_header_name": null,
            "routing_http_request_x_amzn_mtls_clientcert_serial_number_header_name": null,
            "routing_http_request_x_amzn_mtls_clientcert_subject_header_name": null,
            "routing_http_request_x_amzn_mtls_clientcert_validity_header_name": null,
            "routing_http_request_x_amzn_tls_cipher_suite_header_name": null,
            "routing_http_request_x_amzn_tls_version_header_name": null,
            "routing_http_response_access_control_allow_credentials_header_value": "",
            "routing_http_response_access_control_allow_headers_header_value": "",
            "routing_http_response_access_control_allow_methods_header_value": "",
            "routing_http_response_access_control_allow_origin_header_value": "",
            "routing_http_response_access_control_expose_headers_header_value": "",
            "routing_http_response_access_control_max_age_header_value": "",
            "routing_http_response_content_security_policy_header_value": "",
            "routing_http_response_server_enabled": true,
            "routing_http_response_strict_transport_security_header_value": "",
            "routing_http_response_x_content_type_options_header_value": "",
            "routing_http_response_x_frame_options_header_value": "",
            "ssl_policy": "",
            "tags": null,
            "tags_all": {},
            "tcp_idle_timeout_seconds": null,
            "timeouts": null
          },
          "sensitive_attributes": [],
          "identity_schema_version": 0,
          "private": "eyJlMmJmYjczMC1lY2FhLTExZTYtOGY4OC0zNDM2M2JjN2M0YzAiOnsiY3JlYXRlIjozMDAwMDAwMDAwMDAsInVwZGF0ZSI6MzAwMDAwMDAwMDAwfX0=",
          "dependencies": [
            "module.loadbalancer.aws_lb.web_alb",
            "module.loadbalancer.aws_lb_target_group.web_tg",
            "module.network.aws_subnet.public_subnet_a",
            "module.network.aws_subnet.public_subnet_b",
            "module.network.aws_vpc.vpc",
            "module.securityGroups.aws_security_group.public"
          ]
        }
      ]
    },
    {
      "module": "module.loadbalancer",
      "mode": "managed",
      "type": "aws_lb_target_group",
      "name": "web_tg",
      "provider": "provider[\"registry.terraform.io/hashicorp/aws\"]",
      "instances": [
        {
          "schema_version": 0,
          "attributes": {
            "arn": "arn:aws:elasticloadbalancing:us-west-1:367816904393:targetgroup/tg-fercanap/d3bf806644dc7562",
            "arn_suffix": "targetgroup/tg-fercanap/d3bf806644dc7562",
            "connection_termination": null,
            "deregistration_delay": "300",
            "health_check": [
              {
                "enabled": true,
                "healthy_threshold": 2,
                "interval": 30,
                "matcher": "200",
                "path": "/",
                "port": "traffic-port",
                "protocol": "HTTP",
                "timeout": 5,
                "unhealthy_threshold": 2
              }
            ],
            "id": "arn:aws:elasticloadbalancing:us-west-1:367816904393:targetgroup/tg-fercanap/d3bf806644dc7562",
            "ip_address_type": "ipv4",
            "lambda_multi_value_headers_enabled": false,
            "load_balancer_arns": [],
            "load_balancing_algorithm_type": "round_robin",
            "load_balancing_anomaly_mitigation": "off",
            "load_balancing_cross_zone_enabled": "use_load_balancer_configuration",
            "name": "tg-fercanap",
            "name_prefix": "",
            "port": 80,
            "preserve_client_ip": null,
            "protocol": "HTTP",
            "protocol_version": "HTTP1",
            "proxy_protocol_v2": false,
            "slow_start": 0,
            "stickiness": [
              {
                "cookie_duration": 86400,
                "cookie_name": "",
                "enabled": false,
                "type": "lb_cookie"
              }
            ],
            "tags": {
              "Name": "tg-fercanap"
            },
            "tags_all": {
              "Name": "tg-fercanap"
            },
            "target_failover": [
              {
                "on_deregistration": null,
                "on_unhealthy": null
              }
            ],
            "target_group_health": [
              {
                "dns_failover": [
                  {
                    "minimum_healthy_targets_count": "1",
                    "minimum_healthy_targets_percentage": "off"
                  }
                ],
                "unhealthy_state_routing": [
                  {
                    "minimum_healthy_targets_count": 1,
                    "minimum_healthy_targets_percentage": "off"
                  }
                ]
              }
            ],
            "target_health_state": [
              {
                "enable_unhealthy_connection_termination": null,
                "unhealthy_draining_interval": null
              }
            ],
            "target_type": "instance",
            "vpc_id": "vpc-0bdf0632bc629a8a6"
          },
          "sensitive_attributes": [],
          "identity_schema_version": 0,
          "private": "bnVsbA==",
          "dependencies": [
            "module.network.aws_vpc.vpc"
          ],
          "create_before_destroy": true
        }
      ]
    },
    {
      "module": "module.network",
      "mode": "managed",
      "type": "aws_eip",
      "name": "nat_elastic_ip",
      "provider": "provider[\"registry.terraform.io/hashicorp/aws\"]",
      "instances": [
        {
          "schema_version": 0,
          "attributes": {
            "address": null,
            "allocation_id": "eipalloc-0c980caed3415bfe2",
            "arn": "arn:aws:ec2:us-west-1:367816904393:elastic-ip/eipalloc-0c980caed3415bfe2",
            "associate_with_private_ip": null,
            "association_id": "",
            "carrier_ip": "",
            "customer_owned_ip": "",
            "customer_owned_ipv4_pool": "",
            "domain": "vpc",
            "id": "eipalloc-0c980caed3415bfe2",
            "instance": "",
            "ipam_pool_id": null,
            "network_border_group": "us-west-1",
            "network_interface": "",
            "private_dns": null,
            "private_ip": "",
            "ptr_record": "",
            "public_dns": "ec2-54-219-243-135.us-west-1.compute.amazonaws.com",
            "public_ip": "54.219.243.135",
            "public_ipv4_pool": "amazon",
            "tags": null,
            "tags_all": {},
            "timeouts": null,
            "vpc": true
          },
          "sensitive_attributes": [],
          "identity_schema_version": 0,
          "private": "eyJlMmJmYjczMC1lY2FhLTExZTYtOGY4OC0zNDM2M2JjN2M0YzAiOnsiZGVsZXRlIjoxODAwMDAwMDAwMDAsInJlYWQiOjkwMDAwMDAwMDAwMCwidXBkYXRlIjozMDAwMDAwMDAwMDB9fQ=="
        }
      ]
    },
    {
      "module": "module.network",
      "mode": "managed",
      "type": "aws_internet_gateway",
      "name": "igw",
      "provider": "provider[\"registry.terraform.io/hashicorp/aws\"]",
      "instances": [
        {
          "schema_version": 0,
          "attributes": {
            "arn": "arn:aws:ec2:us-west-1:367816904393:internet-gateway/igw-02484ef816a7a8136",
            "id": "igw-02484ef816a7a8136",
            "owner_id": "367816904393",
            "tags": {
              "Name": "igw-fercanap",
              "Owner": "fercanap",
              "Project": "aws-final-lab"
            },
            "tags_all": {
              "Name": "igw-fercanap",
              "Owner": "fercanap",
              "Project": "aws-final-lab"
            },
            "timeouts": null,
            "vpc_id": "vpc-0bdf0632bc629a8a6"
          },
          "sensitive_attributes": [],
          "identity_schema_version": 0,
          "private": "eyJlMmJmYjczMC1lY2FhLTExZTYtOGY4OC0zNDM2M2JjN2M0YzAiOnsiY3JlYXRlIjoxMjAwMDAwMDAwMDAwLCJkZWxldGUiOjEyMDAwMDAwMDAwMDAsInVwZGF0ZSI6MTIwMDAwMDAwMDAwMH19",
          "dependencies": [
            "module.network.aws_vpc.vpc"
          ]
        }
      ]
    },
    {
      "module": "module.network",
      "mode": "managed",
      "type": "aws_nat_gateway",
      "name": "ngw",
      "provider": "provider[\"registry.terraform.io/hashicorp/aws\"]",
      "instances": [
        {
          "schema_version": 0,
          "attributes": {
            "allocation_id": "eipalloc-0c980caed3415bfe2",
            "association_id": "eipassoc-097b88df949210f67",
            "connectivity_type": "public",
            "id": "nat-02a08afdec68ff97b",
            "network_interface_id": "eni-0067fdbe74351e7fb",
            "private_ip": "10.0.1.193",
            "public_ip": "54.219.243.135",
            "secondary_allocation_ids": null,
            "secondary_private_ip_address_count": 0,
            "secondary_private_ip_addresses": [],
            "subnet_id": "subnet-0bc09d9687aabc3a6",
            "tags": {
              "Name": "nat-fercanap",
              "Owner": "fercanap",
              "Project": "aws-final-lab"
            },
            "tags_all": {
              "Name": "nat-fercanap",
              "Owner": "fercanap",
              "Project": "aws-final-lab"
            },
            "timeouts": null
          },
          "sensitive_attributes": [],
          "identity_schema_version": 0,
          "private": "eyJlMmJmYjczMC1lY2FhLTExZTYtOGY4OC0zNDM2M2JjN2M0YzAiOnsiY3JlYXRlIjo2MDAwMDAwMDAwMDAsImRlbGV0ZSI6MTgwMDAwMDAwMDAwMCwidXBkYXRlIjo2MDAwMDAwMDAwMDB9fQ==",
          "dependencies": [
            "module.network.aws_eip.nat_elastic_ip",
            "module.network.aws_internet_gateway.igw",
            "module.network.aws_subnet.public_subnet_a",
            "module.network.aws_vpc.vpc"
          ]
        }
      ]
    },
    {
      "module": "module.network",
      "mode": "managed",
      "type": "aws_route",
      "name": "private_route",
      "provider": "provider[\"registry.terraform.io/hashicorp/aws\"]",
      "instances": [
        {
          "schema_version": 0,
          "attributes": {
            "carrier_gateway_id": "",
            "core_network_arn": "",
            "destination_cidr_block": "0.0.0.0/0",
            "destination_ipv6_cidr_block": "",
            "destination_prefix_list_id": "",
            "egress_only_gateway_id": "",
            "gateway_id": "",
            "id": "r-rtb-04e550608d8fdb12d1080289494",
            "instance_id": "",
            "instance_owner_id": "",
            "local_gateway_id": "",
            "nat_gateway_id": "nat-02a08afdec68ff97b",
            "network_interface_id": "",
            "origin": "CreateRoute",
            "route_table_id": "rtb-04e550608d8fdb12d",
            "state": "active",
            "timeouts": null,
            "transit_gateway_id": "",
            "vpc_endpoint_id": "",
            "vpc_peering_connection_id": ""
          },
          "sensitive_attributes": [],
          "identity_schema_version": 0,
          "private": "eyJlMmJmYjczMC1lY2FhLTExZTYtOGY4OC0zNDM2M2JjN2M0YzAiOnsiY3JlYXRlIjozMDAwMDAwMDAwMDAsImRlbGV0ZSI6MzAwMDAwMDAwMDAwLCJ1cGRhdGUiOjEyMDAwMDAwMDAwMH19",
          "dependencies": [
            "module.network.aws_eip.nat_elastic_ip",
            "module.network.aws_internet_gateway.igw",
            "module.network.aws_nat_gateway.ngw",
            "module.network.aws_route_table.rt_nat",
            "module.network.aws_subnet.public_subnet_a",
            "module.network.aws_vpc.vpc"
          ]
        }
      ]
    },
    {
      "module": "module.network",
      "mode": "managed",
      "type": "aws_route",
      "name": "public_route",
      "provider": "provider[\"registry.terraform.io/hashicorp/aws\"]",
      "instances": [
        {
          "schema_version": 0,
          "attributes": {
            "carrier_gateway_id": "",
            "core_network_arn": "",
            "destination_cidr_block": "0.0.0.0/0",
            "destination_ipv6_cidr_block": "",
            "destination_prefix_list_id": "",
            "egress_only_gateway_id": "",
            "gateway_id": "igw-02484ef816a7a8136",
            "id": "r-rtb-01b1c609ee8cb8f411080289494",
            "instance_id": "",
            "instance_owner_id": "",
            "local_gateway_id": "",
            "nat_gateway_id": "",
            "network_interface_id": "",
            "origin": "CreateRoute",
            "route_table_id": "rtb-01b1c609ee8cb8f41",
            "state": "active",
            "timeouts": null,
            "transit_gateway_id": "",
            "vpc_endpoint_id": "",
            "vpc_peering_connection_id": ""
          },
          "sensitive_attributes": [],
          "identity_schema_version": 0,
          "private": "eyJlMmJmYjczMC1lY2FhLTExZTYtOGY4OC0zNDM2M2JjN2M0YzAiOnsiY3JlYXRlIjozMDAwMDAwMDAwMDAsImRlbGV0ZSI6MzAwMDAwMDAwMDAwLCJ1cGRhdGUiOjEyMDAwMDAwMDAwMH19",
          "dependencies": [
            "module.network.aws_internet_gateway.igw",
            "module.network.aws_route_table.rt_igw",
            "module.network.aws_vpc.vpc"
          ]
        }
      ]
    },
    {
      "module": "module.network",
      "mode": "managed",
      "type": "aws_route_table",
      "name": "rt_igw",
      "provider": "provider[\"registry.terraform.io/hashicorp/aws\"]",
      "instances": [
        {
          "schema_version": 0,
          "attributes": {
            "arn": "arn:aws:ec2:us-west-1:367816904393:route-table/rtb-01b1c609ee8cb8f41",
            "id": "rtb-01b1c609ee8cb8f41",
            "owner_id": "367816904393",
            "propagating_vgws": [],
            "route": [],
            "tags": {
              "Name": "rt-public-fercanap",
              "Owner": "fercanap",
              "Project": "aws-final-lab"
            },
            "tags_all": {
              "Name": "rt-public-fercanap",
              "Owner": "fercanap",
              "Project": "aws-final-lab"
            },
            "timeouts": null,
            "vpc_id": "vpc-0bdf0632bc629a8a6"
          },
          "sensitive_attributes": [],
          "identity_schema_version": 0,
          "private": "eyJlMmJmYjczMC1lY2FhLTExZTYtOGY4OC0zNDM2M2JjN2M0YzAiOnsiY3JlYXRlIjozMDAwMDAwMDAwMDAsImRlbGV0ZSI6MzAwMDAwMDAwMDAwLCJ1cGRhdGUiOjEyMDAwMDAwMDAwMH19",
          "dependencies": [
            "module.network.aws_vpc.vpc"
          ]
        }
      ]
    },
    {
      "module": "module.network",
      "mode": "managed",
      "type": "aws_route_table",
      "name": "rt_nat",
      "provider": "provider[\"registry.terraform.io/hashicorp/aws\"]",
      "instances": [
        {
          "schema_version": 0,
          "attributes": {
            "arn": "arn:aws:ec2:us-west-1:367816904393:route-table/rtb-04e550608d8fdb12d",
            "id": "rtb-04e550608d8fdb12d",
            "owner_id": "367816904393",
            "propagating_vgws": [],
            "route": [],
            "tags": {
              "Name": "rt-private-fercanap",
              "Owner": "fercanap",
              "Project": "aws-final-lab"
            },
            "tags_all": {
              "Name": "rt-private-fercanap",
              "Owner": "fercanap",
              "Project": "aws-final-lab"
            },
            "timeouts": null,
            "vpc_id": "vpc-0bdf0632bc629a8a6"
          },
          "sensitive_attributes": [],
          "identity_schema_version": 0,
          "private": "eyJlMmJmYjczMC1lY2FhLTExZTYtOGY4OC0zNDM2M2JjN2M0YzAiOnsiY3JlYXRlIjozMDAwMDAwMDAwMDAsImRlbGV0ZSI6MzAwMDAwMDAwMDAwLCJ1cGRhdGUiOjEyMDAwMDAwMDAwMH19",
          "dependencies": [
            "module.network.aws_vpc.vpc"
          ]
        }
      ]
    },
    {
      "module": "module.network",
      "mode": "managed",
      "type": "aws_route_table_association",
      "name": "private_subnet_association",
      "provider": "provider[\"registry.terraform.io/hashicorp/aws\"]",
      "instances": [
        {
          "schema_version": 0,
          "attributes": {
            "gateway_id": "",
            "id": "rtbassoc-07291ba240547111a",
            "route_table_id": "rtb-04e550608d8fdb12d",
            "subnet_id": "subnet-0dfe8245bb67f88b4",
            "timeouts": null
          },
          "sensitive_attributes": [],
          "identity_schema_version": 0,
          "private": "eyJlMmJmYjczMC1lY2FhLTExZTYtOGY4OC0zNDM2M2JjN2M0YzAiOnsiY3JlYXRlIjozMDAwMDAwMDAwMDAsImRlbGV0ZSI6MzAwMDAwMDAwMDAwLCJ1cGRhdGUiOjEyMDAwMDAwMDAwMH19",
          "dependencies": [
            "module.network.aws_route_table.rt_nat",
            "module.network.aws_subnet.private_subnet",
            "module.network.aws_vpc.vpc"
          ]
        }
      ]
    },
    {
      "module": "module.network",
      "mode": "managed",
      "type": "aws_route_table_association",
      "name": "public_subnet_association_a",
      "provider": "provider[\"registry.terraform.io/hashicorp/aws\"]",
      "instances": [
        {
          "schema_version": 0,
          "attributes": {
            "gateway_id": "",
            "id": "rtbassoc-05c96325159efbcbc",
            "route_table_id": "rtb-01b1c609ee8cb8f41",
            "subnet_id": "subnet-0bc09d9687aabc3a6",
            "timeouts": null
          },
          "sensitive_attributes": [],
          "identity_schema_version": 0,
          "private": "eyJlMmJmYjczMC1lY2FhLTExZTYtOGY4OC0zNDM2M2JjN2M0YzAiOnsiY3JlYXRlIjozMDAwMDAwMDAwMDAsImRlbGV0ZSI6MzAwMDAwMDAwMDAwLCJ1cGRhdGUiOjEyMDAwMDAwMDAwMH19",
          "dependencies": [
            "module.network.aws_route_table.rt_igw",
            "module.network.aws_subnet.public_subnet_a",
            "module.network.aws_vpc.vpc"
          ]
        }
      ]
    },
    {
      "module": "module.network",
      "mode": "managed",
      "type": "aws_route_table_association",
      "name": "public_subnet_association_b",
      "provider": "provider[\"registry.terraform.io/hashicorp/aws\"]",
      "instances": [
        {
          "schema_version": 0,
          "attributes": {
            "gateway_id": "",
            "id": "rtbassoc-0b6bb7073c5d1b3cc",
            "route_table_id": "rtb-01b1c609ee8cb8f41",
            "subnet_id": "subnet-02ca185cb6f7b546d",
            "timeouts": null
          },
          "sensitive_attributes": [],
          "identity_schema_version": 0,
          "private": "eyJlMmJmYjczMC1lY2FhLTExZTYtOGY4OC0zNDM2M2JjN2M0YzAiOnsiY3JlYXRlIjozMDAwMDAwMDAwMDAsImRlbGV0ZSI6MzAwMDAwMDAwMDAwLCJ1cGRhdGUiOjEyMDAwMDAwMDAwMH19",
          "dependencies": [
            "module.network.aws_route_table.rt_igw",
            "module.network.aws_subnet.public_subnet_b",
            "module.network.aws_vpc.vpc"
          ]
        }
      ]
    },
    {
      "module": "module.network",
      "mode": "managed",
      "type": "aws_subnet",
      "name": "private_subnet",
      "provider": "provider[\"registry.terraform.io/hashicorp/aws\"]",
      "instances": [
        {
          "schema_version": 1,
          "attributes": {
            "arn": "arn:aws:ec2:us-west-1:367816904393:subnet/subnet-0dfe8245bb67f88b4",
            "assign_ipv6_address_on_creation": false,
            "availability_zone": "us-west-1b",
            "availability_zone_id": "usw1-az1",
            "cidr_block": "10.0.3.0/24",
            "customer_owned_ipv4_pool": "",
            "enable_dns64": false,
            "enable_lni_at_device_index": 0,
            "enable_resource_name_dns_a_record_on_launch": false,
            "enable_resource_name_dns_aaaa_record_on_launch": false,
            "id": "subnet-0dfe8245bb67f88b4",
            "ipv6_cidr_block": "",
            "ipv6_cidr_block_association_id": "",
            "ipv6_native": false,
            "map_customer_owned_ip_on_launch": false,
            "map_public_ip_on_launch": false,
            "outpost_arn": "",
            "owner_id": "367816904393",
            "private_dns_hostname_type_on_launch": "ip-name",
            "tags": {
              "Name": "private-subnet-fercanap",
              "Owner": "fercanap",
              "Project": "aws-final-lab"
            },
            "tags_all": {
              "Name": "private-subnet-fercanap",
              "Owner": "fercanap",
              "Project": "aws-final-lab"
            },
            "timeouts": null,
            "vpc_id": "vpc-0bdf0632bc629a8a6"
          },
          "sensitive_attributes": [],
          "identity_schema_version": 0,
          "private": "eyJlMmJmYjczMC1lY2FhLTExZTYtOGY4OC0zNDM2M2JjN2M0YzAiOnsiY3JlYXRlIjo2MDAwMDAwMDAwMDAsImRlbGV0ZSI6MTIwMDAwMDAwMDAwMH0sInNjaGVtYV92ZXJzaW9uIjoiMSJ9",
          "dependencies": [
            "module.network.aws_vpc.vpc"
          ],
          "create_before_destroy": true
        }
      ]
    },
    {
      "module": "module.network",
      "mode": "managed",
      "type": "aws_subnet",
      "name": "public_subnet_a",
      "provider": "provider[\"registry.terraform.io/hashicorp/aws\"]",
      "instances": [
        {
          "schema_version": 1,
          "attributes": {
            "arn": "arn:aws:ec2:us-west-1:367816904393:subnet/subnet-0bc09d9687aabc3a6",
            "assign_ipv6_address_on_creation": false,
            "availability_zone": "us-west-1a",
            "availability_zone_id": "usw1-az3",
            "cidr_block": "10.0.1.0/24",
            "customer_owned_ipv4_pool": "",
            "enable_dns64": false,
            "enable_lni_at_device_index": 0,
            "enable_resource_name_dns_a_record_on_launch": false,
            "enable_resource_name_dns_aaaa_record_on_launch": false,
            "id": "subnet-0bc09d9687aabc3a6",
            "ipv6_cidr_block": "",
            "ipv6_cidr_block_association_id": "",
            "ipv6_native": false,
            "map_customer_owned_ip_on_launch": false,
            "map_public_ip_on_launch": false,
            "outpost_arn": "",
            "owner_id": "367816904393",
            "private_dns_hostname_type_on_launch": "ip-name",
            "tags": {
              "Name": "public-subnet-a-fercanap",
              "Owner": "fercanap",
              "Project": "aws-final-lab"
            },
            "tags_all": {
              "Name": "public-subnet-a-fercanap",
              "Owner": "fercanap",
              "Project": "aws-final-lab"
            },
            "timeouts": null,
            "vpc_id": "vpc-0bdf0632bc629a8a6"
          },
          "sensitive_attributes": [],
          "identity_schema_version": 0,
          "private": "eyJlMmJmYjczMC1lY2FhLTExZTYtOGY4OC0zNDM2M2JjN2M0YzAiOnsiY3JlYXRlIjo2MDAwMDAwMDAwMDAsImRlbGV0ZSI6MTIwMDAwMDAwMDAwMH0sInNjaGVtYV92ZXJzaW9uIjoiMSJ9",
          "dependencies": [
            "module.network.aws_vpc.vpc"
          ]
        }
      ]
    },
    {
      "module": "module.network",
      "mode": "managed",
      "type": "aws_subnet",
      "name": "public_subnet_b",
      "provider": "provider[\"registry.terraform.io/hashicorp/aws\"]",
      "instances": [
        {
          "schema_version": 1,
          "attributes": {
            "arn": "arn:aws:ec2:us-west-1:367816904393:subnet/subnet-02ca185cb6f7b546d",
            "assign_ipv6_address_on_creation": false,
            "availability_zone": "us-west-1b",
            "availability_zone_id": "usw1-az1",
            "cidr_block": "10.0.2.0/24",
            "customer_owned_ipv4_pool": "",
            "enable_dns64": false,
            "enable_lni_at_device_index": 0,
            "enable_resource_name_dns_a_record_on_launch": false,
            "enable_resource_name_dns_aaaa_record_on_launch": false,
            "id": "subnet-02ca185cb6f7b546d",
            "ipv6_cidr_block": "",
            "ipv6_cidr_block_association_id": "",
            "ipv6_native": false,
            "map_customer_owned_ip_on_launch": false,
            "map_public_ip_on_launch": false,
            "outpost_arn": "",
            "owner_id": "367816904393",
            "private_dns_hostname_type_on_launch": "ip-name",
            "tags": {
              "Name": "public-subnet-b-fercanap",
              "Owner": "fercanap",
              "Project": "aws-final-lab"
            },
            "tags_all": {
              "Name": "public-subnet-b-fercanap",
              "Owner": "fercanap",
              "Project": "aws-final-lab"
            },
            "timeouts": null,
            "vpc_id": "vpc-0bdf0632bc629a8a6"
          },
          "sensitive_attributes": [],
          "identity_schema_version": 0,
          "private": "eyJlMmJmYjczMC1lY2FhLTExZTYtOGY4OC0zNDM2M2JjN2M0YzAiOnsiY3JlYXRlIjo2MDAwMDAwMDAwMDAsImRlbGV0ZSI6MTIwMDAwMDAwMDAwMH0sInNjaGVtYV92ZXJzaW9uIjoiMSJ9",
          "dependencies": [
            "module.network.aws_vpc.vpc"
          ]
        }
      ]
    },
    {
      "module": "module.network",
      "mode": "managed",
      "type": "aws_vpc",
      "name": "vpc",
      "provider": "provider[\"registry.terraform.io/hashicorp/aws\"]",
      "instances": [
        {
          "schema_version": 1,
          "attributes": {
            "arn": "arn:aws:ec2:us-west-1:367816904393:vpc/vpc-0bdf0632bc629a8a6",
            "assign_generated_ipv6_cidr_block": false,
            "cidr_block": "10.0.0.0/16",
            "default_network_acl_id": "acl-0bddf7aaa5d7d808a",
            "default_route_table_id": "rtb-0fbad6f351ca41042",
            "default_security_group_id": "sg-0e69de9eeca453d32",
            "dhcp_options_id": "dopt-039abb22ec8aabf8b",
            "enable_dns_hostnames": false,
            "enable_dns_support": true,
            "enable_network_address_usage_metrics": false,
            "id": "vpc-0bdf0632bc629a8a6",
            "instance_tenancy": "default",
            "ipv4_ipam_pool_id": null,
            "ipv4_netmask_length": null,
            "ipv6_association_id": "",
            "ipv6_cidr_block": "",
            "ipv6_cidr_block_network_border_group": "",
            "ipv6_ipam_pool_id": "",
            "ipv6_netmask_length": 0,
            "main_route_table_id": "rtb-0fbad6f351ca41042",
            "owner_id": "367816904393",
            "tags": {
              "Name": "vpc-fercanap",
              "Owner": "fercanap",
              "Project": "aws-final-lab"
            },
            "tags_all": {
              "Name": "vpc-fercanap",
              "Owner": "fercanap",
              "Project": "aws-final-lab"
            }
          },
          "sensitive_attributes": [],
          "identity_schema_version": 0,
          "private": "eyJzY2hlbWFfdmVyc2lvbiI6IjEifQ==",
          "create_before_destroy": true
        }
      ]
    },
    {
      "module": "module.securityGroups",
      "mode": "managed",
      "type": "aws_security_group",
      "name": "bastion",
      "provider": "provider[\"registry.terraform.io/hashicorp/aws\"]",
      "instances": [
        {
          "schema_version": 1,
          "attributes": {
            "arn": "arn:aws:ec2:us-west-1:367816904393:security-group/sg-0c2b9a54f03de0ee2",
            "description": "Allow SSH from anywhere",
            "egress": [
              {
                "cidr_blocks": [
                  "0.0.0.0/0"
                ],
                "description": "",
                "from_port": 0,
                "ipv6_cidr_blocks": [],
                "prefix_list_ids": [],
                "protocol": "-1",
                "security_groups": [],
                "self": false,
                "to_port": 0
              }
            ],
            "id": "sg-0c2b9a54f03de0ee2",
            "ingress": [
              {
                "cidr_blocks": [
                  "0.0.0.0/0"
                ],
                "description": "",
                "from_port": 22,
                "ipv6_cidr_blocks": [],
                "prefix_list_ids": [],
                "protocol": "tcp",
                "security_groups": [],
                "self": false,
                "to_port": 22
              }
            ],
            "name": "bastion-sg",
            "name_prefix": "",
            "owner_id": "367816904393",
            "revoke_rules_on_delete": false,
            "tags": {
              "Name": "bastion-sg",
              "Owner": "fercanap",
              "Project": "aws-final-lab"
            },
            "tags_all": {
              "Name": "bastion-sg",
              "Owner": "fercanap",
              "Project": "aws-final-lab"
            },
            "timeouts": null,
            "vpc_id": "vpc-0bdf0632bc629a8a6"
          },
          "sensitive_attributes": [],
          "identity_schema_version": 0,
          "private": "eyJlMmJmYjczMC1lY2FhLTExZTYtOGY4OC0zNDM2M2JjN2M0YzAiOnsiY3JlYXRlIjo2MDAwMDAwMDAwMDAsImRlbGV0ZSI6OTAwMDAwMDAwMDAwfSwic2NoZW1hX3ZlcnNpb24iOiIxIn0=",
          "dependencies": [
            "module.network.aws_vpc.vpc"
          ],
          "create_before_destroy": true
        }
      ]
    },
    {
      "module": "module.securityGroups",
      "mode": "managed",
      "type": "aws_security_group",
      "name": "private",
      "provider": "provider[\"registry.terraform.io/hashicorp/aws\"]",
      "instances": [
        {
          "schema_version": 1,
          "attributes": {
            "arn": "arn:aws:ec2:us-west-1:367816904393:security-group/sg-00d2ef8f47ea73898",
            "description": "Allow HTTP/HTTPS from public SG and SSH from bastion",
            "egress": [
              {
                "cidr_blocks": [
                  "0.0.0.0/0"
                ],
                "description": "",
                "from_port": 0,
                "ipv6_cidr_blocks": [],
                "prefix_list_ids": [],
                "protocol": "-1",
                "security_groups": [],
                "self": false,
                "to_port": 0
              }
            ],
            "id": "sg-00d2ef8f47ea73898",
            "ingress": [
              {
                "cidr_blocks": [],
                "description": "",
                "from_port": 22,
                "ipv6_cidr_blocks": [],
                "prefix_list_ids": [],
                "protocol": "tcp",
                "security_groups": [
                  "sg-0c2b9a54f03de0ee2"
                ],
                "self": false,
                "to_port": 22
              },
              {
                "cidr_blocks": [],
                "description": "",
                "from_port": 443,
                "ipv6_cidr_blocks": [],
                "prefix_list_ids": [],
                "protocol": "tcp",
                "security_groups": [
                  "sg-0cc295ec8d0a180bb"
                ],
                "self": false,
                "to_port": 443
              },
              {
                "cidr_blocks": [],
                "description": "",
                "from_port": 80,
                "ipv6_cidr_blocks": [],
                "prefix_list_ids": [],
                "protocol": "tcp",
                "security_groups": [
                  "sg-0cc295ec8d0a180bb"
                ],
                "self": false,
                "to_port": 80
              }
            ],
            "name": "private-sg",
            "name_prefix": "",
            "owner_id": "367816904393",
            "revoke_rules_on_delete": false,
            "tags": {
              "Name": "private-sg",
              "Owner": "fercanap",
              "Project": "aws-final-lab"
            },
            "tags_all": {
              "Name": "private-sg",
              "Owner": "fercanap",
              "Project": "aws-final-lab"
            },
            "timeouts": null,
            "vpc_id": "vpc-0bdf0632bc629a8a6"
          },
          "sensitive_attributes": [],
          "identity_schema_version": 0,
          "private": "eyJlMmJmYjczMC1lY2FhLTExZTYtOGY4OC0zNDM2M2JjN2M0YzAiOnsiY3JlYXRlIjo2MDAwMDAwMDAwMDAsImRlbGV0ZSI6OTAwMDAwMDAwMDAwfSwic2NoZW1hX3ZlcnNpb24iOiIxIn0=",
          "dependencies": [
            "module.network.aws_vpc.vpc",
            "module.securityGroups.aws_security_group.bastion",
            "module.securityGroups.aws_security_group.public"
          ],
          "create_before_destroy": true
        }
      ]
    },
    {
      "module": "module.securityGroups",
      "mode": "managed",
      "type": "aws_security_group",
      "name": "public",
      "provider": "provider[\"registry.terraform.io/hashicorp/aws\"]",
      "instances": [
        {
          "schema_version": 1,
          "attributes": {
            "arn": "arn:aws:ec2:us-west-1:367816904393:security-group/sg-0cc295ec8d0a180bb",
            "description": "Allow HTTP and HTTPS",
            "egress": [
              {
                "cidr_blocks": [
                  "0.0.0.0/0"
                ],
                "description": "",
                "from_port": 0,
                "ipv6_cidr_blocks": [],
                "prefix_list_ids": [],
                "protocol": "-1",
                "security_groups": [],
                "self": false,
                "to_port": 0
              }
            ],
            "id": "sg-0cc295ec8d0a180bb",
            "ingress": [
              {
                "cidr_blocks": [
                  "0.0.0.0/0"
                ],
                "description": "",
                "from_port": 443,
                "ipv6_cidr_blocks": [],
                "prefix_list_ids": [],
                "protocol": "tcp",
                "security_groups": [],
                "self": false,
                "to_port": 443
              },
              {
                "cidr_blocks": [
                  "0.0.0.0/0"
                ],
                "description": "",
                "from_port": 80,
                "ipv6_cidr_blocks": [],
                "prefix_list_ids": [],
                "protocol": "tcp",
                "security_groups": [],
                "self": false,
                "to_port": 80
              }
            ],
            "name": "public-sg",
            "name_prefix": "",
            "owner_id": "367816904393",
            "revoke_rules_on_delete": false,
            "tags": {
              "Name": "public-sg",
              "Owner": "fercanap",
              "Project": "aws-final-lab"
            },
            "tags_all": {
              "Name": "public-sg",
              "Owner": "fercanap",
              "Project": "aws-final-lab"
            },
            "timeouts": null,
            "vpc_id": "vpc-0bdf0632bc629a8a6"
          },
          "sensitive_attributes": [],
          "identity_schema_version": 0,
          "private": "eyJlMmJmYjczMC1lY2FhLTExZTYtOGY4OC0zNDM2M2JjN2M0YzAiOnsiY3JlYXRlIjo2MDAwMDAwMDAwMDAsImRlbGV0ZSI6OTAwMDAwMDAwMDAwfSwic2NoZW1hX3ZlcnNpb24iOiIxIn0=",
          "dependencies": [
            "module.network.aws_vpc.vpc"
          ],
          "create_before_destroy": true
        }
      ]
    }
  ],
  "check_results": null
}
