{
  "version": 4,
  "terraform_version": "1.12.0",
  "serial": 27,
  "lineage": "eff3640f-d476-17bd-9205-1955ee4ef04d",
  "outputs": {
    "bastion_ssh_command": {
      "value": "ssh -i key.pem ubuntu@54.241.68.82",
      "type": "string"
    },
    "public_subnet_a_id": {
      "value": "subnet-00300831be92ba687",
      "type": "string"
    },
    "vpc_id": {
      "value": "vpc-0dde345d35d826ce3",
      "type": "string"
    },
    "web_alb_url": {
      "value": "http://alb-fercanap-116556807.us-west-1.elb.amazonaws.com",
      "type": "string"
    }
  },
  "resources": [
    {
      "mode": "data",
      "type": "aws_ami",
      "name": "ubuntu",
      "provider": "provider[\"registry.terraform.io/hashicorp/aws\"]",
      "instances": [
        {
          "schema_version": 0,
          "attributes": {
            "architecture": "x86_64",
            "arn": "arn:aws:ec2:us-west-1::image/ami-000014e8d990531ed",
            "block_device_mappings": [
              {
                "device_name": "/dev/sda1",
                "ebs": {
                  "delete_on_termination": "true",
                  "encrypted": "false",
                  "iops": "0",
                  "snapshot_id": "snap-0fa8939a819a68be3",
                  "throughput": "0",
                  "volume_initialization_rate": "0",
                  "volume_size": "8",
                  "volume_type": "gp2"
                },
                "no_device": "",
                "virtual_name": ""
              },
              {
                "device_name": "/dev/sdb",
                "ebs": {},
                "no_device": "",
                "virtual_name": "ephemeral0"
              },
              {
                "device_name": "/dev/sdc",
                "ebs": {},
                "no_device": "",
                "virtual_name": "ephemeral1"
              }
            ],
            "boot_mode": "legacy-bios",
            "creation_date": "2025-06-03T15:16:59.000Z",
            "deprecation_time": "2027-06-03T15:16:59.000Z",
            "description": "Canonical, Ubuntu, 20.04, amd64 focal image",
            "ena_support": true,
            "executable_users": null,
            "filter": [
              {
                "name": "name",
                "values": [
                  "ubuntu/images/hvm-ssd/ubuntu-focal-20.04-amd64-server-*"
                ]
              },
              {
                "name": "virtualization-type",
                "values": [
                  "hvm"
                ]
              }
            ],
            "hypervisor": "xen",
            "id": "ami-000014e8d990531ed",
            "image_id": "ami-000014e8d990531ed",
            "image_location": "amazon/ubuntu/images/hvm-ssd/ubuntu-focal-20.04-amd64-server-20250603",
            "image_owner_alias": "amazon",
            "image_type": "machine",
            "imds_support": "",
            "include_deprecated": false,
            "kernel_id": "",
            "last_launched_time": "",
            "most_recent": true,
            "name": "ubuntu/images/hvm-ssd/ubuntu-focal-20.04-amd64-server-20250603",
            "name_regex": null,
            "owner_id": "099720109477",
            "owners": [
              "099720109477"
            ],
            "platform": "",
            "platform_details": "Linux/UNIX",
            "product_codes": [],
            "public": true,
            "ramdisk_id": "",
            "root_device_name": "/dev/sda1",
            "root_device_type": "ebs",
            "root_snapshot_id": "snap-0fa8939a819a68be3",
            "sriov_net_support": "simple",
            "state": "available",
            "state_reason": {
              "code": "UNSET",
              "message": "UNSET"
            },
            "tags": {},
            "timeouts": null,
            "tpm_support": "",
            "uefi_data": null,
            "usage_operation": "RunInstances",
            "virtualization_type": "hvm"
          },
          "sensitive_attributes": [],
          "identity_schema_version": 0
        }
      ]
    },
    {
      "mode": "managed",
      "type": "aws_key_pair",
      "name": "ec2_key",
      "provider": "provider[\"registry.terraform.io/hashicorp/aws\"]",
      "instances": [
        {
          "schema_version": 1,
          "attributes": {
            "arn": "arn:aws:ec2:us-west-1:367816904393:key-pair/fercanap-key-2",
            "fingerprint": "99:c3:32:51:07:c1:36:b2:92:b2:8c:fc:fc:69:ba:75",
            "id": "fercanap-key-2",
            "key_name": "fercanap-key-2",
            "key_name_prefix": "",
            "key_pair_id": "key-085187460aa822775",
            "key_type": "rsa",
            "public_key": "ssh-rsa AAAAB3NzaC1yc2EAAAADAQABAAACAQC0liiq8wkCLC6HykZAYQFWIkKFdd8KJqsqqKeqior1rj/x6Q1mnvpnzp7aoYPqxcwN6iUTihqph5RyXYE70fpe0xJitFB/4TjhEnTagoDU143GLFtL2sBZjZPc57BbK8glvupvsoQLIWwuMhHY60bM4SP0/cbssZgQzcHh3O1LI/G2QiRlWVMZI68oEfkVliBnNC7n+6TjoyHDmVI5Kfz0TV0fnHbVzIXufx2Yn9kxuVivPczsmZeBN07Hqlxh2zGaopccnXHTjwHSHdpuQea5oT5+BmsxW+MrqAs1C0JBuNntvYzH799Q1pjxA6F5dvW1lEgFPOpVotj+E6pfxVcjiFVvYDKa8hg5WBck6PDEM1CYOm2msy8ZeKhILkC0e4zu8KfTqdQ6jnbrGVEZAoGdZ8YzjTunoAtVTwMTL3C3GuHMkeidcPmfe/frlHrqvhPloXnS91aGW/RbS7FG5j0DIwg7jqEjdPBi9pi3xaU5UyFHhrSljLjUl85fcMmJfY8JJSt+NifOdV6kA2Pc/x2cVOKS/jMxoKDNZqHDGdAQb3enchZdSm5j8lKVa58Ff72BqXQkfysEeH5JlBPjcUdE+TXJrbmX9lIbKManoUcFN6tmk7ER9mH7lMxt2iEkMnQmmNoHbvVDd8V0q11qlBXdKls9vr1E7axJzJlDtJ9TKQ==",
            "tags": null,
            "tags_all": {}
          },
          "sensitive_attributes": [],
          "identity_schema_version": 0,
          "private": "eyJzY2hlbWFfdmVyc2lvbiI6IjEifQ==",
          "dependencies": [
            "tls_private_key.privateKey"
          ],
          "create_before_destroy": true
        }
      ]
    },
    {
      "mode": "managed",
      "type": "local_file",
      "name": "key_file",
      "provider": "provider[\"registry.terraform.io/hashicorp/local\"]",
      "instances": [
        {
          "schema_version": 0,
          "attributes": {
            "content": "-----BEGIN RSA PRIVATE KEY-----\nMIIJKQIBAAKCAgEAtJYoqvMJAiwuh8pGQGEBViJChXXfCiarKqinqoqK9a4/8ekN\nZp76Z86e2qGD6sXMDeolE4oaqYeUcl2BO9H6XtMSYrRQf+E44RJ02oKA1NeNxixb\nS9rAWY2T3OewWyvIJb7qb7KECyFsLjIR2OtGzOEj9P3G7LGYEM3B4dztSyPxtkIk\nZVlTGSOvKBH5FZYgZzQu5/uk46Mhw5lSOSn89E1dH5x21cyF7n8dmJ/ZMblYrz3M\n7JmXgTdOx6pcYdsxmqKXHJ1x048B0h3abkHmuaE+fgZrMVvjK6gLNQtCQbjZ7b2M\nx+/fUNaY8QOheXb1tZRIBTzqVaLY/hOqX8VXI4hVb2AymvIYOVgXJOjwxDNQmDpt\nprMvGXioSC5AtHuM7vCn06nUOo526xlRGQKBnWfGM407p6ALVU8DEy9wtxrhzJHo\nnXD5n3v365R66r4T5aF50vdWhlv0W0uxRuY9AyMIO46hI3TwYvaYt8WlOVMhR4a0\npYy41JfOX3DJiX2PCSUrfjYnznVepANj3P8dnFTikv4zMaCgzWahwxnQEG93p3IW\nXUpuY/JSlWufBX+9gal0JH8rBHh+SZQT43FHRPk1ya25l/ZSGyjGp6FHBTerZpOx\nEfZh+5TMbdohJDJ0JpjaB271Q3fFdKtdapQV3SpbPb69RO2sScyZQ7SfUykCAwEA\nAQKCAgAIs290L8+QTjv+XkLyQ8+XrIDorfGNgKggnw2tDDh+do3YLwgZQ1xXTL+f\nUxw9tJgMrOpqaENj8Fy5Ae5XHoU3X74etAdo50YhT2KtSzpqhumVfHpNoQBBkFkT\n0gn6P+rIfswMOQgJrUDpcjolPyN4faSI361fptLn2bIXcC3yv+Gb4XtKyCSr179P\nE/FHa/tVsvr2QcwDt87JqNqAV0M71iUVf9QYoF5s9lehDJqfaF8bL8QZkPDu0JEN\nfRTZwNZBWBzQdnmPMvBohPhgSvE998SWDTh0TAlvB2K62eGwXvgJGhKYE45T9nME\nsc3Bl3dmmfq6XeFV4knIPCmqVvdyxxzg3jz6U4csGu+qLybh1BhzOVN5PyvjUkOz\n3MhnX3B9IBp/nCpjmSe5CGqIevrsbXIxRP6D+XHibdnSwZ6mkdj7LppyL9oDWYvJ\nRlFuGitlSMlpelNJRSPH8zmDSMGjaUdSlINBvbyU1x4Wbp23Jsh6Xw6Cf/Tnxi+y\nZjbvdzBaZ8bZ3NwGkgnp0R0iYxXEnRqO8+K6ZpoUOf/O5WTR6s8huWQU0SpYdENk\nRSAxtpJ81XQmwZCYGX+6D94X29Nbqg+lhHCWc31Uh6j4WaF23H+FTR8A6Qxi7ur9\n/uEsRqhpNZDn2HymhNHpl5SvYCV+wmms3+JJUBFT80Z0/Iv2MQKCAQEA1ZoQfPmV\nNItE6F5g0MN6yOD5WtoJA6BeB+LQEb1T0ew6yBSDVkCLS1mHCx4074lCUfv6MXVE\nk96Kn97DR137C4gk5iExWncaeA1wxL2w4Xd2p0Kbv3qNX5Vcdt749ejCc6IbP6Oa\n+zdgqqbM38p/adYWsg597iIA/J2O7tEaFkl+pJGcdXFvkm162SIB/hn/bTiF6Fqh\nZj3XKMeJelvlbAuakGYz2vbY23Hi27Lo56oMvxB9kU0g1foToNUh3gU8odT8k0SJ\nLLTf6d/vakJRY3Y6McDDH06FykzcaWo9mgpDVyzBpThtaOggJrLIAvyjWxbsjh+t\nNA4mr6LYrzjcbQKCAQEA2G52HnH4fA7BMJW7n6u1G+GVKayl4DeX5DCOQkV6x9oc\ngT7HQpQpxc4BbthsIFB5wS5YO2PwvQ9DuEhXFgkLaqWy1rJOaxRMdmEadjtlFC+7\nhahz2s6g4SdRf3EOp0MUJ/LFfmCAh+lICx6t2OXaHFhribGRYZ3m1wm+fWBQo8sg\nnHE2cWfNtRjKOhjtY790kXhgSKZ24THmX0BijFEQv7j40HZk8x2VatPKb8erTPWk\npSCkYodbpEKT3XN5uXrFSZISyqxilVAoKtzhyI7/0u8CArwfKlA9LX5wq50Nk/P3\nCkSaBICEisMw/tjuVEcRArZxp5cJcOy/wBn8195kLQKCAQEAldMf95lVF+sMJXV1\nsVk8OcTcAubm5b1J13w3eAn1zkxFmuwQh6J0UiD1AU5p0Q7VDw6QmrpnpNS3JZYq\nIVgBbEBNqYHkzVC3pze+PrHTbQLPnlixSGjc2wu4NMUHme1u3474T/YhEk7wpiKj\nl+HA52q8tp5FpJADYy3dARR4mONqSmK8fQBZQzs5rS4WebagnGrGOom/piiAT+FO\nRB5LWTL2cozNmKwGxj4m4vWmOkDj+ezGNvIDszNbKzf0Lng75EOx+lZbZZllafWi\nSEVGM17NSPKtqrr4S0MIY4Sauv6x52bEWXCwBaK0UpCajMXKi20T9kivw9CdQBsY\npCddLQKCAQEA1k4CXcEid8ywVKhe4QrHyTTEW0Cd+vdxSj0eD9b2bX+2K+/6pB1L\ng5apapWX8yNcfAGk0iHylXHQ71+KA8Ku8EnkXJyv821lDO63ogzL2IIvH3ieRzHE\nsU0acKOFC+/qvGeyUKHDg1BlysT1BUkLgHe4+928g7kzgwgd+81r69PNlbqwWvib\nAs/qJj7aiKNiDEzyod1a5z9eykBZlHEMsZq5nMkuymAnvGC8GZTPNOQixHMe8oTv\nJCXcfjHCfPto8KFYRCEPeKOnMlIGq22VOMr65bRa864B9dM2Q2e+sxqmKh+llgGf\nvDrsf9xTmVXJLTN0NKrkaVGzyMayyxllfQKCAQAz9sDXwP023uIQt3JQ52MFz3tm\nC/EXddR7Tfo3dt488R/0bVAs6tv98EI2Y0HiOftqnOlK9C6AADhdKn9VAeE5xJP/\nWnTRYC0AAMWR2QpFZOtBfufK6R4SEqYY906NdAIndjSRVhs2W+k8mG8267yBeH/h\nijxLqWctA5EUJGZZlbRjNa8GfL6Z1qm2xIu9HXHfktcwM5oZ4t5vA1YtIRVatfxh\nL7Xkp292NkuSarTnWKRp5GrypiNjMoyMKqc/Dc4HOmLB/m/WvCW/jWstLrIpqfvv\nsUPF9XPKv+Wp/4pesOWQUSucNd6/TGuHC7JDlOZ6Liycux2ZpvCY2FbM1klR\n-----END RSA PRIVATE KEY-----\n",
            "content_base64": null,
            "content_base64sha256": "TgLIErOI2gxvo392XG+Lqohwrq8KXDMF+L1G0gviixU=",
            "content_base64sha512": "sOXh0PLlfvYzesqJBAU1zHOm82+ONoxZ/SRtk8WB/kUupTsqzO2505F2UrH3uaFCiySSrY4Hz7jiBEhRLT7Qkw==",
            "content_md5": "f8564590bad2c091707093727d6cd8a8",
            "content_sha1": "5883142f8e4c4a65f949e9d1158dc299f90a0290",
            "content_sha256": "4e02c812b388da0c6fa37f765c6f8baa8870aeaf0a5c3305f8bd46d20be28b15",
            "content_sha512": "b0e5e1d0f2e57ef6337aca89040535cc73a6f36f8e368c59fd246d93c581fe452ea53b2accedb9d3917652b1f7b9a1428b2492ad8e07cfb8e20448512d3ed093",
            "directory_permission": "0777",
            "file_permission": "0400",
            "filename": "./key.pem",
            "id": "5883142f8e4c4a65f949e9d1158dc299f90a0290",
            "sensitive_content": null,
            "source": null
          },
          "sensitive_attributes": [
            [
              {
                "type": "get_attr",
                "value": "content"
              }
            ],
            [
              {
                "type": "get_attr",
                "value": "sensitive_content"
              }
            ]
          ],
          "identity_schema_version": 0,
          "dependencies": [
            "tls_private_key.privateKey"
          ]
        }
      ]
    },
    {
      "mode": "managed",
      "type": "tls_private_key",
      "name": "privateKey",
      "provider": "provider[\"registry.terraform.io/hashicorp/tls\"]",
      "instances": [
        {
          "schema_version": 1,
          "attributes": {
            "algorithm": "RSA",
            "ecdsa_curve": "P224",
            "id": "2b21e6395dea1ec8ee0e94b1e1c8231b8cc4ae43",
            "private_key_openssh": "-----BEGIN OPENSSH PRIVATE KEY-----\nb3BlbnNzaC1rZXktdjEAAAAABG5vbmUAAAAEbm9uZQAAAAAAAAABAAACFwAAAAdz\nc2gtcnNhAAAAAwEAAQAAAgEAtJYoqvMJAiwuh8pGQGEBViJChXXfCiarKqinqoqK\n9a4/8ekNZp76Z86e2qGD6sXMDeolE4oaqYeUcl2BO9H6XtMSYrRQf+E44RJ02oKA\n1NeNxixbS9rAWY2T3OewWyvIJb7qb7KECyFsLjIR2OtGzOEj9P3G7LGYEM3B4dzt\nSyPxtkIkZVlTGSOvKBH5FZYgZzQu5/uk46Mhw5lSOSn89E1dH5x21cyF7n8dmJ/Z\nMblYrz3M7JmXgTdOx6pcYdsxmqKXHJ1x048B0h3abkHmuaE+fgZrMVvjK6gLNQtC\nQbjZ7b2Mx+/fUNaY8QOheXb1tZRIBTzqVaLY/hOqX8VXI4hVb2AymvIYOVgXJOjw\nxDNQmDptprMvGXioSC5AtHuM7vCn06nUOo526xlRGQKBnWfGM407p6ALVU8DEy9w\ntxrhzJHonXD5n3v365R66r4T5aF50vdWhlv0W0uxRuY9AyMIO46hI3TwYvaYt8Wl\nOVMhR4a0pYy41JfOX3DJiX2PCSUrfjYnznVepANj3P8dnFTikv4zMaCgzWahwxnQ\nEG93p3IWXUpuY/JSlWufBX+9gal0JH8rBHh+SZQT43FHRPk1ya25l/ZSGyjGp6FH\nBTerZpOxEfZh+5TMbdohJDJ0JpjaB271Q3fFdKtdapQV3SpbPb69RO2sScyZQ7Sf\nUykAAAc40TkvBdE5LwUAAAAHc3NoLXJzYQAAAgEAtJYoqvMJAiwuh8pGQGEBViJC\nhXXfCiarKqinqoqK9a4/8ekNZp76Z86e2qGD6sXMDeolE4oaqYeUcl2BO9H6XtMS\nYrRQf+E44RJ02oKA1NeNxixbS9rAWY2T3OewWyvIJb7qb7KECyFsLjIR2OtGzOEj\n9P3G7LGYEM3B4dztSyPxtkIkZVlTGSOvKBH5FZYgZzQu5/uk46Mhw5lSOSn89E1d\nH5x21cyF7n8dmJ/ZMblYrz3M7JmXgTdOx6pcYdsxmqKXHJ1x048B0h3abkHmuaE+\nfgZrMVvjK6gLNQtCQbjZ7b2Mx+/fUNaY8QOheXb1tZRIBTzqVaLY/hOqX8VXI4hV\nb2AymvIYOVgXJOjwxDNQmDptprMvGXioSC5AtHuM7vCn06nUOo526xlRGQKBnWfG\nM407p6ALVU8DEy9wtxrhzJHonXD5n3v365R66r4T5aF50vdWhlv0W0uxRuY9AyMI\nO46hI3TwYvaYt8WlOVMhR4a0pYy41JfOX3DJiX2PCSUrfjYnznVepANj3P8dnFTi\nkv4zMaCgzWahwxnQEG93p3IWXUpuY/JSlWufBX+9gal0JH8rBHh+SZQT43FHRPk1\nya25l/ZSGyjGp6FHBTerZpOxEfZh+5TMbdohJDJ0JpjaB271Q3fFdKtdapQV3Spb\nPb69RO2sScyZQ7SfUykAAAADAQABAAACAAizb3Qvz5BOO/5eQvJDz5esgOit8Y2A\nqCCfDa0MOH52jdgvCBlDXFdMv59THD20mAys6mpoQ2PwXLkB7lcehTdfvh60B2jn\nRiFPYq1LOmqG6ZV8ek2hAEGQWRPSCfo/6sh+zAw5CAmtQOlyOiU/I3h9pIjfrV+m\n0ufZshdwLfK/4Zvhe0rIJKvXv08T8Udr+1Wy+vZBzAO3zsmo2oBXQzvWJRV/1Big\nXmz2V6EMmp9oXxsvxBmQ8O7QkQ19FNnA1kFYHNB2eY8y8GiE+GBK8T33xJYNOHRM\nCW8HYrrZ4bBe+AkaEpgTjlP2cwSxzcGXd2aZ+rpd4VXiScg8KapW93LHHODePPpT\nhywa76ovJuHUGHM5U3k/K+NSQ7PcyGdfcH0gGn+cKmOZJ7kIaoh6+uxtcjFE/oP5\nceJt2dLBnqaR2PsumnIv2gNZi8lGUW4aK2VIyWl6U0lFI8fzOYNIwaNpR1KUg0G9\nvJTXHhZunbcmyHpfDoJ/9OfGL7JmNu93MFpnxtnc3AaSCenRHSJjFcSdGo7z4rpm\nmhQ5/87lZNHqzyG5ZBTRKlh0Q2RFIDG2knzVdCbBkJgZf7oP3hfb01uqD6WEcJZz\nfVSHqPhZoXbcf4VNHwDpDGLu6v3+4SxGqGk1kOfYfKaE0emXlK9gJX7Caazf4klQ\nEVPzRnT8i/YxAAABADP2wNfA/Tbe4hC3clDnYwXPe2YL8Rd11HtN+jd23jzxH/Rt\nUCzq2/3wQjZjQeI5+2qc6Ur0LoAAOF0qf1UB4TnEk/9adNFgLQAAxZHZCkVk60F+\n58rpHhISphj3To10Aid2NJFWGzZb6TyYbzbrvIF4f+GKPEupZy0DkRQkZlmVtGM1\nrwZ8vpnWqbbEi70dcd+S1zAzmhni3m8DVi0hFVq1/GEvteSnb3Y2S5JqtOdYpGnk\navKmI2MyjIwqpz8Nzgc6YsH+b9a8Jb+Nay0usimp+++xQ8X1c8q/5an/il6w5ZBR\nK5w13r9Ma4cLskOU5nouLJy7HZmm8JjYVszWSVEAAAEBANWaEHz5lTSLROheYNDD\nesjg+VraCQOgXgfi0BG9U9HsOsgUg1ZAi0tZhwseNO+JQlH7+jF1RJPeip/ew0dd\n+wuIJOYhMVp3GngNcMS9sOF3dqdCm796jV+VXHbe+PXownOiGz+jmvs3YKqmzN/K\nf2nWFrIOfe4iAPydju7RGhZJfqSRnHVxb5JtetkiAf4Z/204hehaoWY91yjHiXpb\n5WwLmpBmM9r22Ntx4tuy6OeqDL8QfZFNINX6E6DVId4FPKHU/JNEiSy03+nf72pC\nUWN2OjHAwx9OhcpM3GlqPZoKQ1cswaU4bWjoICayyAL8o1sW7I4frTQOJq+i2K84\n3G0AAAEBANhudh5x+HwOwTCVu5+rtRvhlSmspeA3l+QwjkJFesfaHIE+x0KUKcXO\nAW7YbCBQecEuWDtj8L0PQ7hIVxYJC2qlstayTmsUTHZhGnY7ZRQvu4Woc9rOoOEn\nUX9xDqdDFCfyxX5ggIfpSAserdjl2hxYa4mxkWGd5tcJvn1gUKPLIJxxNnFnzbUY\nyjoY7WO/dJF4YEimduEx5l9AYoxREL+4+NB2ZPMdlWrTym/Hq0z1pKUgpGKHW6RC\nk91zebl6xUmSEsqsYpVQKCrc4ciO/9LvAgK8HypQPS1+cKudDZPz9wpEmgSAhIrD\nMP7Y7lRHEQK2caeXCXDsv8AZ/NfeZC0AAAAAAQID\n-----END OPENSSH PRIVATE KEY-----\n",
            "private_key_pem": "-----BEGIN RSA PRIVATE KEY-----\nMIIJKQIBAAKCAgEAtJYoqvMJAiwuh8pGQGEBViJChXXfCiarKqinqoqK9a4/8ekN\nZp76Z86e2qGD6sXMDeolE4oaqYeUcl2BO9H6XtMSYrRQf+E44RJ02oKA1NeNxixb\nS9rAWY2T3OewWyvIJb7qb7KECyFsLjIR2OtGzOEj9P3G7LGYEM3B4dztSyPxtkIk\nZVlTGSOvKBH5FZYgZzQu5/uk46Mhw5lSOSn89E1dH5x21cyF7n8dmJ/ZMblYrz3M\n7JmXgTdOx6pcYdsxmqKXHJ1x048B0h3abkHmuaE+fgZrMVvjK6gLNQtCQbjZ7b2M\nx+/fUNaY8QOheXb1tZRIBTzqVaLY/hOqX8VXI4hVb2AymvIYOVgXJOjwxDNQmDpt\nprMvGXioSC5AtHuM7vCn06nUOo526xlRGQKBnWfGM407p6ALVU8DEy9wtxrhzJHo\nnXD5n3v365R66r4T5aF50vdWhlv0W0uxRuY9AyMIO46hI3TwYvaYt8WlOVMhR4a0\npYy41JfOX3DJiX2PCSUrfjYnznVepANj3P8dnFTikv4zMaCgzWahwxnQEG93p3IW\nXUpuY/JSlWufBX+9gal0JH8rBHh+SZQT43FHRPk1ya25l/ZSGyjGp6FHBTerZpOx\nEfZh+5TMbdohJDJ0JpjaB271Q3fFdKtdapQV3SpbPb69RO2sScyZQ7SfUykCAwEA\nAQKCAgAIs290L8+QTjv+XkLyQ8+XrIDorfGNgKggnw2tDDh+do3YLwgZQ1xXTL+f\nUxw9tJgMrOpqaENj8Fy5Ae5XHoU3X74etAdo50YhT2KtSzpqhumVfHpNoQBBkFkT\n0gn6P+rIfswMOQgJrUDpcjolPyN4faSI361fptLn2bIXcC3yv+Gb4XtKyCSr179P\nE/FHa/tVsvr2QcwDt87JqNqAV0M71iUVf9QYoF5s9lehDJqfaF8bL8QZkPDu0JEN\nfRTZwNZBWBzQdnmPMvBohPhgSvE998SWDTh0TAlvB2K62eGwXvgJGhKYE45T9nME\nsc3Bl3dmmfq6XeFV4knIPCmqVvdyxxzg3jz6U4csGu+qLybh1BhzOVN5PyvjUkOz\n3MhnX3B9IBp/nCpjmSe5CGqIevrsbXIxRP6D+XHibdnSwZ6mkdj7LppyL9oDWYvJ\nRlFuGitlSMlpelNJRSPH8zmDSMGjaUdSlINBvbyU1x4Wbp23Jsh6Xw6Cf/Tnxi+y\nZjbvdzBaZ8bZ3NwGkgnp0R0iYxXEnRqO8+K6ZpoUOf/O5WTR6s8huWQU0SpYdENk\nRSAxtpJ81XQmwZCYGX+6D94X29Nbqg+lhHCWc31Uh6j4WaF23H+FTR8A6Qxi7ur9\n/uEsRqhpNZDn2HymhNHpl5SvYCV+wmms3+JJUBFT80Z0/Iv2MQKCAQEA1ZoQfPmV\nNItE6F5g0MN6yOD5WtoJA6BeB+LQEb1T0ew6yBSDVkCLS1mHCx4074lCUfv6MXVE\nk96Kn97DR137C4gk5iExWncaeA1wxL2w4Xd2p0Kbv3qNX5Vcdt749ejCc6IbP6Oa\n+zdgqqbM38p/adYWsg597iIA/J2O7tEaFkl+pJGcdXFvkm162SIB/hn/bTiF6Fqh\nZj3XKMeJelvlbAuakGYz2vbY23Hi27Lo56oMvxB9kU0g1foToNUh3gU8odT8k0SJ\nLLTf6d/vakJRY3Y6McDDH06FykzcaWo9mgpDVyzBpThtaOggJrLIAvyjWxbsjh+t\nNA4mr6LYrzjcbQKCAQEA2G52HnH4fA7BMJW7n6u1G+GVKayl4DeX5DCOQkV6x9oc\ngT7HQpQpxc4BbthsIFB5wS5YO2PwvQ9DuEhXFgkLaqWy1rJOaxRMdmEadjtlFC+7\nhahz2s6g4SdRf3EOp0MUJ/LFfmCAh+lICx6t2OXaHFhribGRYZ3m1wm+fWBQo8sg\nnHE2cWfNtRjKOhjtY790kXhgSKZ24THmX0BijFEQv7j40HZk8x2VatPKb8erTPWk\npSCkYodbpEKT3XN5uXrFSZISyqxilVAoKtzhyI7/0u8CArwfKlA9LX5wq50Nk/P3\nCkSaBICEisMw/tjuVEcRArZxp5cJcOy/wBn8195kLQKCAQEAldMf95lVF+sMJXV1\nsVk8OcTcAubm5b1J13w3eAn1zkxFmuwQh6J0UiD1AU5p0Q7VDw6QmrpnpNS3JZYq\nIVgBbEBNqYHkzVC3pze+PrHTbQLPnlixSGjc2wu4NMUHme1u3474T/YhEk7wpiKj\nl+HA52q8tp5FpJADYy3dARR4mONqSmK8fQBZQzs5rS4WebagnGrGOom/piiAT+FO\nRB5LWTL2cozNmKwGxj4m4vWmOkDj+ezGNvIDszNbKzf0Lng75EOx+lZbZZllafWi\nSEVGM17NSPKtqrr4S0MIY4Sauv6x52bEWXCwBaK0UpCajMXKi20T9kivw9CdQBsY\npCddLQKCAQEA1k4CXcEid8ywVKhe4QrHyTTEW0Cd+vdxSj0eD9b2bX+2K+/6pB1L\ng5apapWX8yNcfAGk0iHylXHQ71+KA8Ku8EnkXJyv821lDO63ogzL2IIvH3ieRzHE\nsU0acKOFC+/qvGeyUKHDg1BlysT1BUkLgHe4+928g7kzgwgd+81r69PNlbqwWvib\nAs/qJj7aiKNiDEzyod1a5z9eykBZlHEMsZq5nMkuymAnvGC8GZTPNOQixHMe8oTv\nJCXcfjHCfPto8KFYRCEPeKOnMlIGq22VOMr65bRa864B9dM2Q2e+sxqmKh+llgGf\nvDrsf9xTmVXJLTN0NKrkaVGzyMayyxllfQKCAQAz9sDXwP023uIQt3JQ52MFz3tm\nC/EXddR7Tfo3dt488R/0bVAs6tv98EI2Y0HiOftqnOlK9C6AADhdKn9VAeE5xJP/\nWnTRYC0AAMWR2QpFZOtBfufK6R4SEqYY906NdAIndjSRVhs2W+k8mG8267yBeH/h\nijxLqWctA5EUJGZZlbRjNa8GfL6Z1qm2xIu9HXHfktcwM5oZ4t5vA1YtIRVatfxh\nL7Xkp292NkuSarTnWKRp5GrypiNjMoyMKqc/Dc4HOmLB/m/WvCW/jWstLrIpqfvv\nsUPF9XPKv+Wp/4pesOWQUSucNd6/TGuHC7JDlOZ6Liycux2ZpvCY2FbM1klR\n-----END RSA PRIVATE KEY-----\n",
            "private_key_pem_pkcs8": "-----BEGIN PRIVATE KEY-----\nMIIJQwIBADANBgkqhkiG9w0BAQEFAASCCS0wggkpAgEAAoICAQC0liiq8wkCLC6H\nykZAYQFWIkKFdd8KJqsqqKeqior1rj/x6Q1mnvpnzp7aoYPqxcwN6iUTihqph5Ry\nXYE70fpe0xJitFB/4TjhEnTagoDU143GLFtL2sBZjZPc57BbK8glvupvsoQLIWwu\nMhHY60bM4SP0/cbssZgQzcHh3O1LI/G2QiRlWVMZI68oEfkVliBnNC7n+6TjoyHD\nmVI5Kfz0TV0fnHbVzIXufx2Yn9kxuVivPczsmZeBN07Hqlxh2zGaopccnXHTjwHS\nHdpuQea5oT5+BmsxW+MrqAs1C0JBuNntvYzH799Q1pjxA6F5dvW1lEgFPOpVotj+\nE6pfxVcjiFVvYDKa8hg5WBck6PDEM1CYOm2msy8ZeKhILkC0e4zu8KfTqdQ6jnbr\nGVEZAoGdZ8YzjTunoAtVTwMTL3C3GuHMkeidcPmfe/frlHrqvhPloXnS91aGW/Rb\nS7FG5j0DIwg7jqEjdPBi9pi3xaU5UyFHhrSljLjUl85fcMmJfY8JJSt+NifOdV6k\nA2Pc/x2cVOKS/jMxoKDNZqHDGdAQb3enchZdSm5j8lKVa58Ff72BqXQkfysEeH5J\nlBPjcUdE+TXJrbmX9lIbKManoUcFN6tmk7ER9mH7lMxt2iEkMnQmmNoHbvVDd8V0\nq11qlBXdKls9vr1E7axJzJlDtJ9TKQIDAQABAoICAAizb3Qvz5BOO/5eQvJDz5es\ngOit8Y2AqCCfDa0MOH52jdgvCBlDXFdMv59THD20mAys6mpoQ2PwXLkB7lcehTdf\nvh60B2jnRiFPYq1LOmqG6ZV8ek2hAEGQWRPSCfo/6sh+zAw5CAmtQOlyOiU/I3h9\npIjfrV+m0ufZshdwLfK/4Zvhe0rIJKvXv08T8Udr+1Wy+vZBzAO3zsmo2oBXQzvW\nJRV/1BigXmz2V6EMmp9oXxsvxBmQ8O7QkQ19FNnA1kFYHNB2eY8y8GiE+GBK8T33\nxJYNOHRMCW8HYrrZ4bBe+AkaEpgTjlP2cwSxzcGXd2aZ+rpd4VXiScg8KapW93LH\nHODePPpThywa76ovJuHUGHM5U3k/K+NSQ7PcyGdfcH0gGn+cKmOZJ7kIaoh6+uxt\ncjFE/oP5ceJt2dLBnqaR2PsumnIv2gNZi8lGUW4aK2VIyWl6U0lFI8fzOYNIwaNp\nR1KUg0G9vJTXHhZunbcmyHpfDoJ/9OfGL7JmNu93MFpnxtnc3AaSCenRHSJjFcSd\nGo7z4rpmmhQ5/87lZNHqzyG5ZBTRKlh0Q2RFIDG2knzVdCbBkJgZf7oP3hfb01uq\nD6WEcJZzfVSHqPhZoXbcf4VNHwDpDGLu6v3+4SxGqGk1kOfYfKaE0emXlK9gJX7C\naazf4klQEVPzRnT8i/YxAoIBAQDVmhB8+ZU0i0ToXmDQw3rI4Pla2gkDoF4H4tAR\nvVPR7DrIFINWQItLWYcLHjTviUJR+/oxdUST3oqf3sNHXfsLiCTmITFadxp4DXDE\nvbDhd3anQpu/eo1flVx23vj16MJzohs/o5r7N2Cqpszfyn9p1hayDn3uIgD8nY7u\n0RoWSX6kkZx1cW+SbXrZIgH+Gf9tOIXoWqFmPdcox4l6W+VsC5qQZjPa9tjbceLb\nsujnqgy/EH2RTSDV+hOg1SHeBTyh1PyTRIkstN/p3+9qQlFjdjoxwMMfToXKTNxp\naj2aCkNXLMGlOG1o6CAmssgC/KNbFuyOH600DiavotivONxtAoIBAQDYbnYecfh8\nDsEwlbufq7Ub4ZUprKXgN5fkMI5CRXrH2hyBPsdClCnFzgFu2GwgUHnBLlg7Y/C9\nD0O4SFcWCQtqpbLWsk5rFEx2YRp2O2UUL7uFqHPazqDhJ1F/cQ6nQxQn8sV+YICH\n6UgLHq3Y5docWGuJsZFhnebXCb59YFCjyyCccTZxZ821GMo6GO1jv3SReGBIpnbh\nMeZfQGKMURC/uPjQdmTzHZVq08pvx6tM9aSlIKRih1ukQpPdc3m5esVJkhLKrGKV\nUCgq3OHIjv/S7wICvB8qUD0tfnCrnQ2T8/cKRJoEgISKwzD+2O5URxECtnGnlwlw\n7L/AGfzX3mQtAoIBAQCV0x/3mVUX6wwldXWxWTw5xNwC5ublvUnXfDd4CfXOTEWa\n7BCHonRSIPUBTmnRDtUPDpCaumek1LclliohWAFsQE2pgeTNULenN74+sdNtAs+e\nWLFIaNzbC7g0xQeZ7W7fjvhP9iESTvCmIqOX4cDnary2nkWkkANjLd0BFHiY42pK\nYrx9AFlDOzmtLhZ5tqCcasY6ib+mKIBP4U5EHktZMvZyjM2YrAbGPibi9aY6QOP5\n7MY28gOzM1srN/QueDvkQ7H6VltlmWVp9aJIRUYzXs1I8q2quvhLQwhjhJq6/rHn\nZsRZcLAForRSkJqMxcqLbRP2SK/D0J1AGxikJ10tAoIBAQDWTgJdwSJ3zLBUqF7h\nCsfJNMRbQJ3693FKPR4P1vZtf7Yr7/qkHUuDlqlqlZfzI1x8AaTSIfKVcdDvX4oD\nwq7wSeRcnK/zbWUM7reiDMvYgi8feJ5HMcSxTRpwo4UL7+q8Z7JQocODUGXKxPUF\nSQuAd7j73byDuTODCB37zWvr082VurBa+JsCz+omPtqIo2IMTPKh3VrnP17KQFmU\ncQyxmrmcyS7KYCe8YLwZlM805CLEcx7yhO8kJdx+McJ8+2jwoVhEIQ94o6cyUgar\nbZU4yvrltFrzrgH10zZDZ76zGqYqH6WWAZ+8Oux/3FOZVcktM3Q0quRpUbPIxrLL\nGWV9AoIBADP2wNfA/Tbe4hC3clDnYwXPe2YL8Rd11HtN+jd23jzxH/RtUCzq2/3w\nQjZjQeI5+2qc6Ur0LoAAOF0qf1UB4TnEk/9adNFgLQAAxZHZCkVk60F+58rpHhIS\nphj3To10Aid2NJFWGzZb6TyYbzbrvIF4f+GKPEupZy0DkRQkZlmVtGM1rwZ8vpnW\nqbbEi70dcd+S1zAzmhni3m8DVi0hFVq1/GEvteSnb3Y2S5JqtOdYpGnkavKmI2My\njIwqpz8Nzgc6YsH+b9a8Jb+Nay0usimp+++xQ8X1c8q/5an/il6w5ZBRK5w13r9M\na4cLskOU5nouLJy7HZmm8JjYVszWSVE=\n-----END PRIVATE KEY-----\n",
            "public_key_fingerprint_md5": "48:65:c3:1c:45:35:fd:74:63:2c:76:36:8e:ea:5e:d0",
            "public_key_fingerprint_sha256": "SHA256:xRsyJfguT0wz5jgdIHP/cfHa9KfEJHiuH2yMVZhTOLo",
            "public_key_openssh": "ssh-rsa AAAAB3NzaC1yc2EAAAADAQABAAACAQC0liiq8wkCLC6HykZAYQFWIkKFdd8KJqsqqKeqior1rj/x6Q1mnvpnzp7aoYPqxcwN6iUTihqph5RyXYE70fpe0xJitFB/4TjhEnTagoDU143GLFtL2sBZjZPc57BbK8glvupvsoQLIWwuMhHY60bM4SP0/cbssZgQzcHh3O1LI/G2QiRlWVMZI68oEfkVliBnNC7n+6TjoyHDmVI5Kfz0TV0fnHbVzIXufx2Yn9kxuVivPczsmZeBN07Hqlxh2zGaopccnXHTjwHSHdpuQea5oT5+BmsxW+MrqAs1C0JBuNntvYzH799Q1pjxA6F5dvW1lEgFPOpVotj+E6pfxVcjiFVvYDKa8hg5WBck6PDEM1CYOm2msy8ZeKhILkC0e4zu8KfTqdQ6jnbrGVEZAoGdZ8YzjTunoAtVTwMTL3C3GuHMkeidcPmfe/frlHrqvhPloXnS91aGW/RbS7FG5j0DIwg7jqEjdPBi9pi3xaU5UyFHhrSljLjUl85fcMmJfY8JJSt+NifOdV6kA2Pc/x2cVOKS/jMxoKDNZqHDGdAQb3enchZdSm5j8lKVa58Ff72BqXQkfysEeH5JlBPjcUdE+TXJrbmX9lIbKManoUcFN6tmk7ER9mH7lMxt2iEkMnQmmNoHbvVDd8V0q11qlBXdKls9vr1E7axJzJlDtJ9TKQ==\n",
            "public_key_pem": "-----BEGIN PUBLIC KEY-----\nMIICIjANBgkqhkiG9w0BAQEFAAOCAg8AMIICCgKCAgEAtJYoqvMJAiwuh8pGQGEB\nViJChXXfCiarKqinqoqK9a4/8ekNZp76Z86e2qGD6sXMDeolE4oaqYeUcl2BO9H6\nXtMSYrRQf+E44RJ02oKA1NeNxixbS9rAWY2T3OewWyvIJb7qb7KECyFsLjIR2OtG\nzOEj9P3G7LGYEM3B4dztSyPxtkIkZVlTGSOvKBH5FZYgZzQu5/uk46Mhw5lSOSn8\n9E1dH5x21cyF7n8dmJ/ZMblYrz3M7JmXgTdOx6pcYdsxmqKXHJ1x048B0h3abkHm\nuaE+fgZrMVvjK6gLNQtCQbjZ7b2Mx+/fUNaY8QOheXb1tZRIBTzqVaLY/hOqX8VX\nI4hVb2AymvIYOVgXJOjwxDNQmDptprMvGXioSC5AtHuM7vCn06nUOo526xlRGQKB\nnWfGM407p6ALVU8DEy9wtxrhzJHonXD5n3v365R66r4T5aF50vdWhlv0W0uxRuY9\nAyMIO46hI3TwYvaYt8WlOVMhR4a0pYy41JfOX3DJiX2PCSUrfjYnznVepANj3P8d\nnFTikv4zMaCgzWahwxnQEG93p3IWXUpuY/JSlWufBX+9gal0JH8rBHh+SZQT43FH\nRPk1ya25l/ZSGyjGp6FHBTerZpOxEfZh+5TMbdohJDJ0JpjaB271Q3fFdKtdapQV\n3SpbPb69RO2sScyZQ7SfUykCAwEAAQ==\n-----END PUBLIC KEY-----\n",
            "rsa_bits": 4096
          },
          "sensitive_attributes": [
            [
              {
                "type": "get_attr",
                "value": "private_key_openssh"
              }
            ],
            [
              {
                "type": "get_attr",
                "value": "private_key_pem"
              }
            ],
            [
              {
                "type": "get_attr",
                "value": "private_key_pem_pkcs8"
              }
            ]
          ],
          "identity_schema_version": 0,
          "create_before_destroy": true
        }
      ]
    },
    {
      "module": "module.autoscalingGroups",
      "mode": "managed",
      "type": "aws_autoscaling_group",
      "name": "asg_webserver",
      "provider": "provider[\"registry.terraform.io/hashicorp/aws\"]",
      "instances": [
        {
          "schema_version": 1,
          "attributes": {
            "arn": "arn:aws:autoscaling:us-west-1:367816904393:autoScalingGroup:32e39cc3-89f6-4b36-9b13-e51507ebfe85:autoScalingGroupName/asg-fercanap",
            "availability_zone_distribution": [
              {
                "capacity_distribution_strategy": "balanced-best-effort"
              }
            ],
            "availability_zones": [
              "us-west-1b"
            ],
            "capacity_rebalance": false,
            "capacity_reservation_specification": [
              {
                "capacity_reservation_preference": "default",
                "capacity_reservation_target": []
              }
            ],
            "context": "",
            "default_cooldown": 300,
            "default_instance_warmup": 0,
            "desired_capacity": 1,
            "desired_capacity_type": "",
            "enabled_metrics": null,
            "force_delete": false,
            "force_delete_warm_pool": false,
            "health_check_grace_period": 300,
            "health_check_type": "EC2",
            "id": "asg-fercanap",
            "ignore_failed_scaling_activities": false,
            "initial_lifecycle_hook": [],
            "instance_maintenance_policy": [],
            "instance_refresh": [],
            "launch_configuration": "",
            "launch_template": [
              {
                "id": "lt-04df11951ddef2e2d",
                "name": "fercanap-lt-20250605184100311900000005",
                "version": "$Latest"
              }
            ],
            "load_balancers": [],
            "max_instance_lifetime": 0,
            "max_size": 2,
            "metrics_granularity": "1Minute",
            "min_elb_capacity": null,
            "min_size": 1,
            "mixed_instances_policy": [],
            "name": "asg-fercanap",
            "name_prefix": "",
            "placement_group": "",
            "predicted_capacity": 0,
            "protect_from_scale_in": false,
            "service_linked_role_arn": "arn:aws:iam::367816904393:role/aws-service-role/autoscaling.amazonaws.com/AWSServiceRoleForAutoScaling",
            "suspended_processes": [
              "Terminate"
            ],
            "tag": [
              {
                "key": "Name",
                "propagate_at_launch": true,
                "value": "ASG-fercanap"
              }
            ],
            "target_group_arns": [
              "arn:aws:elasticloadbalancing:us-west-1:367816904393:targetgroup/tg-fercanap/fb0aa5e741c46d29"
            ],
            "termination_policies": [
              "NewestInstance"
            ],
            "timeouts": null,
            "traffic_source": [
              {
                "identifier": "arn:aws:elasticloadbalancing:us-west-1:367816904393:targetgroup/tg-fercanap/fb0aa5e741c46d29",
                "type": "elbv2"
              }
            ],
            "vpc_zone_identifier": [
              "subnet-07302f58fbf088061"
            ],
            "wait_for_capacity_timeout": "10m",
            "wait_for_elb_capacity": null,
            "warm_pool": [],
            "warm_pool_size": 0
          },
          "sensitive_attributes": [],
          "identity_schema_version": 0,
          "private": "eyJlMmJmYjczMC1lY2FhLTExZTYtOGY4OC0zNDM2M2JjN2M0YzAiOnsiZGVsZXRlIjo2MDAwMDAwMDAwMDAsInVwZGF0ZSI6NjAwMDAwMDAwMDAwfSwic2NoZW1hX3ZlcnNpb24iOiIxIn0=",
          "dependencies": [
            "aws_key_pair.ec2_key",
            "data.aws_ami.ubuntu",
            "module.autoscalingGroups.aws_launch_template.launch_webserver",
            "module.loadbalancer.aws_lb_target_group.web_tg",
            "module.network.aws_subnet.private_subnet",
            "module.network.aws_vpc.vpc",
            "module.securityGroups.aws_security_group.bastion",
            "module.securityGroups.aws_security_group.private",
            "module.securityGroups.aws_security_group.public",
            "tls_private_key.privateKey"
          ],
          "create_before_destroy": true
        }
      ]
    },
    {
      "module": "module.autoscalingGroups",
      "mode": "managed",
      "type": "aws_launch_template",
      "name": "launch_webserver",
      "provider": "provider[\"registry.terraform.io/hashicorp/aws\"]",
      "instances": [
        {
          "schema_version": 0,
          "attributes": {
            "arn": "arn:aws:ec2:us-west-1:367816904393:launch-template/lt-04df11951ddef2e2d",
            "block_device_mappings": [],
            "capacity_reservation_specification": [],
            "cpu_options": [],
            "credit_specification": [],
            "default_version": 1,
            "description": "",
            "disable_api_stop": false,
            "disable_api_termination": false,
            "ebs_optimized": "",
            "elastic_gpu_specifications": [],
            "elastic_inference_accelerator": [],
            "enclave_options": [],
            "hibernation_options": [],
            "iam_instance_profile": [],
            "id": "lt-04df11951ddef2e2d",
            "image_id": "ami-000014e8d990531ed",
            "instance_initiated_shutdown_behavior": "",
            "instance_market_options": [
              {
                "market_type": "spot",
                "spot_options": [
                  {
                    "block_duration_minutes": 0,
                    "instance_interruption_behavior": "",
                    "max_price": "0.016",
                    "spot_instance_type": "",
                    "valid_until": ""
                  }
                ]
              }
            ],
            "instance_requirements": [],
            "instance_type": "t3a.nano",
            "kernel_id": "",
            "key_name": "fercanap-key-2",
            "latest_version": 1,
            "license_specification": [],
            "maintenance_options": [],
            "metadata_options": [],
            "monitoring": [],
            "name": "fercanap-lt-20250605184100311900000005",
            "name_prefix": "fercanap-lt-",
            "network_interfaces": [
              {
                "associate_carrier_ip_address": "",
                "associate_public_ip_address": "false",
                "connection_tracking_specification": [],
                "delete_on_termination": "",
                "description": "",
                "device_index": 0,
                "ena_srd_specification": [],
                "interface_type": "",
                "ipv4_address_count": 0,
                "ipv4_addresses": null,
                "ipv4_prefix_count": 0,
                "ipv4_prefixes": null,
                "ipv6_address_count": 0,
                "ipv6_addresses": null,
                "ipv6_prefix_count": 0,
                "ipv6_prefixes": null,
                "network_card_index": 0,
                "network_interface_id": "",
                "primary_ipv6": "",
                "private_ip_address": "",
                "security_groups": [
                  "sg-02e8327e4bf06b8ef"
                ],
                "subnet_id": ""
              }
            ],
            "placement": [],
            "private_dns_name_options": [],
            "ram_disk_id": "",
            "security_group_names": null,
            "tag_specifications": [],
            "tags": null,
            "tags_all": {},
            "update_default_version": null,
            "user_data": "IyEvYmluL2Jhc2gKc2V0IC1lCgojIEFjdHVhbGl6YXIgcGFxdWV0ZXMgZSBpbnN0YWxhciBuZ2lueApzdWRvIGFwdC1nZXQgdXBkYXRlIC15CnN1ZG8gYXB0LWdldCBpbnN0YWxsIC15IG5naW54CgojIE1lbnNhamUgZGUgcHJ1ZWJhCmVjaG8gIjxoMT5Ib2xhIGRlc2RlICQoaG9zdG5hbWUpPC9oMT4iIHwgc3VkbyB0ZWUgL3Zhci93d3cvaHRtbC9pbmRleC5odG1sCnN1ZG8gc3lzdGVtY3RsIGVuYWJsZSBuZ2lueApzdWRvIHN5c3RlbWN0bCBzdGFydCBuZ2lueAo=",
            "vpc_security_group_ids": null
          },
          "sensitive_attributes": [],
          "identity_schema_version": 0,
          "private": "bnVsbA==",
          "dependencies": [
            "aws_key_pair.ec2_key",
            "data.aws_ami.ubuntu",
            "module.network.aws_vpc.vpc",
            "module.securityGroups.aws_security_group.bastion",
            "module.securityGroups.aws_security_group.private",
            "module.securityGroups.aws_security_group.public",
            "tls_private_key.privateKey"
          ],
          "create_before_destroy": true
        }
      ]
    },
    {
      "module": "module.ec2",
      "mode": "managed",
      "type": "aws_instance",
      "name": "bastion",
      "provider": "provider[\"registry.terraform.io/hashicorp/aws\"]",
      "instances": [
        {
          "schema_version": 1,
          "attributes": {
            "ami": "ami-000014e8d990531ed",
            "arn": "arn:aws:ec2:us-west-1:367816904393:instance/i-07c3b657cba1d1398",
            "associate_public_ip_address": true,
            "availability_zone": "us-west-1a",
            "capacity_reservation_specification": [
              {
                "capacity_reservation_preference": "open",
                "capacity_reservation_target": []
              }
            ],
            "cpu_core_count": 1,
            "cpu_options": [
              {
                "amd_sev_snp": "",
                "core_count": 1,
                "threads_per_core": 2
              }
            ],
            "cpu_threads_per_core": 2,
            "credit_specification": [
              {
                "cpu_credits": "unlimited"
              }
            ],
            "disable_api_stop": false,
            "disable_api_termination": false,
            "ebs_block_device": [],
            "ebs_optimized": false,
            "enable_primary_ipv6": null,
            "enclave_options": [
              {
                "enabled": false
              }
            ],
            "ephemeral_block_device": [],
            "get_password_data": false,
            "hibernation": false,
            "host_id": "",
            "host_resource_group_arn": null,
            "iam_instance_profile": "",
            "id": "i-07c3b657cba1d1398",
            "instance_initiated_shutdown_behavior": "stop",
            "instance_lifecycle": "",
            "instance_market_options": [],
            "instance_state": "running",
            "instance_type": "t3a.nano",
            "ipv6_address_count": 0,
            "ipv6_addresses": [],
            "key_name": "fercanap-key-2",
            "launch_template": [],
            "maintenance_options": [
              {
                "auto_recovery": "default"
              }
            ],
            "metadata_options": [
              {
                "http_endpoint": "enabled",
                "http_protocol_ipv6": "disabled",
                "http_put_response_hop_limit": 1,
                "http_tokens": "optional",
                "instance_metadata_tags": "disabled"
              }
            ],
            "monitoring": false,
            "network_interface": [],
            "outpost_arn": "",
            "password_data": "",
            "placement_group": "",
            "placement_partition_number": 0,
            "primary_network_interface_id": "eni-003b577a5560c9f41",
            "private_dns": "ip-10-0-1-148.us-west-1.compute.internal",
            "private_dns_name_options": [
              {
                "enable_resource_name_dns_a_record": false,
                "enable_resource_name_dns_aaaa_record": false,
                "hostname_type": "ip-name"
              }
            ],
            "private_ip": "10.0.1.148",
            "public_dns": "",
            "public_ip": "54.241.68.82",
            "root_block_device": [
              {
                "delete_on_termination": true,
                "device_name": "/dev/sda1",
                "encrypted": false,
                "iops": 100,
                "kms_key_id": "",
                "tags": {},
                "tags_all": {},
                "throughput": 0,
                "volume_id": "vol-05190a4e610442be4",
                "volume_size": 8,
                "volume_type": "gp2"
              }
            ],
            "secondary_private_ips": [],
            "security_groups": [],
            "source_dest_check": true,
            "spot_instance_request_id": "",
            "subnet_id": "subnet-00300831be92ba687",
            "tags": {
              "Name": "bastion-fercanap"
            },
            "tags_all": {
              "Name": "bastion-fercanap"
            },
            "tenancy": "default",
            "timeouts": null,
            "user_data": null,
            "user_data_base64": null,
            "user_data_replace_on_change": false,
            "volume_tags": null,
            "vpc_security_group_ids": [
              "sg-0fcca9d419e2259ce"
            ]
          },
          "sensitive_attributes": [],
          "identity_schema_version": 0,
          "private": "eyJlMmJmYjczMC1lY2FhLTExZTYtOGY4OC0zNDM2M2JjN2M0YzAiOnsiY3JlYXRlIjo2MDAwMDAwMDAwMDAsImRlbGV0ZSI6MTIwMDAwMDAwMDAwMCwicmVhZCI6OTAwMDAwMDAwMDAwLCJ1cGRhdGUiOjYwMDAwMDAwMDAwMH0sInNjaGVtYV92ZXJzaW9uIjoiMSJ9",
          "dependencies": [
            "aws_key_pair.ec2_key",
            "data.aws_ami.ubuntu",
            "module.network.aws_subnet.public_subnet_a",
            "module.network.aws_vpc.vpc",
            "module.securityGroups.aws_security_group.bastion",
            "tls_private_key.privateKey"
          ]
        }
      ]
    },
    {
      "module": "module.loadbalancer",
      "mode": "managed",
      "type": "aws_lb",
      "name": "web_alb",
      "provider": "provider[\"registry.terraform.io/hashicorp/aws\"]",
      "instances": [
        {
          "schema_version": 0,
          "attributes": {
            "access_logs": [
              {
                "bucket": "",
                "enabled": false,
                "prefix": ""
              }
            ],
            "arn": "arn:aws:elasticloadbalancing:us-west-1:367816904393:loadbalancer/app/alb-fercanap/01b158f49828e655",
            "arn_suffix": "app/alb-fercanap/01b158f49828e655",
            "client_keep_alive": 3600,
            "connection_logs": [
              {
                "bucket": "",
                "enabled": false,
                "prefix": ""
              }
            ],
            "customer_owned_ipv4_pool": "",
            "desync_mitigation_mode": "defensive",
            "dns_name": "alb-fercanap-116556807.us-west-1.elb.amazonaws.com",
            "dns_record_client_routing_policy": null,
            "drop_invalid_header_fields": false,
            "enable_cross_zone_load_balancing": true,
            "enable_deletion_protection": false,
            "enable_http2": true,
            "enable_tls_version_and_cipher_suite_headers": false,
            "enable_waf_fail_open": false,
            "enable_xff_client_port": false,
            "enable_zonal_shift": false,
            "enforce_security_group_inbound_rules_on_private_link_traffic": "",
            "id": "arn:aws:elasticloadbalancing:us-west-1:367816904393:loadbalancer/app/alb-fercanap/01b158f49828e655",
            "idle_timeout": 60,
            "internal": false,
            "ip_address_type": "ipv4",
            "ipam_pools": [],
            "load_balancer_type": "application",
            "minimum_load_balancer_capacity": [],
            "name": "alb-fercanap",
            "name_prefix": "",
            "preserve_host_header": false,
            "security_groups": [
              "sg-01306c89a891093d2"
            ],
            "subnet_mapping": [
              {
                "allocation_id": "",
                "ipv6_address": "",
                "outpost_id": "",
                "private_ipv4_address": "",
                "subnet_id": "subnet-00300831be92ba687"
              },
              {
                "allocation_id": "",
                "ipv6_address": "",
                "outpost_id": "",
                "private_ipv4_address": "",
                "subnet_id": "subnet-08d3091d27e64f25b"
              }
            ],
            "subnets": [
              "subnet-00300831be92ba687",
              "subnet-08d3091d27e64f25b"
            ],
            "tags": {
              "Name": "alb-fercanap"
            },
            "tags_all": {
              "Name": "alb-fercanap"
            },
            "timeouts": null,
            "vpc_id": "vpc-0dde345d35d826ce3",
            "xff_header_processing_mode": "append",
            "zone_id": "Z368ELLRRE2KJ0"
          },
          "sensitive_attributes": [],
          "identity_schema_version": 0,
          "private": "eyJlMmJmYjczMC1lY2FhLTExZTYtOGY4OC0zNDM2M2JjN2M0YzAiOnsiY3JlYXRlIjo2MDAwMDAwMDAwMDAsImRlbGV0ZSI6NjAwMDAwMDAwMDAwLCJ1cGRhdGUiOjYwMDAwMDAwMDAwMH19",
          "dependencies": [
            "module.network.aws_subnet.public_subnet_a",
            "module.network.aws_subnet.public_subnet_b",
            "module.network.aws_vpc.vpc",
            "module.securityGroups.aws_security_group.public"
          ]
        }
      ]
    },
    {
      "module": "module.loadbalancer",
      "mode": "managed",
      "type": "aws_lb_listener",
      "name": "web_listener",
      "provider": "provider[\"registry.terraform.io/hashicorp/aws\"]",
      "instances": [
        {
          "schema_version": 0,
          "attributes": {
            "alpn_policy": null,
            "arn": "arn:aws:elasticloadbalancing:us-west-1:367816904393:listener/app/alb-fercanap/01b158f49828e655/7d17bc29f8282471",
            "certificate_arn": null,
            "default_action": [
              {
                "authenticate_cognito": [],
                "authenticate_oidc": [],
                "fixed_response": [],
                "forward": [],
                "order": 1,
                "redirect": [],
                "target_group_arn": "arn:aws:elasticloadbalancing:us-west-1:367816904393:targetgroup/tg-fercanap/fb0aa5e741c46d29",
                "type": "forward"
              }
            ],
            "id": "arn:aws:elasticloadbalancing:us-west-1:367816904393:listener/app/alb-fercanap/01b158f49828e655/7d17bc29f8282471",
            "load_balancer_arn": "arn:aws:elasticloadbalancing:us-west-1:367816904393:loadbalancer/app/alb-fercanap/01b158f49828e655",
            "mutual_authentication": [],
            "port": 80,
            "protocol": "HTTP",
            "routing_http_request_x_amzn_mtls_clientcert_header_name": null,
            "routing_http_request_x_amzn_mtls_clientcert_issuer_header_name": null,
            "routing_http_request_x_amzn_mtls_clientcert_leaf_header_name": null,
            "routing_http_request_x_amzn_mtls_clientcert_serial_number_header_name": null,
            "routing_http_request_x_amzn_mtls_clientcert_subject_header_name": null,
            "routing_http_request_x_amzn_mtls_clientcert_validity_header_name": null,
            "routing_http_request_x_amzn_tls_cipher_suite_header_name": null,
            "routing_http_request_x_amzn_tls_version_header_name": null,
            "routing_http_response_access_control_allow_credentials_header_value": "",
            "routing_http_response_access_control_allow_headers_header_value": "",
            "routing_http_response_access_control_allow_methods_header_value": "",
            "routing_http_response_access_control_allow_origin_header_value": "",
            "routing_http_response_access_control_expose_headers_header_value": "",
            "routing_http_response_access_control_max_age_header_value": "",
            "routing_http_response_content_security_policy_header_value": "",
            "routing_http_response_server_enabled": true,
            "routing_http_response_strict_transport_security_header_value": "",
            "routing_http_response_x_content_type_options_header_value": "",
            "routing_http_response_x_frame_options_header_value": "",
            "ssl_policy": "",
            "tags": null,
            "tags_all": {},
            "tcp_idle_timeout_seconds": null,
            "timeouts": null
          },
          "sensitive_attributes": [],
          "identity_schema_version": 0,
          "private": "eyJlMmJmYjczMC1lY2FhLTExZTYtOGY4OC0zNDM2M2JjN2M0YzAiOnsiY3JlYXRlIjozMDAwMDAwMDAwMDAsInVwZGF0ZSI6MzAwMDAwMDAwMDAwfX0=",
          "dependencies": [
            "module.loadbalancer.aws_lb.web_alb",
            "module.loadbalancer.aws_lb_target_group.web_tg",
            "module.network.aws_subnet.public_subnet_a",
            "module.network.aws_subnet.public_subnet_b",
            "module.network.aws_vpc.vpc",
            "module.securityGroups.aws_security_group.public"
          ]
        }
      ]
    },
    {
      "module": "module.loadbalancer",
      "mode": "managed",
      "type": "aws_lb_target_group",
      "name": "web_tg",
      "provider": "provider[\"registry.terraform.io/hashicorp/aws\"]",
      "instances": [
        {
          "schema_version": 0,
          "attributes": {
            "arn": "arn:aws:elasticloadbalancing:us-west-1:367816904393:targetgroup/tg-fercanap/fb0aa5e741c46d29",
            "arn_suffix": "targetgroup/tg-fercanap/fb0aa5e741c46d29",
            "connection_termination": null,
            "deregistration_delay": "300",
            "health_check": [
              {
                "enabled": true,
                "healthy_threshold": 2,
                "interval": 30,
                "matcher": "200",
                "path": "/",
                "port": "traffic-port",
                "protocol": "HTTP",
                "timeout": 5,
                "unhealthy_threshold": 2
              }
            ],
            "id": "arn:aws:elasticloadbalancing:us-west-1:367816904393:targetgroup/tg-fercanap/fb0aa5e741c46d29",
            "ip_address_type": "ipv4",
            "lambda_multi_value_headers_enabled": false,
            "load_balancer_arns": [],
            "load_balancing_algorithm_type": "round_robin",
            "load_balancing_anomaly_mitigation": "off",
            "load_balancing_cross_zone_enabled": "use_load_balancer_configuration",
            "name": "tg-fercanap",
            "name_prefix": "",
            "port": 80,
            "preserve_client_ip": null,
            "protocol": "HTTP",
            "protocol_version": "HTTP1",
            "proxy_protocol_v2": false,
            "slow_start": 0,
            "stickiness": [
              {
                "cookie_duration": 86400,
                "cookie_name": "",
                "enabled": false,
                "type": "lb_cookie"
              }
            ],
            "tags": {
              "Name": "tg-fercanap"
            },
            "tags_all": {
              "Name": "tg-fercanap"
            },
            "target_failover": [
              {
                "on_deregistration": null,
                "on_unhealthy": null
              }
            ],
            "target_group_health": [
              {
                "dns_failover": [
                  {
                    "minimum_healthy_targets_count": "1",
                    "minimum_healthy_targets_percentage": "off"
                  }
                ],
                "unhealthy_state_routing": [
                  {
                    "minimum_healthy_targets_count": 1,
                    "minimum_healthy_targets_percentage": "off"
                  }
                ]
              }
            ],
            "target_health_state": [
              {
                "enable_unhealthy_connection_termination": null,
                "unhealthy_draining_interval": null
              }
            ],
            "target_type": "instance",
            "vpc_id": "vpc-0dde345d35d826ce3"
          },
          "sensitive_attributes": [],
          "identity_schema_version": 0,
          "private": "bnVsbA==",
          "dependencies": [
            "module.network.aws_vpc.vpc"
          ],
          "create_before_destroy": true
        }
      ]
    },
    {
      "module": "module.network",
      "mode": "managed",
      "type": "aws_eip",
      "name": "nat_elastic_ip",
      "provider": "provider[\"registry.terraform.io/hashicorp/aws\"]",
      "instances": [
        {
          "schema_version": 0,
          "attributes": {
            "address": null,
            "allocation_id": "eipalloc-05757705a488e3602",
            "arn": "arn:aws:ec2:us-west-1:367816904393:elastic-ip/eipalloc-05757705a488e3602",
            "associate_with_private_ip": null,
            "association_id": "",
            "carrier_ip": "",
            "customer_owned_ip": "",
            "customer_owned_ipv4_pool": "",
            "domain": "vpc",
            "id": "eipalloc-05757705a488e3602",
            "instance": "",
            "ipam_pool_id": null,
            "network_border_group": "us-west-1",
            "network_interface": "",
            "private_dns": null,
            "private_ip": "",
            "ptr_record": "",
            "public_dns": "ec2-54-219-242-57.us-west-1.compute.amazonaws.com",
            "public_ip": "54.219.242.57",
            "public_ipv4_pool": "amazon",
            "tags": null,
            "tags_all": {},
            "timeouts": null,
            "vpc": true
          },
          "sensitive_attributes": [],
          "identity_schema_version": 0,
          "private": "eyJlMmJmYjczMC1lY2FhLTExZTYtOGY4OC0zNDM2M2JjN2M0YzAiOnsiZGVsZXRlIjoxODAwMDAwMDAwMDAsInJlYWQiOjkwMDAwMDAwMDAwMCwidXBkYXRlIjozMDAwMDAwMDAwMDB9fQ=="
        }
      ]
    },
    {
      "module": "module.network",
      "mode": "managed",
      "type": "aws_internet_gateway",
      "name": "igw",
      "provider": "provider[\"registry.terraform.io/hashicorp/aws\"]",
      "instances": [
        {
          "schema_version": 0,
          "attributes": {
            "arn": "arn:aws:ec2:us-west-1:367816904393:internet-gateway/igw-021d6f904fbda7f26",
            "id": "igw-021d6f904fbda7f26",
            "owner_id": "367816904393",
            "tags": {
              "Name": "igw-fercanap",
              "Owner": "fercanap",
              "Project": "aws-final-lab"
            },
            "tags_all": {
              "Name": "igw-fercanap",
              "Owner": "fercanap",
              "Project": "aws-final-lab"
            },
            "timeouts": null,
            "vpc_id": "vpc-0dde345d35d826ce3"
          },
          "sensitive_attributes": [],
          "identity_schema_version": 0,
          "private": "eyJlMmJmYjczMC1lY2FhLTExZTYtOGY4OC0zNDM2M2JjN2M0YzAiOnsiY3JlYXRlIjoxMjAwMDAwMDAwMDAwLCJkZWxldGUiOjEyMDAwMDAwMDAwMDAsInVwZGF0ZSI6MTIwMDAwMDAwMDAwMH19",
          "dependencies": [
            "module.network.aws_vpc.vpc"
          ]
        }
      ]
    },
    {
      "module": "module.network",
      "mode": "managed",
      "type": "aws_nat_gateway",
      "name": "ngw",
      "provider": "provider[\"registry.terraform.io/hashicorp/aws\"]",
      "instances": [
        {
          "schema_version": 0,
          "attributes": {
            "allocation_id": "eipalloc-05757705a488e3602",
            "association_id": "eipassoc-00dd81ff3f31d1030",
            "connectivity_type": "public",
            "id": "nat-043e764825f92f760",
            "network_interface_id": "eni-031e6b11fad74c5ae",
            "private_ip": "10.0.1.83",
            "public_ip": "54.219.242.57",
            "secondary_allocation_ids": null,
            "secondary_private_ip_address_count": 0,
            "secondary_private_ip_addresses": [],
            "subnet_id": "subnet-00300831be92ba687",
            "tags": {
              "Name": "nat-fercanap",
              "Owner": "fercanap",
              "Project": "aws-final-lab"
            },
            "tags_all": {
              "Name": "nat-fercanap",
              "Owner": "fercanap",
              "Project": "aws-final-lab"
            },
            "timeouts": null
          },
          "sensitive_attributes": [],
          "identity_schema_version": 0,
          "private": "eyJlMmJmYjczMC1lY2FhLTExZTYtOGY4OC0zNDM2M2JjN2M0YzAiOnsiY3JlYXRlIjo2MDAwMDAwMDAwMDAsImRlbGV0ZSI6MTgwMDAwMDAwMDAwMCwidXBkYXRlIjo2MDAwMDAwMDAwMDB9fQ==",
          "dependencies": [
            "module.network.aws_eip.nat_elastic_ip",
            "module.network.aws_internet_gateway.igw",
            "module.network.aws_subnet.public_subnet_a",
            "module.network.aws_vpc.vpc"
          ]
        }
      ]
    },
    {
      "module": "module.network",
      "mode": "managed",
      "type": "aws_route",
      "name": "private_route",
      "provider": "provider[\"registry.terraform.io/hashicorp/aws\"]",
      "instances": [
        {
          "schema_version": 0,
          "attributes": {
            "carrier_gateway_id": "",
            "core_network_arn": "",
            "destination_cidr_block": "0.0.0.0/0",
            "destination_ipv6_cidr_block": "",
            "destination_prefix_list_id": "",
            "egress_only_gateway_id": "",
            "gateway_id": "",
            "id": "r-rtb-042d1eaa04be1ee8e1080289494",
            "instance_id": "",
            "instance_owner_id": "",
            "local_gateway_id": "",
            "nat_gateway_id": "nat-043e764825f92f760",
            "network_interface_id": "",
            "origin": "CreateRoute",
            "route_table_id": "rtb-042d1eaa04be1ee8e",
            "state": "active",
            "timeouts": null,
            "transit_gateway_id": "",
            "vpc_endpoint_id": "",
            "vpc_peering_connection_id": ""
          },
          "sensitive_attributes": [],
          "identity_schema_version": 0,
          "private": "eyJlMmJmYjczMC1lY2FhLTExZTYtOGY4OC0zNDM2M2JjN2M0YzAiOnsiY3JlYXRlIjozMDAwMDAwMDAwMDAsImRlbGV0ZSI6MzAwMDAwMDAwMDAwLCJ1cGRhdGUiOjEyMDAwMDAwMDAwMH19",
          "dependencies": [
            "module.network.aws_eip.nat_elastic_ip",
            "module.network.aws_internet_gateway.igw",
            "module.network.aws_nat_gateway.ngw",
            "module.network.aws_route_table.rt_nat",
            "module.network.aws_subnet.public_subnet_a",
            "module.network.aws_vpc.vpc"
          ]
        }
      ]
    },
    {
      "module": "module.network",
      "mode": "managed",
      "type": "aws_route",
      "name": "public_route",
      "provider": "provider[\"registry.terraform.io/hashicorp/aws\"]",
      "instances": [
        {
          "schema_version": 0,
          "attributes": {
            "carrier_gateway_id": "",
            "core_network_arn": "",
            "destination_cidr_block": "0.0.0.0/0",
            "destination_ipv6_cidr_block": "",
            "destination_prefix_list_id": "",
            "egress_only_gateway_id": "",
            "gateway_id": "igw-021d6f904fbda7f26",
            "id": "r-rtb-0d8c698948e291cff1080289494",
            "instance_id": "",
            "instance_owner_id": "",
            "local_gateway_id": "",
            "nat_gateway_id": "",
            "network_interface_id": "",
            "origin": "CreateRoute",
            "route_table_id": "rtb-0d8c698948e291cff",
            "state": "active",
            "timeouts": null,
            "transit_gateway_id": "",
            "vpc_endpoint_id": "",
            "vpc_peering_connection_id": ""
          },
          "sensitive_attributes": [],
          "identity_schema_version": 0,
          "private": "eyJlMmJmYjczMC1lY2FhLTExZTYtOGY4OC0zNDM2M2JjN2M0YzAiOnsiY3JlYXRlIjozMDAwMDAwMDAwMDAsImRlbGV0ZSI6MzAwMDAwMDAwMDAwLCJ1cGRhdGUiOjEyMDAwMDAwMDAwMH19",
          "dependencies": [
            "module.network.aws_internet_gateway.igw",
            "module.network.aws_route_table.rt_igw",
            "module.network.aws_vpc.vpc"
          ]
        }
      ]
    },
    {
      "module": "module.network",
      "mode": "managed",
      "type": "aws_route_table",
      "name": "rt_igw",
      "provider": "provider[\"registry.terraform.io/hashicorp/aws\"]",
      "instances": [
        {
          "schema_version": 0,
          "attributes": {
            "arn": "arn:aws:ec2:us-west-1:367816904393:route-table/rtb-0d8c698948e291cff",
            "id": "rtb-0d8c698948e291cff",
            "owner_id": "367816904393",
            "propagating_vgws": [],
            "route": [],
            "tags": {
              "Name": "rt-public-fercanap",
              "Owner": "fercanap",
              "Project": "aws-final-lab"
            },
            "tags_all": {
              "Name": "rt-public-fercanap",
              "Owner": "fercanap",
              "Project": "aws-final-lab"
            },
            "timeouts": null,
            "vpc_id": "vpc-0dde345d35d826ce3"
          },
          "sensitive_attributes": [],
          "identity_schema_version": 0,
          "private": "eyJlMmJmYjczMC1lY2FhLTExZTYtOGY4OC0zNDM2M2JjN2M0YzAiOnsiY3JlYXRlIjozMDAwMDAwMDAwMDAsImRlbGV0ZSI6MzAwMDAwMDAwMDAwLCJ1cGRhdGUiOjEyMDAwMDAwMDAwMH19",
          "dependencies": [
            "module.network.aws_vpc.vpc"
          ]
        }
      ]
    },
    {
      "module": "module.network",
      "mode": "managed",
      "type": "aws_route_table",
      "name": "rt_nat",
      "provider": "provider[\"registry.terraform.io/hashicorp/aws\"]",
      "instances": [
        {
          "schema_version": 0,
          "attributes": {
            "arn": "arn:aws:ec2:us-west-1:367816904393:route-table/rtb-042d1eaa04be1ee8e",
            "id": "rtb-042d1eaa04be1ee8e",
            "owner_id": "367816904393",
            "propagating_vgws": [],
            "route": [],
            "tags": {
              "Name": "rt-private-fercanap",
              "Owner": "fercanap",
              "Project": "aws-final-lab"
            },
            "tags_all": {
              "Name": "rt-private-fercanap",
              "Owner": "fercanap",
              "Project": "aws-final-lab"
            },
            "timeouts": null,
            "vpc_id": "vpc-0dde345d35d826ce3"
          },
          "sensitive_attributes": [],
          "identity_schema_version": 0,
          "private": "eyJlMmJmYjczMC1lY2FhLTExZTYtOGY4OC0zNDM2M2JjN2M0YzAiOnsiY3JlYXRlIjozMDAwMDAwMDAwMDAsImRlbGV0ZSI6MzAwMDAwMDAwMDAwLCJ1cGRhdGUiOjEyMDAwMDAwMDAwMH19",
          "dependencies": [
            "module.network.aws_vpc.vpc"
          ]
        }
      ]
    },
    {
      "module": "module.network",
      "mode": "managed",
      "type": "aws_route_table_association",
      "name": "private_subnet_association",
      "provider": "provider[\"registry.terraform.io/hashicorp/aws\"]",
      "instances": [
        {
          "schema_version": 0,
          "attributes": {
            "gateway_id": "",
            "id": "rtbassoc-0155a0a6a41ed89f5",
            "route_table_id": "rtb-042d1eaa04be1ee8e",
            "subnet_id": "subnet-07302f58fbf088061",
            "timeouts": null
          },
          "sensitive_attributes": [],
          "identity_schema_version": 0,
          "private": "eyJlMmJmYjczMC1lY2FhLTExZTYtOGY4OC0zNDM2M2JjN2M0YzAiOnsiY3JlYXRlIjozMDAwMDAwMDAwMDAsImRlbGV0ZSI6MzAwMDAwMDAwMDAwLCJ1cGRhdGUiOjEyMDAwMDAwMDAwMH19",
          "dependencies": [
            "module.network.aws_route_table.rt_nat",
            "module.network.aws_subnet.private_subnet",
            "module.network.aws_vpc.vpc"
          ]
        }
      ]
    },
    {
      "module": "module.network",
      "mode": "managed",
      "type": "aws_route_table_association",
      "name": "public_subnet_association_a",
      "provider": "provider[\"registry.terraform.io/hashicorp/aws\"]",
      "instances": [
        {
          "schema_version": 0,
          "attributes": {
            "gateway_id": "",
            "id": "rtbassoc-005fd4bb31b16c290",
            "route_table_id": "rtb-0d8c698948e291cff",
            "subnet_id": "subnet-00300831be92ba687",
            "timeouts": null
          },
          "sensitive_attributes": [],
          "identity_schema_version": 0,
          "private": "eyJlMmJmYjczMC1lY2FhLTExZTYtOGY4OC0zNDM2M2JjN2M0YzAiOnsiY3JlYXRlIjozMDAwMDAwMDAwMDAsImRlbGV0ZSI6MzAwMDAwMDAwMDAwLCJ1cGRhdGUiOjEyMDAwMDAwMDAwMH19",
          "dependencies": [
            "module.network.aws_route_table.rt_igw",
            "module.network.aws_subnet.public_subnet_a",
            "module.network.aws_vpc.vpc"
          ]
        }
      ]
    },
    {
      "module": "module.network",
      "mode": "managed",
      "type": "aws_route_table_association",
      "name": "public_subnet_association_b",
      "provider": "provider[\"registry.terraform.io/hashicorp/aws\"]",
      "instances": [
        {
          "schema_version": 0,
          "attributes": {
            "gateway_id": "",
            "id": "rtbassoc-04d714c954309b6d7",
            "route_table_id": "rtb-0d8c698948e291cff",
            "subnet_id": "subnet-08d3091d27e64f25b",
            "timeouts": null
          },
          "sensitive_attributes": [],
          "identity_schema_version": 0,
          "private": "eyJlMmJmYjczMC1lY2FhLTExZTYtOGY4OC0zNDM2M2JjN2M0YzAiOnsiY3JlYXRlIjozMDAwMDAwMDAwMDAsImRlbGV0ZSI6MzAwMDAwMDAwMDAwLCJ1cGRhdGUiOjEyMDAwMDAwMDAwMH19",
          "dependencies": [
            "module.network.aws_route_table.rt_igw",
            "module.network.aws_subnet.public_subnet_b",
            "module.network.aws_vpc.vpc"
          ]
        }
      ]
    },
    {
      "module": "module.network",
      "mode": "managed",
      "type": "aws_subnet",
      "name": "private_subnet",
      "provider": "provider[\"registry.terraform.io/hashicorp/aws\"]",
      "instances": [
        {
          "schema_version": 1,
          "attributes": {
            "arn": "arn:aws:ec2:us-west-1:367816904393:subnet/subnet-07302f58fbf088061",
            "assign_ipv6_address_on_creation": false,
            "availability_zone": "us-west-1b",
            "availability_zone_id": "usw1-az1",
            "cidr_block": "10.0.3.0/24",
            "customer_owned_ipv4_pool": "",
            "enable_dns64": false,
            "enable_lni_at_device_index": 0,
            "enable_resource_name_dns_a_record_on_launch": false,
            "enable_resource_name_dns_aaaa_record_on_launch": false,
            "id": "subnet-07302f58fbf088061",
            "ipv6_cidr_block": "",
            "ipv6_cidr_block_association_id": "",
            "ipv6_native": false,
            "map_customer_owned_ip_on_launch": false,
            "map_public_ip_on_launch": false,
            "outpost_arn": "",
            "owner_id": "367816904393",
            "private_dns_hostname_type_on_launch": "ip-name",
            "tags": {
              "Name": "private-subnet-fercanap",
              "Owner": "fercanap",
              "Project": "aws-final-lab"
            },
            "tags_all": {
              "Name": "private-subnet-fercanap",
              "Owner": "fercanap",
              "Project": "aws-final-lab"
            },
            "timeouts": null,
            "vpc_id": "vpc-0dde345d35d826ce3"
          },
          "sensitive_attributes": [],
          "identity_schema_version": 0,
          "private": "eyJlMmJmYjczMC1lY2FhLTExZTYtOGY4OC0zNDM2M2JjN2M0YzAiOnsiY3JlYXRlIjo2MDAwMDAwMDAwMDAsImRlbGV0ZSI6MTIwMDAwMDAwMDAwMH0sInNjaGVtYV92ZXJzaW9uIjoiMSJ9",
          "dependencies": [
            "module.network.aws_vpc.vpc"
          ],
          "create_before_destroy": true
        }
      ]
    },
    {
      "module": "module.network",
      "mode": "managed",
      "type": "aws_subnet",
      "name": "public_subnet_a",
      "provider": "provider[\"registry.terraform.io/hashicorp/aws\"]",
      "instances": [
        {
          "schema_version": 1,
          "attributes": {
            "arn": "arn:aws:ec2:us-west-1:367816904393:subnet/subnet-00300831be92ba687",
            "assign_ipv6_address_on_creation": false,
            "availability_zone": "us-west-1a",
            "availability_zone_id": "usw1-az3",
            "cidr_block": "10.0.1.0/24",
            "customer_owned_ipv4_pool": "",
            "enable_dns64": false,
            "enable_lni_at_device_index": 0,
            "enable_resource_name_dns_a_record_on_launch": false,
            "enable_resource_name_dns_aaaa_record_on_launch": false,
            "id": "subnet-00300831be92ba687",
            "ipv6_cidr_block": "",
            "ipv6_cidr_block_association_id": "",
            "ipv6_native": false,
            "map_customer_owned_ip_on_launch": false,
            "map_public_ip_on_launch": false,
            "outpost_arn": "",
            "owner_id": "367816904393",
            "private_dns_hostname_type_on_launch": "ip-name",
            "tags": {
              "Name": "public-subnet-a-fercanap",
              "Owner": "fercanap",
              "Project": "aws-final-lab"
            },
            "tags_all": {
              "Name": "public-subnet-a-fercanap",
              "Owner": "fercanap",
              "Project": "aws-final-lab"
            },
            "timeouts": null,
            "vpc_id": "vpc-0dde345d35d826ce3"
          },
          "sensitive_attributes": [],
          "identity_schema_version": 0,
          "private": "eyJlMmJmYjczMC1lY2FhLTExZTYtOGY4OC0zNDM2M2JjN2M0YzAiOnsiY3JlYXRlIjo2MDAwMDAwMDAwMDAsImRlbGV0ZSI6MTIwMDAwMDAwMDAwMH0sInNjaGVtYV92ZXJzaW9uIjoiMSJ9",
          "dependencies": [
            "module.network.aws_vpc.vpc"
          ]
        }
      ]
    },
    {
      "module": "module.network",
      "mode": "managed",
      "type": "aws_subnet",
      "name": "public_subnet_b",
      "provider": "provider[\"registry.terraform.io/hashicorp/aws\"]",
      "instances": [
        {
          "schema_version": 1,
          "attributes": {
            "arn": "arn:aws:ec2:us-west-1:367816904393:subnet/subnet-08d3091d27e64f25b",
            "assign_ipv6_address_on_creation": false,
            "availability_zone": "us-west-1b",
            "availability_zone_id": "usw1-az1",
            "cidr_block": "10.0.2.0/24",
            "customer_owned_ipv4_pool": "",
            "enable_dns64": false,
            "enable_lni_at_device_index": 0,
            "enable_resource_name_dns_a_record_on_launch": false,
            "enable_resource_name_dns_aaaa_record_on_launch": false,
            "id": "subnet-08d3091d27e64f25b",
            "ipv6_cidr_block": "",
            "ipv6_cidr_block_association_id": "",
            "ipv6_native": false,
            "map_customer_owned_ip_on_launch": false,
            "map_public_ip_on_launch": false,
            "outpost_arn": "",
            "owner_id": "367816904393",
            "private_dns_hostname_type_on_launch": "ip-name",
            "tags": {
              "Name": "public-subnet-b-fercanap",
              "Owner": "fercanap",
              "Project": "aws-final-lab"
            },
            "tags_all": {
              "Name": "public-subnet-b-fercanap",
              "Owner": "fercanap",
              "Project": "aws-final-lab"
            },
            "timeouts": null,
            "vpc_id": "vpc-0dde345d35d826ce3"
          },
          "sensitive_attributes": [],
          "identity_schema_version": 0,
          "private": "eyJlMmJmYjczMC1lY2FhLTExZTYtOGY4OC0zNDM2M2JjN2M0YzAiOnsiY3JlYXRlIjo2MDAwMDAwMDAwMDAsImRlbGV0ZSI6MTIwMDAwMDAwMDAwMH0sInNjaGVtYV92ZXJzaW9uIjoiMSJ9",
          "dependencies": [
            "module.network.aws_vpc.vpc"
          ]
        }
      ]
    },
    {
      "module": "module.network",
      "mode": "managed",
      "type": "aws_vpc",
      "name": "vpc",
      "provider": "provider[\"registry.terraform.io/hashicorp/aws\"]",
      "instances": [
        {
          "schema_version": 1,
          "attributes": {
            "arn": "arn:aws:ec2:us-west-1:367816904393:vpc/vpc-0dde345d35d826ce3",
            "assign_generated_ipv6_cidr_block": false,
            "cidr_block": "10.0.0.0/16",
            "default_network_acl_id": "acl-0143bcf49a7a00a92",
            "default_route_table_id": "rtb-0231b8b8802c58d8d",
            "default_security_group_id": "sg-0a64e242818801c77",
            "dhcp_options_id": "dopt-039abb22ec8aabf8b",
            "enable_dns_hostnames": false,
            "enable_dns_support": true,
            "enable_network_address_usage_metrics": false,
            "id": "vpc-0dde345d35d826ce3",
            "instance_tenancy": "default",
            "ipv4_ipam_pool_id": null,
            "ipv4_netmask_length": null,
            "ipv6_association_id": "",
            "ipv6_cidr_block": "",
            "ipv6_cidr_block_network_border_group": "",
            "ipv6_ipam_pool_id": "",
            "ipv6_netmask_length": 0,
            "main_route_table_id": "rtb-0231b8b8802c58d8d",
            "owner_id": "367816904393",
            "tags": {
              "Name": "vpc-fercanap",
              "Owner": "fercanap",
              "Project": "aws-final-lab"
            },
            "tags_all": {
              "Name": "vpc-fercanap",
              "Owner": "fercanap",
              "Project": "aws-final-lab"
            }
          },
          "sensitive_attributes": [],
          "identity_schema_version": 0,
          "private": "eyJzY2hlbWFfdmVyc2lvbiI6IjEifQ==",
          "create_before_destroy": true
        }
      ]
    },
    {
      "module": "module.securityGroups",
      "mode": "managed",
      "type": "aws_security_group",
      "name": "bastion",
      "provider": "provider[\"registry.terraform.io/hashicorp/aws\"]",
      "instances": [
        {
          "schema_version": 1,
          "attributes": {
            "arn": "arn:aws:ec2:us-west-1:367816904393:security-group/sg-0fcca9d419e2259ce",
            "description": "Allow SSH from anywhere",
            "egress": [
              {
                "cidr_blocks": [
                  "0.0.0.0/0"
                ],
                "description": "",
                "from_port": 0,
                "ipv6_cidr_blocks": [],
                "prefix_list_ids": [],
                "protocol": "-1",
                "security_groups": [],
                "self": false,
                "to_port": 0
              }
            ],
            "id": "sg-0fcca9d419e2259ce",
            "ingress": [
              {
                "cidr_blocks": [
                  "0.0.0.0/0"
                ],
                "description": "",
                "from_port": 22,
                "ipv6_cidr_blocks": [],
                "prefix_list_ids": [],
                "protocol": "tcp",
                "security_groups": [],
                "self": false,
                "to_port": 22
              }
            ],
            "name": "bastion-sg",
            "name_prefix": "",
            "owner_id": "367816904393",
            "revoke_rules_on_delete": false,
            "tags": {
              "Name": "bastion-sg",
              "Owner": "fercanap",
              "Project": "aws-final-lab"
            },
            "tags_all": {
              "Name": "bastion-sg",
              "Owner": "fercanap",
              "Project": "aws-final-lab"
            },
            "timeouts": null,
            "vpc_id": "vpc-0dde345d35d826ce3"
          },
          "sensitive_attributes": [],
          "identity_schema_version": 0,
          "private": "eyJlMmJmYjczMC1lY2FhLTExZTYtOGY4OC0zNDM2M2JjN2M0YzAiOnsiY3JlYXRlIjo2MDAwMDAwMDAwMDAsImRlbGV0ZSI6OTAwMDAwMDAwMDAwfSwic2NoZW1hX3ZlcnNpb24iOiIxIn0=",
          "dependencies": [
            "module.network.aws_vpc.vpc"
          ],
          "create_before_destroy": true
        }
      ]
    },
    {
      "module": "module.securityGroups",
      "mode": "managed",
      "type": "aws_security_group",
      "name": "private",
      "provider": "provider[\"registry.terraform.io/hashicorp/aws\"]",
      "instances": [
        {
          "schema_version": 1,
          "attributes": {
            "arn": "arn:aws:ec2:us-west-1:367816904393:security-group/sg-02e8327e4bf06b8ef",
            "description": "Allow HTTP/HTTPS from public SG and SSH from bastion",
            "egress": [
              {
                "cidr_blocks": [
                  "0.0.0.0/0"
                ],
                "description": "",
                "from_port": 0,
                "ipv6_cidr_blocks": [],
                "prefix_list_ids": [],
                "protocol": "-1",
                "security_groups": [],
                "self": false,
                "to_port": 0
              }
            ],
            "id": "sg-02e8327e4bf06b8ef",
            "ingress": [
              {
                "cidr_blocks": [],
                "description": "",
                "from_port": 22,
                "ipv6_cidr_blocks": [],
                "prefix_list_ids": [],
                "protocol": "tcp",
                "security_groups": [
                  "sg-0fcca9d419e2259ce"
                ],
                "self": false,
                "to_port": 22
              },
              {
                "cidr_blocks": [],
                "description": "",
                "from_port": 443,
                "ipv6_cidr_blocks": [],
                "prefix_list_ids": [],
                "protocol": "tcp",
                "security_groups": [
                  "sg-01306c89a891093d2"
                ],
                "self": false,
                "to_port": 443
              },
              {
                "cidr_blocks": [],
                "description": "",
                "from_port": 80,
                "ipv6_cidr_blocks": [],
                "prefix_list_ids": [],
                "protocol": "tcp",
                "security_groups": [
                  "sg-01306c89a891093d2"
                ],
                "self": false,
                "to_port": 80
              }
            ],
            "name": "private-sg",
            "name_prefix": "",
            "owner_id": "367816904393",
            "revoke_rules_on_delete": false,
            "tags": {
              "Name": "private-sg",
              "Owner": "fercanap",
              "Project": "aws-final-lab"
            },
            "tags_all": {
              "Name": "private-sg",
              "Owner": "fercanap",
              "Project": "aws-final-lab"
            },
            "timeouts": null,
            "vpc_id": "vpc-0dde345d35d826ce3"
          },
          "sensitive_attributes": [],
          "identity_schema_version": 0,
          "private": "eyJlMmJmYjczMC1lY2FhLTExZTYtOGY4OC0zNDM2M2JjN2M0YzAiOnsiY3JlYXRlIjo2MDAwMDAwMDAwMDAsImRlbGV0ZSI6OTAwMDAwMDAwMDAwfSwic2NoZW1hX3ZlcnNpb24iOiIxIn0=",
          "dependencies": [
            "module.network.aws_vpc.vpc",
            "module.securityGroups.aws_security_group.bastion",
            "module.securityGroups.aws_security_group.public"
          ],
          "create_before_destroy": true
        }
      ]
    },
    {
      "module": "module.securityGroups",
      "mode": "managed",
      "type": "aws_security_group",
      "name": "public",
      "provider": "provider[\"registry.terraform.io/hashicorp/aws\"]",
      "instances": [
        {
          "schema_version": 1,
          "attributes": {
            "arn": "arn:aws:ec2:us-west-1:367816904393:security-group/sg-01306c89a891093d2",
            "description": "Allow HTTP and HTTPS",
            "egress": [
              {
                "cidr_blocks": [
                  "0.0.0.0/0"
                ],
                "description": "",
                "from_port": 0,
                "ipv6_cidr_blocks": [],
                "prefix_list_ids": [],
                "protocol": "-1",
                "security_groups": [],
                "self": false,
                "to_port": 0
              }
            ],
            "id": "sg-01306c89a891093d2",
            "ingress": [
              {
                "cidr_blocks": [
                  "0.0.0.0/0"
                ],
                "description": "",
                "from_port": 443,
                "ipv6_cidr_blocks": [],
                "prefix_list_ids": [],
                "protocol": "tcp",
                "security_groups": [],
                "self": false,
                "to_port": 443
              },
              {
                "cidr_blocks": [
                  "0.0.0.0/0"
                ],
                "description": "",
                "from_port": 80,
                "ipv6_cidr_blocks": [],
                "prefix_list_ids": [],
                "protocol": "tcp",
                "security_groups": [],
                "self": false,
                "to_port": 80
              }
            ],
            "name": "public-sg",
            "name_prefix": "",
            "owner_id": "367816904393",
            "revoke_rules_on_delete": false,
            "tags": {
              "Name": "public-sg",
              "Owner": "fercanap",
              "Project": "aws-final-lab"
            },
            "tags_all": {
              "Name": "public-sg",
              "Owner": "fercanap",
              "Project": "aws-final-lab"
            },
            "timeouts": null,
            "vpc_id": "vpc-0dde345d35d826ce3"
          },
          "sensitive_attributes": [],
          "identity_schema_version": 0,
          "private": "eyJlMmJmYjczMC1lY2FhLTExZTYtOGY4OC0zNDM2M2JjN2M0YzAiOnsiY3JlYXRlIjo2MDAwMDAwMDAwMDAsImRlbGV0ZSI6OTAwMDAwMDAwMDAwfSwic2NoZW1hX3ZlcnNpb24iOiIxIn0=",
          "dependencies": [
            "module.network.aws_vpc.vpc"
          ],
          "create_before_destroy": true
        }
      ]
    }
  ],
  "check_results": [
    {
      "object_kind": "var",
      "config_addr": "var.lab_name",
      "status": "pass",
      "objects": [
        {
          "object_addr": "var.lab_name",
          "status": "pass"
        }
      ]
    }
  ]
}
