{
  "version": 4,
  "terraform_version": "1.12.0",
  "serial": 27,
  "lineage": "4b1838cb-cec5-6a94-59c3-5c6a6e5f5666",
  "outputs": {
    "bastion_ssh_command": {
      "value": "ssh -i key.pem ubuntu@52.53.153.150",
      "type": "string"
    },
    "public_subnet_a_id": {
      "value": "subnet-0f761512f6c8bc972",
      "type": "string"
    },
    "vpc_id": {
      "value": "vpc-086e06be627cd1949",
      "type": "string"
    },
    "web_alb_url": {
      "value": "http://alb-fercanap-1264772059.us-west-1.elb.amazonaws.com",
      "type": "string"
    }
  },
  "resources": [
    {
      "mode": "data",
      "type": "aws_ami",
      "name": "ubuntu",
      "provider": "provider[\"registry.terraform.io/hashicorp/aws\"]",
      "instances": [
        {
          "schema_version": 0,
          "attributes": {
            "architecture": "x86_64",
            "arn": "arn:aws:ec2:us-west-1::image/ami-000014e8d990531ed",
            "block_device_mappings": [
              {
                "device_name": "/dev/sda1",
                "ebs": {
                  "delete_on_termination": "true",
                  "encrypted": "false",
                  "iops": "0",
                  "snapshot_id": "snap-0fa8939a819a68be3",
                  "throughput": "0",
                  "volume_initialization_rate": "0",
                  "volume_size": "8",
                  "volume_type": "gp2"
                },
                "no_device": "",
                "virtual_name": ""
              },
              {
                "device_name": "/dev/sdb",
                "ebs": {},
                "no_device": "",
                "virtual_name": "ephemeral0"
              },
              {
                "device_name": "/dev/sdc",
                "ebs": {},
                "no_device": "",
                "virtual_name": "ephemeral1"
              }
            ],
            "boot_mode": "legacy-bios",
            "creation_date": "2025-06-03T15:16:59.000Z",
            "deprecation_time": "2027-06-03T15:16:59.000Z",
            "description": "Canonical, Ubuntu, 20.04, amd64 focal image",
            "ena_support": true,
            "executable_users": null,
            "filter": [
              {
                "name": "name",
                "values": [
                  "ubuntu/images/hvm-ssd/ubuntu-focal-20.04-amd64-server-*"
                ]
              },
              {
                "name": "virtualization-type",
                "values": [
                  "hvm"
                ]
              }
            ],
            "hypervisor": "xen",
            "id": "ami-000014e8d990531ed",
            "image_id": "ami-000014e8d990531ed",
            "image_location": "amazon/ubuntu/images/hvm-ssd/ubuntu-focal-20.04-amd64-server-20250603",
            "image_owner_alias": "amazon",
            "image_type": "machine",
            "imds_support": "",
            "include_deprecated": false,
            "kernel_id": "",
            "last_launched_time": "",
            "most_recent": true,
            "name": "ubuntu/images/hvm-ssd/ubuntu-focal-20.04-amd64-server-20250603",
            "name_regex": null,
            "owner_id": "099720109477",
            "owners": [
              "099720109477"
            ],
            "platform": "",
            "platform_details": "Linux/UNIX",
            "product_codes": [],
            "public": true,
            "ramdisk_id": "",
            "root_device_name": "/dev/sda1",
            "root_device_type": "ebs",
            "root_snapshot_id": "snap-0fa8939a819a68be3",
            "sriov_net_support": "simple",
            "state": "available",
            "state_reason": {
              "code": "UNSET",
              "message": "UNSET"
            },
            "tags": {},
            "timeouts": null,
            "tpm_support": "",
            "uefi_data": null,
            "usage_operation": "RunInstances",
            "virtualization_type": "hvm"
          },
          "sensitive_attributes": [],
          "identity_schema_version": 0
        }
      ]
    },
    {
      "mode": "managed",
      "type": "aws_key_pair",
      "name": "ec2_key",
      "provider": "provider[\"registry.terraform.io/hashicorp/aws\"]",
      "instances": [
        {
          "schema_version": 1,
          "attributes": {
            "arn": "arn:aws:ec2:us-west-1:367816904393:key-pair/fercanap-key",
            "fingerprint": "27:8b:cf:54:68:0a:b0:f4:c4:15:91:65:9e:e4:1b:d9",
            "id": "fercanap-key",
            "key_name": "fercanap-key",
            "key_name_prefix": "",
            "key_pair_id": "key-0df5dd543d67ff7ba",
            "key_type": "rsa",
            "public_key": "ssh-rsa AAAAB3NzaC1yc2EAAAADAQABAAACAQDVJLFlDHVDml4shRaXl6TOesFTZMYXlNkOe2T7y7dQKthM4x9qhI8e4mXQ7k5UPSjRCGJKyS3rM5GVpmKQMIy67Y2uunoXX7VQjvrFaUONr5FZYG/4JVcE5qALlTpCl5Ncd4yvBLlhSIj2KtfmvEDUsUtdPfP9MIw1oJFZqU78i+DP/fJ5LDl0UJCbhJ9leJZMZknEZPr5kJcR64ZhGdcylEhFA48FCLM1rYNrYvsjF6oh9JaIyh85289cEpQXhRz5rbm8H6ZmN8w9Ffz6Z0p6i9qlvebdbF+gemyrV3kNugqKuczrW1CPTFTMpL02hLph0oKskOIx1jhCkPur2Alu39DvzZLAKA/WJUv/S1bdNwjX6B9Bp0cTcihRWQgVPGpjMHV3pPc0Aoq5Kv6p37i/Em+x953W76LP7JNikCnGSIz1ypHxk+WmmHLulqJosVSUrHLX6Nja2ob009Cb4nTO3x0Xvul1wWLwFV9Z78CjSP1IpvZXszdf0yEDVTNpNJzhoTU28Rj/WXZ1ojtPv7EIBLhkLiTnIGf8jHuD1GeEkb830pF+AqnqjX86e+PDlC9SFbisRqYmI9Pzu5AlLgv0UdlIDq6IMMMq9fRhmw8arlocDGbnt9rfz+tGB8w7F+HGd/kaL+kUmoxtD2WFJuQWLUea5azH/dkUgZVkNtPm0Q==",
            "tags": null,
            "tags_all": {}
          },
          "sensitive_attributes": [],
          "identity_schema_version": 0,
          "private": "eyJzY2hlbWFfdmVyc2lvbiI6IjEifQ==",
          "dependencies": [
            "tls_private_key.privateKey"
          ],
          "create_before_destroy": true
        }
      ]
    },
    {
      "mode": "managed",
      "type": "tls_private_key",
      "name": "privateKey",
      "provider": "provider[\"registry.terraform.io/hashicorp/tls\"]",
      "instances": [
        {
          "schema_version": 1,
          "attributes": {
            "algorithm": "RSA",
            "ecdsa_curve": "P224",
            "id": "9363ec1d4fa07974b3ecde9479243ba9e53112c5",
            "private_key_openssh": "-----BEGIN OPENSSH PRIVATE KEY-----\nb3BlbnNzaC1rZXktdjEAAAAABG5vbmUAAAAEbm9uZQAAAAAAAAABAAACFwAAAAdz\nc2gtcnNhAAAAAwEAAQAAAgEA1SSxZQx1Q5peLIUWl5ekznrBU2TGF5TZDntk+8u3\nUCrYTOMfaoSPHuJl0O5OVD0o0QhiSskt6zORlaZikDCMuu2Nrrp6F1+1UI76xWlD\nja+RWWBv+CVXBOagC5U6QpeTXHeMrwS5YUiI9irX5rxA1LFLXT3z/TCMNaCRWalO\n/Ivgz/3yeSw5dFCQm4SfZXiWTGZJxGT6+ZCXEeuGYRnXMpRIRQOPBQizNa2Da2L7\nIxeqIfSWiMofOdvPXBKUF4Uc+a25vB+mZjfMPRX8+mdKeovapb3m3WxfoHpsq1d5\nDboKirnM61tQj0xUzKS9NoS6YdKCrJDiMdY4QpD7q9gJbt/Q782SwCgP1iVL/0tW\n3TcI1+gfQadHE3IoUVkIFTxqYzB1d6T3NAKKuSr+qd+4vxJvsfed1u+iz+yTYpAp\nxkiM9cqR8ZPlpphy7paiaLFUlKxy1+jY2tqG9NPQm+J0zt8dF77pdcFi8BVfWe/A\no0j9SKb2V7M3X9MhA1UzaTSc4aE1NvEY/1l2daI7T7+xCAS4ZC4k5yBn/Ix7g9Rn\nhJG/N9KRfgKp6o1/Onvjw5QvUhW4rEamJiPT87uQJS4L9FHZSA6uiDDDKvX0YZsP\nGq5aHAxm57fa38/rRgfMOxfhxnf5Gi/pFJqMbQ9lhSbkFi1HmuWsx/3ZFIGVZDbT\n5tEAAAc4UyXAxVMlwMUAAAAHc3NoLXJzYQAAAgEA1SSxZQx1Q5peLIUWl5ekznrB\nU2TGF5TZDntk+8u3UCrYTOMfaoSPHuJl0O5OVD0o0QhiSskt6zORlaZikDCMuu2N\nrrp6F1+1UI76xWlDja+RWWBv+CVXBOagC5U6QpeTXHeMrwS5YUiI9irX5rxA1LFL\nXT3z/TCMNaCRWalO/Ivgz/3yeSw5dFCQm4SfZXiWTGZJxGT6+ZCXEeuGYRnXMpRI\nRQOPBQizNa2Da2L7IxeqIfSWiMofOdvPXBKUF4Uc+a25vB+mZjfMPRX8+mdKeova\npb3m3WxfoHpsq1d5DboKirnM61tQj0xUzKS9NoS6YdKCrJDiMdY4QpD7q9gJbt/Q\n782SwCgP1iVL/0tW3TcI1+gfQadHE3IoUVkIFTxqYzB1d6T3NAKKuSr+qd+4vxJv\nsfed1u+iz+yTYpApxkiM9cqR8ZPlpphy7paiaLFUlKxy1+jY2tqG9NPQm+J0zt8d\nF77pdcFi8BVfWe/Ao0j9SKb2V7M3X9MhA1UzaTSc4aE1NvEY/1l2daI7T7+xCAS4\nZC4k5yBn/Ix7g9RnhJG/N9KRfgKp6o1/Onvjw5QvUhW4rEamJiPT87uQJS4L9FHZ\nSA6uiDDDKvX0YZsPGq5aHAxm57fa38/rRgfMOxfhxnf5Gi/pFJqMbQ9lhSbkFi1H\nmuWsx/3ZFIGVZDbT5tEAAAADAQABAAACAAw8XkOtBqlSGhBntn+O2MrysJj7OsT9\nSkWiz04GKJidUQv+6N2KTRYKjKpFF/GNjkOLverJqE1tiTDEW7mn09hiTUUn1tzz\nJVtBzgMZsyNV3hv5pYvjBt8U50Cq+Sx7+51uDoE4nfTH/3bUSE8qZPVg1TD93r0c\n9ZuZg2aYidyFIiuGik4q/ARhoJ+Q6j6ewNATei4gVukPRCDm+rCl1V0Ftq1hkisJ\nkBInixkV1lFyKRXobuDc65R8eiewuFguT9bEgppaXcjV8K9cDQkJ93RYBX4IzBFP\niKDTjlv6ukwPr02981XaiOIlEWQrG+KelX2Kom5KJfYS9Glb3drEXOwp8EjAkWa+\n60yLJ9J+teK3ucRE7kAsNRqoigAm0ne8FTk5AWf9wH1WpnYQG6aP17qazleWJ1HD\n7b004qwAbOkZIFssqRksFyEjDZhACcLKKoKlOlv8QO8oAfeN7vW1U6M3sBtioY3B\n/dsqeiJB4PBB+ni9ZKxA6F7Xh1AxVLIFRIzSO/7++K+1Ij0KEDDY6vZdkyQ0DQmm\nVFaiIoIIq8G2kqL/yO3iMYTp6OcWTXFquNmsPpleFtnRp4Qdc9E5JJo6wCx3o7Sr\nLCuCscTZnPZcp/1djnjWhVkl1z79PSsR645eAI5TcpBZW9QVrKpRpBlMxq9wW5pi\nRGrOLhKq2rqBAAABAQCStmcWcC9X/oqD14fFoZZFiUR8euOSGWG/JotqLU/NRUYD\nevVOL8eyR6NfCEPyNVaJ1fxf+hDByEl7boBh4INSqLwV7iSskChcNt+PmGwOfBDW\neTgwA9Cf9OJ7FTq28Lf1Wd3sqaYd+em7cHWkg+m4A6NHHBRrXz8u+HawMPn4tnhx\nk1bBty4kqTSVdTIyxbM5vFE9fVPrlo0Jbt8HVoYLgO482qYQdaAPGxDaarBzkK9b\n9z/tymY0Iq7YEoXc851aHN4bflijwOf9ITx6TGs4bA6DLPFiscvmbCJ6tYZ5MEq4\nq3/g3RsAGU0GWl3vDC0+6ppnl3wVCJ0pDtshh9rnAAABAQDjZRNQSQj/InfBXWuU\nYdRBTFC4DSXu6MTy4SoYoSR+bvzgV/u8EC2Ccl/uNonuxI0ugQg92U0BkGMnraOn\nH2PrJ4IjXpKCniOriyckdtGUviC4r1go1yOJrnrKb1SYCgQquElwfnygQxG9Eoc2\nswnxAre4cBalQDB0JwJW4968SekTPNmEKuhxmg80aunsi2N9YCJGAC1LehB0nYQs\nQT5IwvyIaj3b76KRnFFj8iilc//FCBZmmGTpYgy+P0Usit+lOVqjkb6ihV8LtyEf\nWMe0+XdTgFUNaDMZxnHZQqCUpbM1TKPaPXA8YCRJAWDdrv14VPHQHqJP99A3ooW7\nuy9hAAABAQDv9KsmeEmahjdI8cgoXHv/lkDibkRylkhC6WjBoJZOxC2IBZnFP5zv\n3ySMomHx2kpiS1jFJ5De4XmJNrnrYIbePc/8/G/YOHmkVlj739WmQU7nH8ULqRgp\n94SKDQwBKS1QF13LtXA0OF7tF7/kBt7OPcd2JJEAUHE6UvlPxHfhH+ogdxT6OpOB\n2VxAuA+a69qNrCMjPZl3+0dKorzO3S+NiIANySrydYyPfLVDhi6lSyyuIVgpw9Sw\nSsIpomoNuuSlHMYnCg3dDDsTIcakCpCUi7soIVp6iDMAUcih3K6HV7/vpdKV6XCx\ng+mL8Oi1kt2eaMD/tcz1Sf/HT8+ilh1xAAAAAAEC\n-----END OPENSSH PRIVATE KEY-----\n",
            "private_key_pem": "-----BEGIN RSA PRIVATE KEY-----\nMIIJKAIBAAKCAgEA1SSxZQx1Q5peLIUWl5ekznrBU2TGF5TZDntk+8u3UCrYTOMf\naoSPHuJl0O5OVD0o0QhiSskt6zORlaZikDCMuu2Nrrp6F1+1UI76xWlDja+RWWBv\n+CVXBOagC5U6QpeTXHeMrwS5YUiI9irX5rxA1LFLXT3z/TCMNaCRWalO/Ivgz/3y\neSw5dFCQm4SfZXiWTGZJxGT6+ZCXEeuGYRnXMpRIRQOPBQizNa2Da2L7IxeqIfSW\niMofOdvPXBKUF4Uc+a25vB+mZjfMPRX8+mdKeovapb3m3WxfoHpsq1d5DboKirnM\n61tQj0xUzKS9NoS6YdKCrJDiMdY4QpD7q9gJbt/Q782SwCgP1iVL/0tW3TcI1+gf\nQadHE3IoUVkIFTxqYzB1d6T3NAKKuSr+qd+4vxJvsfed1u+iz+yTYpApxkiM9cqR\n8ZPlpphy7paiaLFUlKxy1+jY2tqG9NPQm+J0zt8dF77pdcFi8BVfWe/Ao0j9SKb2\nV7M3X9MhA1UzaTSc4aE1NvEY/1l2daI7T7+xCAS4ZC4k5yBn/Ix7g9RnhJG/N9KR\nfgKp6o1/Onvjw5QvUhW4rEamJiPT87uQJS4L9FHZSA6uiDDDKvX0YZsPGq5aHAxm\n57fa38/rRgfMOxfhxnf5Gi/pFJqMbQ9lhSbkFi1HmuWsx/3ZFIGVZDbT5tECAwEA\nAQKCAgAMPF5DrQapUhoQZ7Z/jtjK8rCY+zrE/UpFos9OBiiYnVEL/ujdik0WCoyq\nRRfxjY5Di73qyahNbYkwxFu5p9PYYk1FJ9bc8yVbQc4DGbMjVd4b+aWL4wbfFOdA\nqvkse/udbg6BOJ30x/921EhPKmT1YNUw/d69HPWbmYNmmInchSIrhopOKvwEYaCf\nkOo+nsDQE3ouIFbpD0Qg5vqwpdVdBbatYZIrCZASJ4sZFdZRcikV6G7g3OuUfHon\nsLhYLk/WxIKaWl3I1fCvXA0JCfd0WAV+CMwRT4ig045b+rpMD69NvfNV2ojiJRFk\nKxvinpV9iqJuSiX2EvRpW93axFzsKfBIwJFmvutMiyfSfrXit7nERO5ALDUaqIoA\nJtJ3vBU5OQFn/cB9VqZ2EBumj9e6ms5XlidRw+29NOKsAGzpGSBbLKkZLBchIw2Y\nQAnCyiqCpTpb/EDvKAH3je71tVOjN7AbYqGNwf3bKnoiQeDwQfp4vWSsQOhe14dQ\nMVSyBUSM0jv+/vivtSI9ChAw2Or2XZMkNA0JplRWoiKCCKvBtpKi/8jt4jGE6ejn\nFk1xarjZrD6ZXhbZ0aeEHXPROSSaOsAsd6O0qywrgrHE2Zz2XKf9XY541oVZJdc+\n/T0rEeuOXgCOU3KQWVvUFayqUaQZTMavcFuaYkRqzi4Sqtq6gQKCAQEA42UTUEkI\n/yJ3wV1rlGHUQUxQuA0l7ujE8uEqGKEkfm784Ff7vBAtgnJf7jaJ7sSNLoEIPdlN\nAZBjJ62jpx9j6yeCI16Sgp4jq4snJHbRlL4guK9YKNcjia56ym9UmAoEKrhJcH58\noEMRvRKHNrMJ8QK3uHAWpUAwdCcCVuPevEnpEzzZhCrocZoPNGrp7ItjfWAiRgAt\nS3oQdJ2ELEE+SML8iGo92++ikZxRY/IopXP/xQgWZphk6WIMvj9FLIrfpTlao5G+\nooVfC7chH1jHtPl3U4BVDWgzGcZx2UKglKWzNUyj2j1wPGAkSQFg3a79eFTx0B6i\nT/fQN6KFu7svYQKCAQEA7/SrJnhJmoY3SPHIKFx7/5ZA4m5EcpZIQulowaCWTsQt\niAWZxT+c798kjKJh8dpKYktYxSeQ3uF5iTa562CG3j3P/Pxv2Dh5pFZY+9/VpkFO\n5x/FC6kYKfeEig0MASktUBddy7VwNDhe7Re/5Abezj3HdiSRAFBxOlL5T8R34R/q\nIHcU+jqTgdlcQLgPmuvajawjIz2Zd/tHSqK8zt0vjYiADckq8nWMj3y1Q4YupUss\nriFYKcPUsErCKaJqDbrkpRzGJwoN3Qw7EyHGpAqQlIu7KCFaeogzAFHIodyuh1e/\n76XSlelwsYPpi/DotZLdnmjA/7XM9Un/x0/PopYdcQKCAQBbNVyU1GauZ3XfcohH\nISJQ+rpZyLRRar4sqZIIBQKtT/lQRxoq6dZHP3cpBmk3A1GZuJnErReNLAwJi0Vc\nMGQUm2lApJthluq50PvnTV1tKwHW8kYLQ5f2jqyj7BnjTgkz1W1nmOSGJ8DCtN7V\nWuT+7dchPJxotiF5RXhTv9zEa2T4mWyp7cgEYQX+QXAIuDQ0ws2chE+muZRGIjQ0\nyAqihstiMDMVt73eZ/Phge05yBhsQH0zs6auUezIlno5jo58KFAp0bjEWXixK0g2\n2ZZpCbMKJCx5TzVH/mgF/AqK9Re3pkEGtaQCI5IKUmo3IQx8Kp4/mzoBl2XGGwNH\nNKKhAoIBAEkXk0bNn0YFmjOLCrhYq6DIKQ2QHyN0aaCQLsvEWeS2V1Q2uIdgADMF\nGsIH+KPOJZhZcTnk+nkZ34aPeASdy5dI5uEeGAeZ9Fu9va9DmHXjMOCwSbpqkKS/\n88yFeuGjpFzgMT8LDpmpjijUcixId3gFU4vGSbD5z/O/MJg+tXGK4itveqFaVHJa\nPoKsTnyXWWSMScvDSMtGbInslmzA7WpEaRVJ8N4YNm/CwghGiFDrXDnSiGN4doIY\n05oREhMKmfk9kZJ0upJZ1mjWggaX/UBya9kmh8QJVtfDEcVUTomFjj62mTX2/M/l\n6a8p/AjLKtzE9f0uaLdTCimxQwM4jNECggEBAJK2ZxZwL1f+ioPXh8WhlkWJRHx6\n45IZYb8mi2otT81FRgN69U4vx7JHo18IQ/I1VonV/F/6EMHISXtugGHgg1KovBXu\nJKyQKFw234+YbA58ENZ5ODAD0J/04nsVOrbwt/VZ3eypph356btwdaSD6bgDo0cc\nFGtfPy74drAw+fi2eHGTVsG3LiSpNJV1MjLFszm8UT19U+uWjQlu3wdWhguA7jza\nphB1oA8bENpqsHOQr1v3P+3KZjQirtgShdzznVoc3ht+WKPA5/0hPHpMazhsDoMs\n8WKxy+ZsInq1hnkwSrirf+DdGwAZTQZaXe8MLT7qmmeXfBUInSkO2yGH2uc=\n-----END RSA PRIVATE KEY-----\n",
            "private_key_pem_pkcs8": "-----BEGIN PRIVATE KEY-----\nMIIJQgIBADANBgkqhkiG9w0BAQEFAASCCSwwggkoAgEAAoICAQDVJLFlDHVDml4s\nhRaXl6TOesFTZMYXlNkOe2T7y7dQKthM4x9qhI8e4mXQ7k5UPSjRCGJKyS3rM5GV\npmKQMIy67Y2uunoXX7VQjvrFaUONr5FZYG/4JVcE5qALlTpCl5Ncd4yvBLlhSIj2\nKtfmvEDUsUtdPfP9MIw1oJFZqU78i+DP/fJ5LDl0UJCbhJ9leJZMZknEZPr5kJcR\n64ZhGdcylEhFA48FCLM1rYNrYvsjF6oh9JaIyh85289cEpQXhRz5rbm8H6ZmN8w9\nFfz6Z0p6i9qlvebdbF+gemyrV3kNugqKuczrW1CPTFTMpL02hLph0oKskOIx1jhC\nkPur2Alu39DvzZLAKA/WJUv/S1bdNwjX6B9Bp0cTcihRWQgVPGpjMHV3pPc0Aoq5\nKv6p37i/Em+x953W76LP7JNikCnGSIz1ypHxk+WmmHLulqJosVSUrHLX6Nja2ob0\n09Cb4nTO3x0Xvul1wWLwFV9Z78CjSP1IpvZXszdf0yEDVTNpNJzhoTU28Rj/WXZ1\nojtPv7EIBLhkLiTnIGf8jHuD1GeEkb830pF+AqnqjX86e+PDlC9SFbisRqYmI9Pz\nu5AlLgv0UdlIDq6IMMMq9fRhmw8arlocDGbnt9rfz+tGB8w7F+HGd/kaL+kUmoxt\nD2WFJuQWLUea5azH/dkUgZVkNtPm0QIDAQABAoICAAw8XkOtBqlSGhBntn+O2Mry\nsJj7OsT9SkWiz04GKJidUQv+6N2KTRYKjKpFF/GNjkOLverJqE1tiTDEW7mn09hi\nTUUn1tzzJVtBzgMZsyNV3hv5pYvjBt8U50Cq+Sx7+51uDoE4nfTH/3bUSE8qZPVg\n1TD93r0c9ZuZg2aYidyFIiuGik4q/ARhoJ+Q6j6ewNATei4gVukPRCDm+rCl1V0F\ntq1hkisJkBInixkV1lFyKRXobuDc65R8eiewuFguT9bEgppaXcjV8K9cDQkJ93RY\nBX4IzBFPiKDTjlv6ukwPr02981XaiOIlEWQrG+KelX2Kom5KJfYS9Glb3drEXOwp\n8EjAkWa+60yLJ9J+teK3ucRE7kAsNRqoigAm0ne8FTk5AWf9wH1WpnYQG6aP17qa\nzleWJ1HD7b004qwAbOkZIFssqRksFyEjDZhACcLKKoKlOlv8QO8oAfeN7vW1U6M3\nsBtioY3B/dsqeiJB4PBB+ni9ZKxA6F7Xh1AxVLIFRIzSO/7++K+1Ij0KEDDY6vZd\nkyQ0DQmmVFaiIoIIq8G2kqL/yO3iMYTp6OcWTXFquNmsPpleFtnRp4Qdc9E5JJo6\nwCx3o7SrLCuCscTZnPZcp/1djnjWhVkl1z79PSsR645eAI5TcpBZW9QVrKpRpBlM\nxq9wW5piRGrOLhKq2rqBAoIBAQDjZRNQSQj/InfBXWuUYdRBTFC4DSXu6MTy4SoY\noSR+bvzgV/u8EC2Ccl/uNonuxI0ugQg92U0BkGMnraOnH2PrJ4IjXpKCniOriyck\ndtGUviC4r1go1yOJrnrKb1SYCgQquElwfnygQxG9Eoc2swnxAre4cBalQDB0JwJW\n4968SekTPNmEKuhxmg80aunsi2N9YCJGAC1LehB0nYQsQT5IwvyIaj3b76KRnFFj\n8iilc//FCBZmmGTpYgy+P0Usit+lOVqjkb6ihV8LtyEfWMe0+XdTgFUNaDMZxnHZ\nQqCUpbM1TKPaPXA8YCRJAWDdrv14VPHQHqJP99A3ooW7uy9hAoIBAQDv9KsmeEma\nhjdI8cgoXHv/lkDibkRylkhC6WjBoJZOxC2IBZnFP5zv3ySMomHx2kpiS1jFJ5De\n4XmJNrnrYIbePc/8/G/YOHmkVlj739WmQU7nH8ULqRgp94SKDQwBKS1QF13LtXA0\nOF7tF7/kBt7OPcd2JJEAUHE6UvlPxHfhH+ogdxT6OpOB2VxAuA+a69qNrCMjPZl3\n+0dKorzO3S+NiIANySrydYyPfLVDhi6lSyyuIVgpw9SwSsIpomoNuuSlHMYnCg3d\nDDsTIcakCpCUi7soIVp6iDMAUcih3K6HV7/vpdKV6XCxg+mL8Oi1kt2eaMD/tcz1\nSf/HT8+ilh1xAoIBAFs1XJTUZq5ndd9yiEchIlD6ulnItFFqviypkggFAq1P+VBH\nGirp1kc/dykGaTcDUZm4mcStF40sDAmLRVwwZBSbaUCkm2GW6rnQ++dNXW0rAdby\nRgtDl/aOrKPsGeNOCTPVbWeY5IYnwMK03tVa5P7t1yE8nGi2IXlFeFO/3MRrZPiZ\nbKntyARhBf5BcAi4NDTCzZyET6a5lEYiNDTICqKGy2IwMxW3vd5n8+GB7TnIGGxA\nfTOzpq5R7MiWejmOjnwoUCnRuMRZeLErSDbZlmkJswokLHlPNUf+aAX8Cor1F7em\nQQa1pAIjkgpSajchDHwqnj+bOgGXZcYbA0c0oqECggEASReTRs2fRgWaM4sKuFir\noMgpDZAfI3RpoJAuy8RZ5LZXVDa4h2AAMwUawgf4o84lmFlxOeT6eRnfho94BJ3L\nl0jm4R4YB5n0W729r0OYdeMw4LBJumqQpL/zzIV64aOkXOAxPwsOmamOKNRyLEh3\neAVTi8ZJsPnP878wmD61cYriK296oVpUclo+gqxOfJdZZIxJy8NIy0ZsieyWbMDt\nakRpFUnw3hg2b8LCCEaIUOtcOdKIY3h2ghjTmhESEwqZ+T2RknS6klnWaNaCBpf9\nQHJr2SaHxAlW18MRxVROiYWOPraZNfb8z+Xpryn8CMsq3MT1/S5ot1MKKbFDAziM\n0QKCAQEAkrZnFnAvV/6Kg9eHxaGWRYlEfHrjkhlhvyaLai1PzUVGA3r1Ti/Hskej\nXwhD8jVWidX8X/oQwchJe26AYeCDUqi8Fe4krJAoXDbfj5hsDnwQ1nk4MAPQn/Ti\nexU6tvC39Vnd7KmmHfnpu3B1pIPpuAOjRxwUa18/Lvh2sDD5+LZ4cZNWwbcuJKk0\nlXUyMsWzObxRPX1T65aNCW7fB1aGC4DuPNqmEHWgDxsQ2mqwc5CvW/c/7cpmNCKu\n2BKF3POdWhzeG35Yo8Dn/SE8ekxrOGwOgyzxYrHL5mwierWGeTBKuKt/4N0bABlN\nBlpd7wwtPuqaZ5d8FQidKQ7bIYfa5w==\n-----END PRIVATE KEY-----\n",
            "public_key_fingerprint_md5": "b8:48:0e:08:ca:88:e3:4c:29:23:ae:79:4c:06:9e:dc",
            "public_key_fingerprint_sha256": "SHA256:ceVqpg5Fpb40iWJhbarLu97QMl1xTMxE4y1apDsieoE",
            "public_key_openssh": "ssh-rsa AAAAB3NzaC1yc2EAAAADAQABAAACAQDVJLFlDHVDml4shRaXl6TOesFTZMYXlNkOe2T7y7dQKthM4x9qhI8e4mXQ7k5UPSjRCGJKyS3rM5GVpmKQMIy67Y2uunoXX7VQjvrFaUONr5FZYG/4JVcE5qALlTpCl5Ncd4yvBLlhSIj2KtfmvEDUsUtdPfP9MIw1oJFZqU78i+DP/fJ5LDl0UJCbhJ9leJZMZknEZPr5kJcR64ZhGdcylEhFA48FCLM1rYNrYvsjF6oh9JaIyh85289cEpQXhRz5rbm8H6ZmN8w9Ffz6Z0p6i9qlvebdbF+gemyrV3kNugqKuczrW1CPTFTMpL02hLph0oKskOIx1jhCkPur2Alu39DvzZLAKA/WJUv/S1bdNwjX6B9Bp0cTcihRWQgVPGpjMHV3pPc0Aoq5Kv6p37i/Em+x953W76LP7JNikCnGSIz1ypHxk+WmmHLulqJosVSUrHLX6Nja2ob009Cb4nTO3x0Xvul1wWLwFV9Z78CjSP1IpvZXszdf0yEDVTNpNJzhoTU28Rj/WXZ1ojtPv7EIBLhkLiTnIGf8jHuD1GeEkb830pF+AqnqjX86e+PDlC9SFbisRqYmI9Pzu5AlLgv0UdlIDq6IMMMq9fRhmw8arlocDGbnt9rfz+tGB8w7F+HGd/kaL+kUmoxtD2WFJuQWLUea5azH/dkUgZVkNtPm0Q==\n",
            "public_key_pem": "-----BEGIN PUBLIC KEY-----\nMIICIjANBgkqhkiG9w0BAQEFAAOCAg8AMIICCgKCAgEA1SSxZQx1Q5peLIUWl5ek\nznrBU2TGF5TZDntk+8u3UCrYTOMfaoSPHuJl0O5OVD0o0QhiSskt6zORlaZikDCM\nuu2Nrrp6F1+1UI76xWlDja+RWWBv+CVXBOagC5U6QpeTXHeMrwS5YUiI9irX5rxA\n1LFLXT3z/TCMNaCRWalO/Ivgz/3yeSw5dFCQm4SfZXiWTGZJxGT6+ZCXEeuGYRnX\nMpRIRQOPBQizNa2Da2L7IxeqIfSWiMofOdvPXBKUF4Uc+a25vB+mZjfMPRX8+mdK\neovapb3m3WxfoHpsq1d5DboKirnM61tQj0xUzKS9NoS6YdKCrJDiMdY4QpD7q9gJ\nbt/Q782SwCgP1iVL/0tW3TcI1+gfQadHE3IoUVkIFTxqYzB1d6T3NAKKuSr+qd+4\nvxJvsfed1u+iz+yTYpApxkiM9cqR8ZPlpphy7paiaLFUlKxy1+jY2tqG9NPQm+J0\nzt8dF77pdcFi8BVfWe/Ao0j9SKb2V7M3X9MhA1UzaTSc4aE1NvEY/1l2daI7T7+x\nCAS4ZC4k5yBn/Ix7g9RnhJG/N9KRfgKp6o1/Onvjw5QvUhW4rEamJiPT87uQJS4L\n9FHZSA6uiDDDKvX0YZsPGq5aHAxm57fa38/rRgfMOxfhxnf5Gi/pFJqMbQ9lhSbk\nFi1HmuWsx/3ZFIGVZDbT5tECAwEAAQ==\n-----END PUBLIC KEY-----\n",
            "rsa_bits": 4096
          },
          "sensitive_attributes": [
            [
              {
                "type": "get_attr",
                "value": "private_key_openssh"
              }
            ],
            [
              {
                "type": "get_attr",
                "value": "private_key_pem"
              }
            ],
            [
              {
                "type": "get_attr",
                "value": "private_key_pem_pkcs8"
              }
            ]
          ],
          "identity_schema_version": 0,
          "create_before_destroy": true
        }
      ]
    },
    {
      "module": "module.autoscalingGroups",
      "mode": "managed",
      "type": "aws_launch_template",
      "name": "app",
      "provider": "provider[\"registry.terraform.io/hashicorp/aws\"]",
      "instances": [
        {
          "schema_version": 0,
          "attributes": {
            "arn": "arn:aws:ec2:us-west-1:367816904393:launch-template/lt-0e5ffca0077df0421",
            "block_device_mappings": [],
            "capacity_reservation_specification": [],
            "cpu_options": [],
            "credit_specification": [],
            "default_version": 1,
            "description": "",
            "disable_api_stop": false,
            "disable_api_termination": false,
            "ebs_optimized": "",
            "elastic_gpu_specifications": [],
            "elastic_inference_accelerator": [],
            "enclave_options": [],
            "hibernation_options": [],
            "iam_instance_profile": [],
            "id": "lt-0e5ffca0077df0421",
            "image_id": "ami-000014e8d990531ed",
            "instance_initiated_shutdown_behavior": "",
            "instance_market_options": [],
            "instance_requirements": [],
            "instance_type": "t3.micro",
            "kernel_id": "",
            "key_name": "fercanap-key",
            "latest_version": 1,
            "license_specification": [],
            "maintenance_options": [],
            "metadata_options": [],
            "monitoring": [],
            "name": "lt-fercanap-20250605070820566500000005",
            "name_prefix": "lt-fercanap-",
            "network_interfaces": [],
            "placement": [],
            "private_dns_name_options": [],
            "ram_disk_id": "",
            "security_group_names": null,
            "tag_specifications": [],
            "tags": null,
            "tags_all": {},
            "update_default_version": null,
            "user_data": "IyEvYmluL2Jhc2gKYXB0IHVwZGF0ZSAteQphcHQgaW5zdGFsbCAteSBuZ2lueAplY2hvICI8aDE+SG9sYSBkZXNkZSBhdXRvc2NhbGluZyBncm91cCAtIGZlcmNhbmFwPC9oMT4iID4gL3Zhci93d3cvaHRtbC9pbmRleC5odG1sCnN5c3RlbWN0bCBzdGFydCBuZ2lueApzeXN0ZW1jdGwgZW5hYmxlIG5naW54Cg==",
            "vpc_security_group_ids": [
              "sg-0f728c85aa0b9b11a"
            ]
          },
          "sensitive_attributes": [],
          "identity_schema_version": 0,
          "private": "bnVsbA==",
          "dependencies": [
            "aws_key_pair.ec2_key",
            "data.aws_ami.ubuntu",
            "module.network.aws_vpc.vpc",
            "module.securityGroups.aws_security_group.bastion",
            "module.securityGroups.aws_security_group.private",
            "module.securityGroups.aws_security_group.public",
            "tls_private_key.privateKey"
          ],
          "create_before_destroy": true
        }
      ]
    },
    {
      "module": "module.ec2",
      "mode": "managed",
      "type": "aws_instance",
      "name": "bastion",
      "provider": "provider[\"registry.terraform.io/hashicorp/aws\"]",
      "instances": [
        {
          "schema_version": 1,
          "attributes": {
            "ami": "ami-000014e8d990531ed",
            "arn": "arn:aws:ec2:us-west-1:367816904393:instance/i-0a3820d7af686bf74",
            "associate_public_ip_address": true,
            "availability_zone": "us-west-1a",
            "capacity_reservation_specification": [
              {
                "capacity_reservation_preference": "open",
                "capacity_reservation_target": []
              }
            ],
            "cpu_core_count": 1,
            "cpu_options": [
              {
                "amd_sev_snp": "",
                "core_count": 1,
                "threads_per_core": 2
              }
            ],
            "cpu_threads_per_core": 2,
            "credit_specification": [
              {
                "cpu_credits": "unlimited"
              }
            ],
            "disable_api_stop": false,
            "disable_api_termination": false,
            "ebs_block_device": [],
            "ebs_optimized": false,
            "enable_primary_ipv6": null,
            "enclave_options": [
              {
                "enabled": false
              }
            ],
            "ephemeral_block_device": [],
            "get_password_data": false,
            "hibernation": false,
            "host_id": "",
            "host_resource_group_arn": null,
            "iam_instance_profile": "",
            "id": "i-0a3820d7af686bf74",
            "instance_initiated_shutdown_behavior": "stop",
            "instance_lifecycle": "",
            "instance_market_options": [],
            "instance_state": "running",
            "instance_type": "t3a.nano",
            "ipv6_address_count": 0,
            "ipv6_addresses": [],
            "key_name": "fercanap-key",
            "launch_template": [],
            "maintenance_options": [
              {
                "auto_recovery": "default"
              }
            ],
            "metadata_options": [
              {
                "http_endpoint": "enabled",
                "http_protocol_ipv6": "disabled",
                "http_put_response_hop_limit": 1,
                "http_tokens": "optional",
                "instance_metadata_tags": "disabled"
              }
            ],
            "monitoring": false,
            "network_interface": [],
            "outpost_arn": "",
            "password_data": "",
            "placement_group": "",
            "placement_partition_number": 0,
            "primary_network_interface_id": "eni-0c1f074e8a7369b7b",
            "private_dns": "ip-10-0-1-245.us-west-1.compute.internal",
            "private_dns_name_options": [
              {
                "enable_resource_name_dns_a_record": false,
                "enable_resource_name_dns_aaaa_record": false,
                "hostname_type": "ip-name"
              }
            ],
            "private_ip": "10.0.1.245",
            "public_dns": "",
            "public_ip": "52.53.153.150",
            "root_block_device": [
              {
                "delete_on_termination": true,
                "device_name": "/dev/sda1",
                "encrypted": false,
                "iops": 100,
                "kms_key_id": "",
                "tags": {},
                "tags_all": {},
                "throughput": 0,
                "volume_id": "vol-03cd7344af9e6908c",
                "volume_size": 8,
                "volume_type": "gp2"
              }
            ],
            "secondary_private_ips": [],
            "security_groups": [],
            "source_dest_check": true,
            "spot_instance_request_id": "",
            "subnet_id": "subnet-0f761512f6c8bc972",
            "tags": {
              "Name": "bastion-fercanap"
            },
            "tags_all": {
              "Name": "bastion-fercanap"
            },
            "tenancy": "default",
            "timeouts": null,
            "user_data": null,
            "user_data_base64": null,
            "user_data_replace_on_change": false,
            "volume_tags": null,
            "vpc_security_group_ids": [
              "sg-0e7a40c316e03f99c"
            ]
          },
          "sensitive_attributes": [],
          "identity_schema_version": 0,
          "private": "eyJlMmJmYjczMC1lY2FhLTExZTYtOGY4OC0zNDM2M2JjN2M0YzAiOnsiY3JlYXRlIjo2MDAwMDAwMDAwMDAsImRlbGV0ZSI6MTIwMDAwMDAwMDAwMCwicmVhZCI6OTAwMDAwMDAwMDAwLCJ1cGRhdGUiOjYwMDAwMDAwMDAwMH0sInNjaGVtYV92ZXJzaW9uIjoiMSJ9",
          "dependencies": [
            "aws_key_pair.ec2_key",
            "data.aws_ami.ubuntu",
            "module.network.aws_subnet.public_subnet_a",
            "module.network.aws_vpc.vpc",
            "module.securityGroups.aws_security_group.bastion",
            "tls_private_key.privateKey"
          ]
        }
      ]
    },
    {
      "module": "module.loadbalancer",
      "mode": "managed",
      "type": "aws_lb",
      "name": "web_alb",
      "provider": "provider[\"registry.terraform.io/hashicorp/aws\"]",
      "instances": [
        {
          "schema_version": 0,
          "attributes": {
            "access_logs": [
              {
                "bucket": "",
                "enabled": false,
                "prefix": ""
              }
            ],
            "arn": "arn:aws:elasticloadbalancing:us-west-1:367816904393:loadbalancer/app/alb-fercanap/c774b914828ec656",
            "arn_suffix": "app/alb-fercanap/c774b914828ec656",
            "client_keep_alive": 3600,
            "connection_logs": [
              {
                "bucket": "",
                "enabled": false,
                "prefix": ""
              }
            ],
            "customer_owned_ipv4_pool": "",
            "desync_mitigation_mode": "defensive",
            "dns_name": "alb-fercanap-1264772059.us-west-1.elb.amazonaws.com",
            "dns_record_client_routing_policy": null,
            "drop_invalid_header_fields": false,
            "enable_cross_zone_load_balancing": true,
            "enable_deletion_protection": false,
            "enable_http2": true,
            "enable_tls_version_and_cipher_suite_headers": false,
            "enable_waf_fail_open": false,
            "enable_xff_client_port": false,
            "enable_zonal_shift": false,
            "enforce_security_group_inbound_rules_on_private_link_traffic": "",
            "id": "arn:aws:elasticloadbalancing:us-west-1:367816904393:loadbalancer/app/alb-fercanap/c774b914828ec656",
            "idle_timeout": 60,
            "internal": false,
            "ip_address_type": "ipv4",
            "ipam_pools": [],
            "load_balancer_type": "application",
            "minimum_load_balancer_capacity": [],
            "name": "alb-fercanap",
            "name_prefix": "",
            "preserve_host_header": false,
            "security_groups": [
              "sg-0f418ba0387ed51c6"
            ],
            "subnet_mapping": [
              {
                "allocation_id": "",
                "ipv6_address": "",
                "outpost_id": "",
                "private_ipv4_address": "",
                "subnet_id": "subnet-0262fc486de6ceef0"
              },
              {
                "allocation_id": "",
                "ipv6_address": "",
                "outpost_id": "",
                "private_ipv4_address": "",
                "subnet_id": "subnet-0f761512f6c8bc972"
              }
            ],
            "subnets": [
              "subnet-0262fc486de6ceef0",
              "subnet-0f761512f6c8bc972"
            ],
            "tags": {
              "Name": "alb-fercanap"
            },
            "tags_all": {
              "Name": "alb-fercanap"
            },
            "timeouts": null,
            "vpc_id": "vpc-086e06be627cd1949",
            "xff_header_processing_mode": "append",
            "zone_id": "Z368ELLRRE2KJ0"
          },
          "sensitive_attributes": [],
          "identity_schema_version": 0,
          "private": "eyJlMmJmYjczMC1lY2FhLTExZTYtOGY4OC0zNDM2M2JjN2M0YzAiOnsiY3JlYXRlIjo2MDAwMDAwMDAwMDAsImRlbGV0ZSI6NjAwMDAwMDAwMDAwLCJ1cGRhdGUiOjYwMDAwMDAwMDAwMH19",
          "dependencies": [
            "module.network.aws_subnet.public_subnet_a",
            "module.network.aws_subnet.public_subnet_b",
            "module.network.aws_vpc.vpc",
            "module.securityGroups.aws_security_group.public"
          ]
        }
      ]
    },
    {
      "module": "module.loadbalancer",
      "mode": "managed",
      "type": "aws_lb_listener",
      "name": "web_listener",
      "provider": "provider[\"registry.terraform.io/hashicorp/aws\"]",
      "instances": [
        {
          "schema_version": 0,
          "attributes": {
            "alpn_policy": null,
            "arn": "arn:aws:elasticloadbalancing:us-west-1:367816904393:listener/app/alb-fercanap/c774b914828ec656/4f4cc220748d94fa",
            "certificate_arn": null,
            "default_action": [
              {
                "authenticate_cognito": [],
                "authenticate_oidc": [],
                "fixed_response": [],
                "forward": [],
                "order": 1,
                "redirect": [],
                "target_group_arn": "arn:aws:elasticloadbalancing:us-west-1:367816904393:targetgroup/tg-fercanap/e1b6072f3937a44a",
                "type": "forward"
              }
            ],
            "id": "arn:aws:elasticloadbalancing:us-west-1:367816904393:listener/app/alb-fercanap/c774b914828ec656/4f4cc220748d94fa",
            "load_balancer_arn": "arn:aws:elasticloadbalancing:us-west-1:367816904393:loadbalancer/app/alb-fercanap/c774b914828ec656",
            "mutual_authentication": [],
            "port": 80,
            "protocol": "HTTP",
            "routing_http_request_x_amzn_mtls_clientcert_header_name": null,
            "routing_http_request_x_amzn_mtls_clientcert_issuer_header_name": null,
            "routing_http_request_x_amzn_mtls_clientcert_leaf_header_name": null,
            "routing_http_request_x_amzn_mtls_clientcert_serial_number_header_name": null,
            "routing_http_request_x_amzn_mtls_clientcert_subject_header_name": null,
            "routing_http_request_x_amzn_mtls_clientcert_validity_header_name": null,
            "routing_http_request_x_amzn_tls_cipher_suite_header_name": null,
            "routing_http_request_x_amzn_tls_version_header_name": null,
            "routing_http_response_access_control_allow_credentials_header_value": "",
            "routing_http_response_access_control_allow_headers_header_value": "",
            "routing_http_response_access_control_allow_methods_header_value": "",
            "routing_http_response_access_control_allow_origin_header_value": "",
            "routing_http_response_access_control_expose_headers_header_value": "",
            "routing_http_response_access_control_max_age_header_value": "",
            "routing_http_response_content_security_policy_header_value": "",
            "routing_http_response_server_enabled": true,
            "routing_http_response_strict_transport_security_header_value": "",
            "routing_http_response_x_content_type_options_header_value": "",
            "routing_http_response_x_frame_options_header_value": "",
            "ssl_policy": "",
            "tags": null,
            "tags_all": {},
            "tcp_idle_timeout_seconds": null,
            "timeouts": null
          },
          "sensitive_attributes": [],
          "identity_schema_version": 0,
          "private": "eyJlMmJmYjczMC1lY2FhLTExZTYtOGY4OC0zNDM2M2JjN2M0YzAiOnsiY3JlYXRlIjozMDAwMDAwMDAwMDAsInVwZGF0ZSI6MzAwMDAwMDAwMDAwfX0=",
          "dependencies": [
            "module.loadbalancer.aws_lb.web_alb",
            "module.loadbalancer.aws_lb_target_group.web_tg",
            "module.network.aws_subnet.public_subnet_a",
            "module.network.aws_subnet.public_subnet_b",
            "module.network.aws_vpc.vpc",
            "module.securityGroups.aws_security_group.public"
          ]
        }
      ]
    },
    {
      "module": "module.loadbalancer",
      "mode": "managed",
      "type": "aws_lb_target_group",
      "name": "web_tg",
      "provider": "provider[\"registry.terraform.io/hashicorp/aws\"]",
      "instances": [
        {
          "schema_version": 0,
          "attributes": {
            "arn": "arn:aws:elasticloadbalancing:us-west-1:367816904393:targetgroup/tg-fercanap/e1b6072f3937a44a",
            "arn_suffix": "targetgroup/tg-fercanap/e1b6072f3937a44a",
            "connection_termination": null,
            "deregistration_delay": "300",
            "health_check": [
              {
                "enabled": true,
                "healthy_threshold": 2,
                "interval": 30,
                "matcher": "200",
                "path": "/",
                "port": "traffic-port",
                "protocol": "HTTP",
                "timeout": 5,
                "unhealthy_threshold": 2
              }
            ],
            "id": "arn:aws:elasticloadbalancing:us-west-1:367816904393:targetgroup/tg-fercanap/e1b6072f3937a44a",
            "ip_address_type": "ipv4",
            "lambda_multi_value_headers_enabled": false,
            "load_balancer_arns": [],
            "load_balancing_algorithm_type": "round_robin",
            "load_balancing_anomaly_mitigation": "off",
            "load_balancing_cross_zone_enabled": "use_load_balancer_configuration",
            "name": "tg-fercanap",
            "name_prefix": "",
            "port": 80,
            "preserve_client_ip": null,
            "protocol": "HTTP",
            "protocol_version": "HTTP1",
            "proxy_protocol_v2": false,
            "slow_start": 0,
            "stickiness": [
              {
                "cookie_duration": 86400,
                "cookie_name": "",
                "enabled": false,
                "type": "lb_cookie"
              }
            ],
            "tags": {
              "Name": "tg-fercanap"
            },
            "tags_all": {
              "Name": "tg-fercanap"
            },
            "target_failover": [
              {
                "on_deregistration": null,
                "on_unhealthy": null
              }
            ],
            "target_group_health": [
              {
                "dns_failover": [
                  {
                    "minimum_healthy_targets_count": "1",
                    "minimum_healthy_targets_percentage": "off"
                  }
                ],
                "unhealthy_state_routing": [
                  {
                    "minimum_healthy_targets_count": 1,
                    "minimum_healthy_targets_percentage": "off"
                  }
                ]
              }
            ],
            "target_health_state": [
              {
                "enable_unhealthy_connection_termination": null,
                "unhealthy_draining_interval": null
              }
            ],
            "target_type": "instance",
            "vpc_id": "vpc-086e06be627cd1949"
          },
          "sensitive_attributes": [],
          "identity_schema_version": 0,
          "private": "bnVsbA==",
          "dependencies": [
            "module.network.aws_vpc.vpc"
          ]
        }
      ]
    },
    {
      "module": "module.network",
      "mode": "managed",
      "type": "aws_eip",
      "name": "nat_elastic_ip",
      "provider": "provider[\"registry.terraform.io/hashicorp/aws\"]",
      "instances": [
        {
          "schema_version": 0,
          "attributes": {
            "address": null,
            "allocation_id": "eipalloc-0d1f7002fb1fe4a87",
            "arn": "arn:aws:ec2:us-west-1:367816904393:elastic-ip/eipalloc-0d1f7002fb1fe4a87",
            "associate_with_private_ip": null,
            "association_id": "",
            "carrier_ip": "",
            "customer_owned_ip": "",
            "customer_owned_ipv4_pool": "",
            "domain": "vpc",
            "id": "eipalloc-0d1f7002fb1fe4a87",
            "instance": "",
            "ipam_pool_id": null,
            "network_border_group": "us-west-1",
            "network_interface": "",
            "private_dns": null,
            "private_ip": "",
            "ptr_record": "",
            "public_dns": "ec2-54-183-92-45.us-west-1.compute.amazonaws.com",
            "public_ip": "54.183.92.45",
            "public_ipv4_pool": "amazon",
            "tags": null,
            "tags_all": {},
            "timeouts": null,
            "vpc": true
          },
          "sensitive_attributes": [],
          "identity_schema_version": 0,
          "private": "eyJlMmJmYjczMC1lY2FhLTExZTYtOGY4OC0zNDM2M2JjN2M0YzAiOnsiZGVsZXRlIjoxODAwMDAwMDAwMDAsInJlYWQiOjkwMDAwMDAwMDAwMCwidXBkYXRlIjozMDAwMDAwMDAwMDB9fQ=="
        }
      ]
    },
    {
      "module": "module.network",
      "mode": "managed",
      "type": "aws_internet_gateway",
      "name": "igw",
      "provider": "provider[\"registry.terraform.io/hashicorp/aws\"]",
      "instances": [
        {
          "schema_version": 0,
          "attributes": {
            "arn": "arn:aws:ec2:us-west-1:367816904393:internet-gateway/igw-063babc7f903537c8",
            "id": "igw-063babc7f903537c8",
            "owner_id": "367816904393",
            "tags": {
              "Name": "igw-fercanap",
              "Owner": "fercanap",
              "Project": "aws-final-lab"
            },
            "tags_all": {
              "Name": "igw-fercanap",
              "Owner": "fercanap",
              "Project": "aws-final-lab"
            },
            "timeouts": null,
            "vpc_id": "vpc-086e06be627cd1949"
          },
          "sensitive_attributes": [],
          "identity_schema_version": 0,
          "private": "eyJlMmJmYjczMC1lY2FhLTExZTYtOGY4OC0zNDM2M2JjN2M0YzAiOnsiY3JlYXRlIjoxMjAwMDAwMDAwMDAwLCJkZWxldGUiOjEyMDAwMDAwMDAwMDAsInVwZGF0ZSI6MTIwMDAwMDAwMDAwMH19",
          "dependencies": [
            "module.network.aws_vpc.vpc"
          ]
        }
      ]
    },
    {
      "module": "module.network",
      "mode": "managed",
      "type": "aws_nat_gateway",
      "name": "ngw",
      "provider": "provider[\"registry.terraform.io/hashicorp/aws\"]",
      "instances": [
        {
          "schema_version": 0,
          "attributes": {
            "allocation_id": "eipalloc-0d1f7002fb1fe4a87",
            "association_id": "eipassoc-066f004c42a5e80b9",
            "connectivity_type": "public",
            "id": "nat-0a263ffeb412022a1",
            "network_interface_id": "eni-0c9e5cc339b83a791",
            "private_ip": "10.0.1.144",
            "public_ip": "54.183.92.45",
            "secondary_allocation_ids": null,
            "secondary_private_ip_address_count": 0,
            "secondary_private_ip_addresses": [],
            "subnet_id": "subnet-0f761512f6c8bc972",
            "tags": {
              "Name": "nat-fercanap",
              "Owner": "fercanap",
              "Project": "aws-final-lab"
            },
            "tags_all": {
              "Name": "nat-fercanap",
              "Owner": "fercanap",
              "Project": "aws-final-lab"
            },
            "timeouts": null
          },
          "sensitive_attributes": [],
          "identity_schema_version": 0,
          "private": "eyJlMmJmYjczMC1lY2FhLTExZTYtOGY4OC0zNDM2M2JjN2M0YzAiOnsiY3JlYXRlIjo2MDAwMDAwMDAwMDAsImRlbGV0ZSI6MTgwMDAwMDAwMDAwMCwidXBkYXRlIjo2MDAwMDAwMDAwMDB9fQ==",
          "dependencies": [
            "module.network.aws_eip.nat_elastic_ip",
            "module.network.aws_internet_gateway.igw",
            "module.network.aws_subnet.public_subnet_a",
            "module.network.aws_vpc.vpc"
          ]
        }
      ]
    },
    {
      "module": "module.network",
      "mode": "managed",
      "type": "aws_route",
      "name": "private_route",
      "provider": "provider[\"registry.terraform.io/hashicorp/aws\"]",
      "instances": [
        {
          "schema_version": 0,
          "attributes": {
            "carrier_gateway_id": "",
            "core_network_arn": "",
            "destination_cidr_block": "0.0.0.0/0",
            "destination_ipv6_cidr_block": "",
            "destination_prefix_list_id": "",
            "egress_only_gateway_id": "",
            "gateway_id": "",
            "id": "r-rtb-023756cd320433aff1080289494",
            "instance_id": "",
            "instance_owner_id": "",
            "local_gateway_id": "",
            "nat_gateway_id": "nat-0a263ffeb412022a1",
            "network_interface_id": "",
            "origin": "CreateRoute",
            "route_table_id": "rtb-023756cd320433aff",
            "state": "active",
            "timeouts": null,
            "transit_gateway_id": "",
            "vpc_endpoint_id": "",
            "vpc_peering_connection_id": ""
          },
          "sensitive_attributes": [],
          "identity_schema_version": 0,
          "private": "eyJlMmJmYjczMC1lY2FhLTExZTYtOGY4OC0zNDM2M2JjN2M0YzAiOnsiY3JlYXRlIjozMDAwMDAwMDAwMDAsImRlbGV0ZSI6MzAwMDAwMDAwMDAwLCJ1cGRhdGUiOjEyMDAwMDAwMDAwMH19",
          "dependencies": [
            "module.network.aws_eip.nat_elastic_ip",
            "module.network.aws_internet_gateway.igw",
            "module.network.aws_nat_gateway.ngw",
            "module.network.aws_route_table.rt_nat",
            "module.network.aws_subnet.public_subnet_a",
            "module.network.aws_vpc.vpc"
          ]
        }
      ]
    },
    {
      "module": "module.network",
      "mode": "managed",
      "type": "aws_route",
      "name": "public_route",
      "provider": "provider[\"registry.terraform.io/hashicorp/aws\"]",
      "instances": [
        {
          "schema_version": 0,
          "attributes": {
            "carrier_gateway_id": "",
            "core_network_arn": "",
            "destination_cidr_block": "0.0.0.0/0",
            "destination_ipv6_cidr_block": "",
            "destination_prefix_list_id": "",
            "egress_only_gateway_id": "",
            "gateway_id": "igw-063babc7f903537c8",
            "id": "r-rtb-07fbad39bf234f4951080289494",
            "instance_id": "",
            "instance_owner_id": "",
            "local_gateway_id": "",
            "nat_gateway_id": "",
            "network_interface_id": "",
            "origin": "CreateRoute",
            "route_table_id": "rtb-07fbad39bf234f495",
            "state": "active",
            "timeouts": null,
            "transit_gateway_id": "",
            "vpc_endpoint_id": "",
            "vpc_peering_connection_id": ""
          },
          "sensitive_attributes": [],
          "identity_schema_version": 0,
          "private": "eyJlMmJmYjczMC1lY2FhLTExZTYtOGY4OC0zNDM2M2JjN2M0YzAiOnsiY3JlYXRlIjozMDAwMDAwMDAwMDAsImRlbGV0ZSI6MzAwMDAwMDAwMDAwLCJ1cGRhdGUiOjEyMDAwMDAwMDAwMH19",
          "dependencies": [
            "module.network.aws_internet_gateway.igw",
            "module.network.aws_route_table.rt_igw",
            "module.network.aws_vpc.vpc"
          ]
        }
      ]
    },
    {
      "module": "module.network",
      "mode": "managed",
      "type": "aws_route_table",
      "name": "rt_igw",
      "provider": "provider[\"registry.terraform.io/hashicorp/aws\"]",
      "instances": [
        {
          "schema_version": 0,
          "attributes": {
            "arn": "arn:aws:ec2:us-west-1:367816904393:route-table/rtb-07fbad39bf234f495",
            "id": "rtb-07fbad39bf234f495",
            "owner_id": "367816904393",
            "propagating_vgws": [],
            "route": [],
            "tags": {
              "Name": "rt-public-fercanap",
              "Owner": "fercanap",
              "Project": "aws-final-lab"
            },
            "tags_all": {
              "Name": "rt-public-fercanap",
              "Owner": "fercanap",
              "Project": "aws-final-lab"
            },
            "timeouts": null,
            "vpc_id": "vpc-086e06be627cd1949"
          },
          "sensitive_attributes": [],
          "identity_schema_version": 0,
          "private": "eyJlMmJmYjczMC1lY2FhLTExZTYtOGY4OC0zNDM2M2JjN2M0YzAiOnsiY3JlYXRlIjozMDAwMDAwMDAwMDAsImRlbGV0ZSI6MzAwMDAwMDAwMDAwLCJ1cGRhdGUiOjEyMDAwMDAwMDAwMH19",
          "dependencies": [
            "module.network.aws_vpc.vpc"
          ]
        }
      ]
    },
    {
      "module": "module.network",
      "mode": "managed",
      "type": "aws_route_table",
      "name": "rt_nat",
      "provider": "provider[\"registry.terraform.io/hashicorp/aws\"]",
      "instances": [
        {
          "schema_version": 0,
          "attributes": {
            "arn": "arn:aws:ec2:us-west-1:367816904393:route-table/rtb-023756cd320433aff",
            "id": "rtb-023756cd320433aff",
            "owner_id": "367816904393",
            "propagating_vgws": [],
            "route": [],
            "tags": {
              "Name": "rt-private-fercanap",
              "Owner": "fercanap",
              "Project": "aws-final-lab"
            },
            "tags_all": {
              "Name": "rt-private-fercanap",
              "Owner": "fercanap",
              "Project": "aws-final-lab"
            },
            "timeouts": null,
            "vpc_id": "vpc-086e06be627cd1949"
          },
          "sensitive_attributes": [],
          "identity_schema_version": 0,
          "private": "eyJlMmJmYjczMC1lY2FhLTExZTYtOGY4OC0zNDM2M2JjN2M0YzAiOnsiY3JlYXRlIjozMDAwMDAwMDAwMDAsImRlbGV0ZSI6MzAwMDAwMDAwMDAwLCJ1cGRhdGUiOjEyMDAwMDAwMDAwMH19",
          "dependencies": [
            "module.network.aws_vpc.vpc"
          ]
        }
      ]
    },
    {
      "module": "module.network",
      "mode": "managed",
      "type": "aws_route_table_association",
      "name": "private_subnet_association",
      "provider": "provider[\"registry.terraform.io/hashicorp/aws\"]",
      "instances": [
        {
          "schema_version": 0,
          "attributes": {
            "gateway_id": "",
            "id": "rtbassoc-0384904f97342ebee",
            "route_table_id": "rtb-023756cd320433aff",
            "subnet_id": "subnet-01073bed474546021",
            "timeouts": null
          },
          "sensitive_attributes": [],
          "identity_schema_version": 0,
          "private": "eyJlMmJmYjczMC1lY2FhLTExZTYtOGY4OC0zNDM2M2JjN2M0YzAiOnsiY3JlYXRlIjozMDAwMDAwMDAwMDAsImRlbGV0ZSI6MzAwMDAwMDAwMDAwLCJ1cGRhdGUiOjEyMDAwMDAwMDAwMH19",
          "dependencies": [
            "module.network.aws_route_table.rt_nat",
            "module.network.aws_subnet.private_subnet",
            "module.network.aws_vpc.vpc"
          ]
        }
      ]
    },
    {
      "module": "module.network",
      "mode": "managed",
      "type": "aws_route_table_association",
      "name": "public_subnet_association_a",
      "provider": "provider[\"registry.terraform.io/hashicorp/aws\"]",
      "instances": [
        {
          "schema_version": 0,
          "attributes": {
            "gateway_id": "",
            "id": "rtbassoc-0bf3fa3993405eec5",
            "route_table_id": "rtb-07fbad39bf234f495",
            "subnet_id": "subnet-0f761512f6c8bc972",
            "timeouts": null
          },
          "sensitive_attributes": [],
          "identity_schema_version": 0,
          "private": "eyJlMmJmYjczMC1lY2FhLTExZTYtOGY4OC0zNDM2M2JjN2M0YzAiOnsiY3JlYXRlIjozMDAwMDAwMDAwMDAsImRlbGV0ZSI6MzAwMDAwMDAwMDAwLCJ1cGRhdGUiOjEyMDAwMDAwMDAwMH19",
          "dependencies": [
            "module.network.aws_route_table.rt_igw",
            "module.network.aws_subnet.public_subnet_a",
            "module.network.aws_vpc.vpc"
          ]
        }
      ]
    },
    {
      "module": "module.network",
      "mode": "managed",
      "type": "aws_route_table_association",
      "name": "public_subnet_association_b",
      "provider": "provider[\"registry.terraform.io/hashicorp/aws\"]",
      "instances": [
        {
          "schema_version": 0,
          "attributes": {
            "gateway_id": "",
            "id": "rtbassoc-075eae3f4cce001de",
            "route_table_id": "rtb-07fbad39bf234f495",
            "subnet_id": "subnet-0262fc486de6ceef0",
            "timeouts": null
          },
          "sensitive_attributes": [],
          "identity_schema_version": 0,
          "private": "eyJlMmJmYjczMC1lY2FhLTExZTYtOGY4OC0zNDM2M2JjN2M0YzAiOnsiY3JlYXRlIjozMDAwMDAwMDAwMDAsImRlbGV0ZSI6MzAwMDAwMDAwMDAwLCJ1cGRhdGUiOjEyMDAwMDAwMDAwMH19",
          "dependencies": [
            "module.network.aws_route_table.rt_igw",
            "module.network.aws_subnet.public_subnet_b",
            "module.network.aws_vpc.vpc"
          ]
        }
      ]
    },
    {
      "module": "module.network",
      "mode": "managed",
      "type": "aws_subnet",
      "name": "private_subnet",
      "provider": "provider[\"registry.terraform.io/hashicorp/aws\"]",
      "instances": [
        {
          "schema_version": 1,
          "attributes": {
            "arn": "arn:aws:ec2:us-west-1:367816904393:subnet/subnet-01073bed474546021",
            "assign_ipv6_address_on_creation": false,
            "availability_zone": "us-west-1b",
            "availability_zone_id": "usw1-az1",
            "cidr_block": "10.0.3.0/24",
            "customer_owned_ipv4_pool": "",
            "enable_dns64": false,
            "enable_lni_at_device_index": 0,
            "enable_resource_name_dns_a_record_on_launch": false,
            "enable_resource_name_dns_aaaa_record_on_launch": false,
            "id": "subnet-01073bed474546021",
            "ipv6_cidr_block": "",
            "ipv6_cidr_block_association_id": "",
            "ipv6_native": false,
            "map_customer_owned_ip_on_launch": false,
            "map_public_ip_on_launch": false,
            "outpost_arn": "",
            "owner_id": "367816904393",
            "private_dns_hostname_type_on_launch": "ip-name",
            "tags": {
              "Name": "private-subnet-fercanap",
              "Owner": "fercanap",
              "Project": "aws-final-lab"
            },
            "tags_all": {
              "Name": "private-subnet-fercanap",
              "Owner": "fercanap",
              "Project": "aws-final-lab"
            },
            "timeouts": null,
            "vpc_id": "vpc-086e06be627cd1949"
          },
          "sensitive_attributes": [],
          "identity_schema_version": 0,
          "private": "eyJlMmJmYjczMC1lY2FhLTExZTYtOGY4OC0zNDM2M2JjN2M0YzAiOnsiY3JlYXRlIjo2MDAwMDAwMDAwMDAsImRlbGV0ZSI6MTIwMDAwMDAwMDAwMH0sInNjaGVtYV92ZXJzaW9uIjoiMSJ9",
          "dependencies": [
            "module.network.aws_vpc.vpc"
          ]
        }
      ]
    },
    {
      "module": "module.network",
      "mode": "managed",
      "type": "aws_subnet",
      "name": "public_subnet_a",
      "provider": "provider[\"registry.terraform.io/hashicorp/aws\"]",
      "instances": [
        {
          "schema_version": 1,
          "attributes": {
            "arn": "arn:aws:ec2:us-west-1:367816904393:subnet/subnet-0f761512f6c8bc972",
            "assign_ipv6_address_on_creation": false,
            "availability_zone": "us-west-1a",
            "availability_zone_id": "usw1-az3",
            "cidr_block": "10.0.1.0/24",
            "customer_owned_ipv4_pool": "",
            "enable_dns64": false,
            "enable_lni_at_device_index": 0,
            "enable_resource_name_dns_a_record_on_launch": false,
            "enable_resource_name_dns_aaaa_record_on_launch": false,
            "id": "subnet-0f761512f6c8bc972",
            "ipv6_cidr_block": "",
            "ipv6_cidr_block_association_id": "",
            "ipv6_native": false,
            "map_customer_owned_ip_on_launch": false,
            "map_public_ip_on_launch": false,
            "outpost_arn": "",
            "owner_id": "367816904393",
            "private_dns_hostname_type_on_launch": "ip-name",
            "tags": {
              "Name": "public-subnet-a-fercanap",
              "Owner": "fercanap",
              "Project": "aws-final-lab"
            },
            "tags_all": {
              "Name": "public-subnet-a-fercanap",
              "Owner": "fercanap",
              "Project": "aws-final-lab"
            },
            "timeouts": null,
            "vpc_id": "vpc-086e06be627cd1949"
          },
          "sensitive_attributes": [],
          "identity_schema_version": 0,
          "private": "eyJlMmJmYjczMC1lY2FhLTExZTYtOGY4OC0zNDM2M2JjN2M0YzAiOnsiY3JlYXRlIjo2MDAwMDAwMDAwMDAsImRlbGV0ZSI6MTIwMDAwMDAwMDAwMH0sInNjaGVtYV92ZXJzaW9uIjoiMSJ9",
          "dependencies": [
            "module.network.aws_vpc.vpc"
          ]
        }
      ]
    },
    {
      "module": "module.network",
      "mode": "managed",
      "type": "aws_subnet",
      "name": "public_subnet_b",
      "provider": "provider[\"registry.terraform.io/hashicorp/aws\"]",
      "instances": [
        {
          "schema_version": 1,
          "attributes": {
            "arn": "arn:aws:ec2:us-west-1:367816904393:subnet/subnet-0262fc486de6ceef0",
            "assign_ipv6_address_on_creation": false,
            "availability_zone": "us-west-1b",
            "availability_zone_id": "usw1-az1",
            "cidr_block": "10.0.2.0/24",
            "customer_owned_ipv4_pool": "",
            "enable_dns64": false,
            "enable_lni_at_device_index": 0,
            "enable_resource_name_dns_a_record_on_launch": false,
            "enable_resource_name_dns_aaaa_record_on_launch": false,
            "id": "subnet-0262fc486de6ceef0",
            "ipv6_cidr_block": "",
            "ipv6_cidr_block_association_id": "",
            "ipv6_native": false,
            "map_customer_owned_ip_on_launch": false,
            "map_public_ip_on_launch": false,
            "outpost_arn": "",
            "owner_id": "367816904393",
            "private_dns_hostname_type_on_launch": "ip-name",
            "tags": {
              "Name": "public-subnet-b-fercanap",
              "Owner": "fercanap",
              "Project": "aws-final-lab"
            },
            "tags_all": {
              "Name": "public-subnet-b-fercanap",
              "Owner": "fercanap",
              "Project": "aws-final-lab"
            },
            "timeouts": null,
            "vpc_id": "vpc-086e06be627cd1949"
          },
          "sensitive_attributes": [],
          "identity_schema_version": 0,
          "private": "eyJlMmJmYjczMC1lY2FhLTExZTYtOGY4OC0zNDM2M2JjN2M0YzAiOnsiY3JlYXRlIjo2MDAwMDAwMDAwMDAsImRlbGV0ZSI6MTIwMDAwMDAwMDAwMH0sInNjaGVtYV92ZXJzaW9uIjoiMSJ9",
          "dependencies": [
            "module.network.aws_vpc.vpc"
          ]
        }
      ]
    },
    {
      "module": "module.network",
      "mode": "managed",
      "type": "aws_vpc",
      "name": "vpc",
      "provider": "provider[\"registry.terraform.io/hashicorp/aws\"]",
      "instances": [
        {
          "schema_version": 1,
          "attributes": {
            "arn": "arn:aws:ec2:us-west-1:367816904393:vpc/vpc-086e06be627cd1949",
            "assign_generated_ipv6_cidr_block": false,
            "cidr_block": "10.0.0.0/16",
            "default_network_acl_id": "acl-071cfed24bc97678a",
            "default_route_table_id": "rtb-00c9bcb5aa8290b83",
            "default_security_group_id": "sg-08efd0051aeed70df",
            "dhcp_options_id": "dopt-039abb22ec8aabf8b",
            "enable_dns_hostnames": false,
            "enable_dns_support": true,
            "enable_network_address_usage_metrics": false,
            "id": "vpc-086e06be627cd1949",
            "instance_tenancy": "default",
            "ipv4_ipam_pool_id": null,
            "ipv4_netmask_length": null,
            "ipv6_association_id": "",
            "ipv6_cidr_block": "",
            "ipv6_cidr_block_network_border_group": "",
            "ipv6_ipam_pool_id": "",
            "ipv6_netmask_length": 0,
            "main_route_table_id": "rtb-00c9bcb5aa8290b83",
            "owner_id": "367816904393",
            "tags": {
              "Name": "vpc-fercanap",
              "Owner": "fercanap",
              "Project": "aws-final-lab"
            },
            "tags_all": {
              "Name": "vpc-fercanap",
              "Owner": "fercanap",
              "Project": "aws-final-lab"
            }
          },
          "sensitive_attributes": [],
          "identity_schema_version": 0,
          "private": "eyJzY2hlbWFfdmVyc2lvbiI6IjEifQ==",
          "create_before_destroy": true
        }
      ]
    },
    {
      "module": "module.securityGroups",
      "mode": "managed",
      "type": "aws_security_group",
      "name": "bastion",
      "provider": "provider[\"registry.terraform.io/hashicorp/aws\"]",
      "instances": [
        {
          "schema_version": 1,
          "attributes": {
            "arn": "arn:aws:ec2:us-west-1:367816904393:security-group/sg-0e7a40c316e03f99c",
            "description": "Allow SSH from anywhere",
            "egress": [
              {
                "cidr_blocks": [
                  "0.0.0.0/0"
                ],
                "description": "",
                "from_port": 0,
                "ipv6_cidr_blocks": [],
                "prefix_list_ids": [],
                "protocol": "-1",
                "security_groups": [],
                "self": false,
                "to_port": 0
              }
            ],
            "id": "sg-0e7a40c316e03f99c",
            "ingress": [
              {
                "cidr_blocks": [
                  "0.0.0.0/0"
                ],
                "description": "",
                "from_port": 22,
                "ipv6_cidr_blocks": [],
                "prefix_list_ids": [],
                "protocol": "tcp",
                "security_groups": [],
                "self": false,
                "to_port": 22
              }
            ],
            "name": "bastion-sg",
            "name_prefix": "",
            "owner_id": "367816904393",
            "revoke_rules_on_delete": false,
            "tags": {
              "Name": "bastion-sg",
              "Owner": "fercanap",
              "Project": "aws-final-lab"
            },
            "tags_all": {
              "Name": "bastion-sg",
              "Owner": "fercanap",
              "Project": "aws-final-lab"
            },
            "timeouts": null,
            "vpc_id": "vpc-086e06be627cd1949"
          },
          "sensitive_attributes": [],
          "identity_schema_version": 0,
          "private": "eyJlMmJmYjczMC1lY2FhLTExZTYtOGY4OC0zNDM2M2JjN2M0YzAiOnsiY3JlYXRlIjo2MDAwMDAwMDAwMDAsImRlbGV0ZSI6OTAwMDAwMDAwMDAwfSwic2NoZW1hX3ZlcnNpb24iOiIxIn0=",
          "dependencies": [
            "module.network.aws_vpc.vpc"
          ],
          "create_before_destroy": true
        }
      ]
    },
    {
      "module": "module.securityGroups",
      "mode": "managed",
      "type": "aws_security_group",
      "name": "private",
      "provider": "provider[\"registry.terraform.io/hashicorp/aws\"]",
      "instances": [
        {
          "schema_version": 1,
          "attributes": {
            "arn": "arn:aws:ec2:us-west-1:367816904393:security-group/sg-0f728c85aa0b9b11a",
            "description": "Allow HTTP/HTTPS from public SG and SSH from bastion",
            "egress": [
              {
                "cidr_blocks": [
                  "0.0.0.0/0"
                ],
                "description": "",
                "from_port": 0,
                "ipv6_cidr_blocks": [],
                "prefix_list_ids": [],
                "protocol": "-1",
                "security_groups": [],
                "self": false,
                "to_port": 0
              }
            ],
            "id": "sg-0f728c85aa0b9b11a",
            "ingress": [
              {
                "cidr_blocks": [],
                "description": "",
                "from_port": 22,
                "ipv6_cidr_blocks": [],
                "prefix_list_ids": [],
                "protocol": "tcp",
                "security_groups": [
                  "sg-0e7a40c316e03f99c"
                ],
                "self": false,
                "to_port": 22
              },
              {
                "cidr_blocks": [],
                "description": "",
                "from_port": 443,
                "ipv6_cidr_blocks": [],
                "prefix_list_ids": [],
                "protocol": "tcp",
                "security_groups": [
                  "sg-0f418ba0387ed51c6"
                ],
                "self": false,
                "to_port": 443
              },
              {
                "cidr_blocks": [],
                "description": "",
                "from_port": 80,
                "ipv6_cidr_blocks": [],
                "prefix_list_ids": [],
                "protocol": "tcp",
                "security_groups": [
                  "sg-0f418ba0387ed51c6"
                ],
                "self": false,
                "to_port": 80
              }
            ],
            "name": "private-sg",
            "name_prefix": "",
            "owner_id": "367816904393",
            "revoke_rules_on_delete": false,
            "tags": {
              "Name": "private-sg",
              "Owner": "fercanap",
              "Project": "aws-final-lab"
            },
            "tags_all": {
              "Name": "private-sg",
              "Owner": "fercanap",
              "Project": "aws-final-lab"
            },
            "timeouts": null,
            "vpc_id": "vpc-086e06be627cd1949"
          },
          "sensitive_attributes": [],
          "identity_schema_version": 0,
          "private": "eyJlMmJmYjczMC1lY2FhLTExZTYtOGY4OC0zNDM2M2JjN2M0YzAiOnsiY3JlYXRlIjo2MDAwMDAwMDAwMDAsImRlbGV0ZSI6OTAwMDAwMDAwMDAwfSwic2NoZW1hX3ZlcnNpb24iOiIxIn0=",
          "dependencies": [
            "module.network.aws_vpc.vpc",
            "module.securityGroups.aws_security_group.bastion",
            "module.securityGroups.aws_security_group.public"
          ],
          "create_before_destroy": true
        }
      ]
    },
    {
      "module": "module.securityGroups",
      "mode": "managed",
      "type": "aws_security_group",
      "name": "public",
      "provider": "provider[\"registry.terraform.io/hashicorp/aws\"]",
      "instances": [
        {
          "schema_version": 1,
          "attributes": {
            "arn": "arn:aws:ec2:us-west-1:367816904393:security-group/sg-0f418ba0387ed51c6",
            "description": "Allow HTTP and HTTPS",
            "egress": [
              {
                "cidr_blocks": [
                  "0.0.0.0/0"
                ],
                "description": "",
                "from_port": 0,
                "ipv6_cidr_blocks": [],
                "prefix_list_ids": [],
                "protocol": "-1",
                "security_groups": [],
                "self": false,
                "to_port": 0
              }
            ],
            "id": "sg-0f418ba0387ed51c6",
            "ingress": [
              {
                "cidr_blocks": [
                  "0.0.0.0/0"
                ],
                "description": "",
                "from_port": 443,
                "ipv6_cidr_blocks": [],
                "prefix_list_ids": [],
                "protocol": "tcp",
                "security_groups": [],
                "self": false,
                "to_port": 443
              },
              {
                "cidr_blocks": [
                  "0.0.0.0/0"
                ],
                "description": "",
                "from_port": 80,
                "ipv6_cidr_blocks": [],
                "prefix_list_ids": [],
                "protocol": "tcp",
                "security_groups": [],
                "self": false,
                "to_port": 80
              }
            ],
            "name": "public-sg",
            "name_prefix": "",
            "owner_id": "367816904393",
            "revoke_rules_on_delete": false,
            "tags": {
              "Name": "public-sg",
              "Owner": "fercanap",
              "Project": "aws-final-lab"
            },
            "tags_all": {
              "Name": "public-sg",
              "Owner": "fercanap",
              "Project": "aws-final-lab"
            },
            "timeouts": null,
            "vpc_id": "vpc-086e06be627cd1949"
          },
          "sensitive_attributes": [],
          "identity_schema_version": 0,
          "private": "eyJlMmJmYjczMC1lY2FhLTExZTYtOGY4OC0zNDM2M2JjN2M0YzAiOnsiY3JlYXRlIjo2MDAwMDAwMDAwMDAsImRlbGV0ZSI6OTAwMDAwMDAwMDAwfSwic2NoZW1hX3ZlcnNpb24iOiIxIn0=",
          "dependencies": [
            "module.network.aws_vpc.vpc"
          ],
          "create_before_destroy": true
        }
      ]
    }
  ],
  "check_results": [
    {
      "object_kind": "var",
      "config_addr": "var.lab_name",
      "status": "pass",
      "objects": [
        {
          "object_addr": "var.lab_name",
          "status": "pass"
        }
      ]
    }
  ]
}
