{
  "version": 4,
  "terraform_version": "1.12.0",
  "serial": 13,
  "lineage": "2224f1b8-7009-f6dd-16fd-c729fb0d114b",
  "outputs": {},
  "resources": [
    {
      "mode": "managed",
      "type": "aws_s3_bucket",
      "name": "remote_state",
      "provider": "provider[\"registry.terraform.io/hashicorp/aws\"]",
      "instances": [
        {
          "schema_version": 0,
          "attributes": {
            "acceleration_status": "",
            "acl": null,
            "arn": "arn:aws:s3:::terralabs-remote-state-fca01",
            "bucket": "terralabs-remote-state-fca01",
            "bucket_domain_name": "terralabs-remote-state-fca01.s3.amazonaws.com",
            "bucket_prefix": "",
            "bucket_regional_domain_name": "terralabs-remote-state-fca01.s3.us-east-2.amazonaws.com",
            "cors_rule": [],
            "force_destroy": false,
            "grant": [
              {
                "id": "e70203e1a6c7c4f3daba018f5737d557c6a1a337e53e427aed76129194f93d72",
                "permissions": [
                  "FULL_CONTROL"
                ],
                "type": "CanonicalUser",
                "uri": ""
              }
            ],
            "hosted_zone_id": "Z2O1EMRO9K5GLX",
            "id": "terralabs-remote-state-fca01",
            "lifecycle_rule": [],
            "logging": [],
            "object_lock_configuration": [],
            "object_lock_enabled": false,
            "policy": "",
            "region": "us-east-2",
            "replication_configuration": [],
            "request_payer": "BucketOwner",
            "server_side_encryption_configuration": [
              {
                "rule": [
                  {
                    "apply_server_side_encryption_by_default": [
                      {
                        "kms_master_key_id": "",
                        "sse_algorithm": "AES256"
                      }
                    ],
                    "bucket_key_enabled": false
                  }
                ]
              }
            ],
            "tags": {
              "Environment": "dev"
            },
            "tags_all": {
              "Environment": "dev"
            },
            "timeouts": null,
            "versioning": [
              {
                "enabled": false,
                "mfa_delete": false
              }
            ],
            "website": [],
            "website_domain": null,
            "website_endpoint": null
          },
          "sensitive_attributes": [],
          "identity_schema_version": 0,
          "private": "eyJlMmJmYjczMC1lY2FhLTExZTYtOGY4OC0zNDM2M2JjN2M0YzAiOnsiY3JlYXRlIjoxMjAwMDAwMDAwMDAwLCJkZWxldGUiOjM2MDAwMDAwMDAwMDAsInJlYWQiOjEyMDAwMDAwMDAwMDAsInVwZGF0ZSI6MTIwMDAwMDAwMDAwMH19"
        }
      ]
    },
    {
      "mode": "managed",
      "type": "aws_s3_bucket_acl",
      "name": "remote_state",
      "provider": "provider[\"registry.terraform.io/hashicorp/aws\"]",
      "instances": [
        {
          "schema_version": 0,
          "attributes": {
            "access_control_policy": [
              {
                "grant": [
                  {
                    "grantee": [
                      {
                        "display_name": "",
                        "email_address": "",
                        "id": "e70203e1a6c7c4f3daba018f5737d557c6a1a337e53e427aed76129194f93d72",
                        "type": "CanonicalUser",
                        "uri": ""
                      }
                    ],
                    "permission": "FULL_CONTROL"
                  }
                ],
                "owner": [
                  {
                    "display_name": "",
                    "id": "e70203e1a6c7c4f3daba018f5737d557c6a1a337e53e427aed76129194f93d72"
                  }
                ]
              }
            ],
            "acl": "private",
            "bucket": "terralabs-remote-state-fca01",
            "expected_bucket_owner": "",
            "id": "terralabs-remote-state-fca01,private"
          },
          "sensitive_attributes": [],
          "identity_schema_version": 0,
          "private": "bnVsbA==",
          "dependencies": [
            "aws_s3_bucket.remote_state",
            "aws_s3_bucket_ownership_controls.owner",
            "aws_s3_bucket_public_access_block.access"
          ]
        }
      ]
    },
    {
      "mode": "managed",
      "type": "aws_s3_bucket_ownership_controls",
      "name": "owner",
      "provider": "provider[\"registry.terraform.io/hashicorp/aws\"]",
      "instances": [
        {
          "schema_version": 0,
          "attributes": {
            "bucket": "terralabs-remote-state-fca01",
            "id": "terralabs-remote-state-fca01",
            "rule": [
              {
                "object_ownership": "BucketOwnerPreferred"
              }
            ]
          },
          "sensitive_attributes": [],
          "identity_schema_version": 0,
          "private": "bnVsbA==",
          "dependencies": [
            "aws_s3_bucket.remote_state"
          ]
        }
      ]
    },
    {
      "mode": "managed",
      "type": "aws_s3_bucket_public_access_block",
      "name": "access",
      "provider": "provider[\"registry.terraform.io/hashicorp/aws\"]",
      "instances": [
        {
          "schema_version": 0,
          "attributes": {
            "block_public_acls": false,
            "block_public_policy": false,
            "bucket": "terralabs-remote-state-fca01",
            "id": "terralabs-remote-state-fca01",
            "ignore_public_acls": false,
            "restrict_public_buckets": false
          },
          "sensitive_attributes": [],
          "identity_schema_version": 0,
          "private": "bnVsbA==",
          "dependencies": [
            "aws_s3_bucket.remote_state"
          ]
        }
      ]
    },
    {
      "mode": "managed",
      "type": "local_file",
      "name": "state_demo",
      "provider": "provider[\"registry.terraform.io/hashicorp/local\"]",
      "instances": [
        {
          "schema_version": 0,
          "attributes": {
            "content": "Archivo de estado: local",
            "content_base64": null,
            "content_base64sha256": "leKUN1NaqlStEzeNa+bzfdAMbp+97ap5zSIZ2eGkgbA=",
            "content_base64sha512": "GHh8t/7ouPhHUJwP6BBqXLJ6uFVXDY5Skv9atdiwnY16Z0rc9y/PlVnLKI41LgA5LK+rIeDgqX6lcKZQmuC0Tw==",
            "content_md5": "17e1333804e22f4d5ba3e89b0f4eab82",
            "content_sha1": "5bc3029e804c00adcbe580857c51e6d0630f8c31",
            "content_sha256": "95e29437535aaa54ad13378d6be6f37dd00c6e9fbdedaa79cd2219d9e1a481b0",
            "content_sha512": "18787cb7fee8b8f847509c0fe8106a5cb27ab855570d8e5292ff5ab5d8b09d8d7a674adcf72fcf9559cb288e352e00392cafab21e0e0a97ea570a6509ae0b44f",
            "directory_permission": "0777",
            "file_permission": "0777",
            "filename": "local",
            "id": "5bc3029e804c00adcbe580857c51e6d0630f8c31",
            "sensitive_content": null,
            "source": null
          },
          "sensitive_attributes": [
            [
              {
                "type": "get_attr",
                "value": "sensitive_content"
              }
            ]
          ],
          "identity_schema_version": 0
        }
      ]
    }
  ],
  "check_results": null
}
